
Microsoft Visual Studio Solution File, Format Version 12.00
# Visual Studio 2013
VisualStudioVersion = 12.0.30723.0
MinimumVisualStudioVersion = 10.0.40219.1
Project("{FAE04EC0-301F-11D3-BF4B-00C04F79EFBC}") = "MobileApp", "MobileApp\MobileApp\MobileApp.csproj", "{5883D6EF-69A7-483C-B9D1-E486EE252EA6}"
EndProject
Project("{FAE04EC0-301F-11D3-BF4B-00C04F79EFBC}") = "MobileApp.iOS", "MobileApp\MobileApp.iOS\MobileApp.iOS.csproj", "{6A706AE8-8F7D-40BC-AEBD-89D7E278DDDB}"
EndProject
Project("{FAE04EC0-301F-11D3-BF4B-00C04F79EFBC}") = "MobileApp.Android", "MobileApp\MobileApp.Android\MobileApp.Android.csproj", "{6F6B981E-1167-4A2B-AF57-E76713E58AB2}"
EndProject
Project("{FAE04EC0-301F-11D3-BF4B-00C04F79EFBC}") = "MobileApp.WinPhone", "MobileApp\MobileApp.WinPhone\MobileApp.WinPhone.csproj", "{37150F16-23C0-42A4-8E77-CF90388E727F}"
EndProject
Project("{2150E333-8FDC-42A3-9474-1A3956D46DE8}") = "SharedFramework", "SharedFramework", "{5766817D-BB20-499D-80BC-8632F84AAEE1}"
EndProject
Project("{FAE04EC0-301F-11D3-BF4B-00C04F79EFBC}") = "MobileFramework.Shared", "MobileFramework.Shared\MobileFramework.Shared.csproj", "{A6B25617-0E66-4149-846E-FD713F3CABAD}"
EndProject
Project("{FAE04EC0-301F-11D3-BF4B-00C04F79EFBC}") = "MiniCore", "MiniCore\MiniCore.csproj", "{86F09A88-9B57-4882-8C73-E7EC3BFD0FCB}"
EndProject
Project("{2150E333-8FDC-42A3-9474-1A3956D46DE8}") = "MiniCore", "MiniCore", "{B62D4CAC-4BF2-40A9-9217-69941B815302}"
EndProject
Project("{2150E333-8FDC-42A3-9474-1A3956D46DE8}") = "MiniModel", "MiniModel", "{77419468-168B-4D75-8115-DD43EB019E8C}"
EndProject
Project("{FAE04EC0-301F-11D3-BF4B-00C04F79EFBC}") = "MiniModel.Contract", "MiniModel.Contract\MiniModel.Contract.csproj", "{374365A3-C17E-4E3B-ACE1-3C8C2D665EB8}"
EndProject
Project("{FAE04EC0-301F-11D3-BF4B-00C04F79EFBC}") = "MiniModel.Entity", "MiniModel.Entity\MiniModel.Entity.csproj", "{F301B35C-2124-4C9D-9EAE-E06ADD3E1C77}"
EndProject
Project("{FAE04EC0-301F-11D3-BF4B-00C04F79EFBC}") = "MiniModel.Service", "MiniModel.Service\MiniModel.Service.csproj", "{AC09502B-FBEC-48AF-9BC0-62D6192208A8}"
EndProject
Project("{FAE04EC0-301F-11D3-BF4B-00C04F79EFBC}") = "MiniModel.Repo", "MiniModel.Repo\MiniModel.Repo.csproj", "{3C9DF298-2D5D-4D61-B4BF-590A94270777}"
EndProject
Global
	GlobalSection(SolutionConfigurationPlatforms) = preSolution
		Ad-Hoc|Any CPU = Ad-Hoc|Any CPU
		Ad-Hoc|ARM = Ad-Hoc|ARM
		Ad-Hoc|iPhone = Ad-Hoc|iPhone
		Ad-Hoc|iPhoneSimulator = Ad-Hoc|iPhoneSimulator
		Ad-Hoc|Mixed Platforms = Ad-Hoc|Mixed Platforms
		Ad-Hoc|x86 = Ad-Hoc|x86
		AppStore|Any CPU = AppStore|Any CPU
		AppStore|ARM = AppStore|ARM
		AppStore|iPhone = AppStore|iPhone
		AppStore|iPhoneSimulator = AppStore|iPhoneSimulator
		AppStore|Mixed Platforms = AppStore|Mixed Platforms
		AppStore|x86 = AppStore|x86
		Debug|Any CPU = Debug|Any CPU
		Debug|ARM = Debug|ARM
		Debug|iPhone = Debug|iPhone
		Debug|iPhoneSimulator = Debug|iPhoneSimulator
		Debug|Mixed Platforms = Debug|Mixed Platforms
		Debug|x86 = Debug|x86
		Release|Any CPU = Release|Any CPU
		Release|ARM = Release|ARM
		Release|iPhone = Release|iPhone
		Release|iPhoneSimulator = Release|iPhoneSimulator
		Release|Mixed Platforms = Release|Mixed Platforms
		Release|x86 = Release|x86
	EndGlobalSection
	GlobalSection(ProjectConfigurationPlatforms) = postSolution
		{5883D6EF-69A7-483C-B9D1-E486EE252EA6}.Ad-Hoc|Any CPU.ActiveCfg = Release|Any CPU
		{5883D6EF-69A7-483C-B9D1-E486EE252EA6}.Ad-Hoc|Any CPU.Build.0 = Release|Any CPU
		{5883D6EF-69A7-483C-B9D1-E486EE252EA6}.Ad-Hoc|ARM.ActiveCfg = Release|Any CPU
		{5883D6EF-69A7-483C-B9D1-E486EE252EA6}.Ad-Hoc|iPhone.ActiveCfg = Release|Any CPU
		{5883D6EF-69A7-483C-B9D1-E486EE252EA6}.Ad-Hoc|iPhoneSimulator.ActiveCfg = Release|Any CPU
		{5883D6EF-69A7-483C-B9D1-E486EE252EA6}.Ad-Hoc|Mixed Platforms.ActiveCfg = Release|Any CPU
		{5883D6EF-69A7-483C-B9D1-E486EE252EA6}.Ad-Hoc|Mixed Platforms.Build.0 = Release|Any CPU
		{5883D6EF-69A7-483C-B9D1-E486EE252EA6}.Ad-Hoc|x86.ActiveCfg = Release|Any CPU
		{5883D6EF-69A7-483C-B9D1-E486EE252EA6}.AppStore|Any CPU.ActiveCfg = Release|Any CPU
		{5883D6EF-69A7-483C-B9D1-E486EE252EA6}.AppStore|Any CPU.Build.0 = Release|Any CPU
		{5883D6EF-69A7-483C-B9D1-E486EE252EA6}.AppStore|ARM.ActiveCfg = Release|Any CPU
		{5883D6EF-69A7-483C-B9D1-E486EE252EA6}.AppStore|iPhone.ActiveCfg = Release|Any CPU
		{5883D6EF-69A7-483C-B9D1-E486EE252EA6}.AppStore|iPhoneSimulator.ActiveCfg = Release|Any CPU
		{5883D6EF-69A7-483C-B9D1-E486EE252EA6}.AppStore|Mixed Platforms.ActiveCfg = Release|Any CPU
		{5883D6EF-69A7-483C-B9D1-E486EE252EA6}.AppStore|Mixed Platforms.Build.0 = Release|Any CPU
		{5883D6EF-69A7-483C-B9D1-E486EE252EA6}.AppStore|x86.ActiveCfg = Release|Any CPU
		{5883D6EF-69A7-483C-B9D1-E486EE252EA6}.Debug|Any CPU.ActiveCfg = Debug|Any CPU
		{5883D6EF-69A7-483C-B9D1-E486EE252EA6}.Debug|Any CPU.Build.0 = Debug|Any CPU
		{5883D6EF-69A7-483C-B9D1-E486EE252EA6}.Debug|ARM.ActiveCfg = Debug|Any CPU
		{5883D6EF-69A7-483C-B9D1-E486EE252EA6}.Debug|iPhone.ActiveCfg = Debug|Any CPU
		{5883D6EF-69A7-483C-B9D1-E486EE252EA6}.Debug|iPhoneSimulator.ActiveCfg = Debug|Any CPU
		{5883D6EF-69A7-483C-B9D1-E486EE252EA6}.Debug|iPhoneSimulator.Build.0 = Debug|Any CPU
		{5883D6EF-69A7-483C-B9D1-E486EE252EA6}.Debug|Mixed Platforms.ActiveCfg = Debug|Any CPU
		{5883D6EF-69A7-483C-B9D1-E486EE252EA6}.Debug|Mixed Platforms.Build.0 = Debug|Any CPU
		{5883D6EF-69A7-483C-B9D1-E486EE252EA6}.Debug|x86.ActiveCfg = Debug|Any CPU
		{5883D6EF-69A7-483C-B9D1-E486EE252EA6}.Release|Any CPU.ActiveCfg = Release|Any CPU
		{5883D6EF-69A7-483C-B9D1-E486EE252EA6}.Release|Any CPU.Build.0 = Release|Any CPU
		{5883D6EF-69A7-483C-B9D1-E486EE252EA6}.Release|ARM.ActiveCfg = Release|Any CPU
		{5883D6EF-69A7-483C-B9D1-E486EE252EA6}.Release|iPhone.ActiveCfg = Release|Any CPU
		{5883D6EF-69A7-483C-B9D1-E486EE252EA6}.Release|iPhoneSimulator.ActiveCfg = Release|Any CPU
		{5883D6EF-69A7-483C-B9D1-E486EE252EA6}.Release|Mixed Platforms.ActiveCfg = Release|Any CPU
		{5883D6EF-69A7-483C-B9D1-E486EE252EA6}.Release|Mixed Platforms.Build.0 = Release|Any CPU
		{5883D6EF-69A7-483C-B9D1-E486EE252EA6}.Release|x86.ActiveCfg = Release|Any CPU
		{6A706AE8-8F7D-40BC-AEBD-89D7E278DDDB}.Ad-Hoc|Any CPU.ActiveCfg = Ad-Hoc|iPhone
		{6A706AE8-8F7D-40BC-AEBD-89D7E278DDDB}.Ad-Hoc|ARM.ActiveCfg = Ad-Hoc|iPhone
		{6A706AE8-8F7D-40BC-AEBD-89D7E278DDDB}.Ad-Hoc|iPhone.ActiveCfg = Ad-Hoc|iPhone
		{6A706AE8-8F7D-40BC-AEBD-89D7E278DDDB}.Ad-Hoc|iPhone.Build.0 = Ad-Hoc|iPhone
		{6A706AE8-8F7D-40BC-AEBD-89D7E278DDDB}.Ad-Hoc|iPhoneSimulator.ActiveCfg = Ad-Hoc|iPhoneSimulator
		{6A706AE8-8F7D-40BC-AEBD-89D7E278DDDB}.Ad-Hoc|iPhoneSimulator.Build.0 = Ad-Hoc|iPhoneSimulator
		{6A706AE8-8F7D-40BC-AEBD-89D7E278DDDB}.Ad-Hoc|Mixed Platforms.ActiveCfg = Ad-Hoc|iPhone
		{6A706AE8-8F7D-40BC-AEBD-89D7E278DDDB}.Ad-Hoc|Mixed Platforms.Build.0 = Ad-Hoc|iPhone
		{6A706AE8-8F7D-40BC-AEBD-89D7E278DDDB}.Ad-Hoc|x86.ActiveCfg = Ad-Hoc|iPhone
		{6A706AE8-8F7D-40BC-AEBD-89D7E278DDDB}.AppStore|Any CPU.ActiveCfg = AppStore|iPhone
		{6A706AE8-8F7D-40BC-AEBD-89D7E278DDDB}.AppStore|ARM.ActiveCfg = AppStore|iPhone
		{6A706AE8-8F7D-40BC-AEBD-89D7E278DDDB}.AppStore|iPhone.ActiveCfg = AppStore|iPhone
		{6A706AE8-8F7D-40BC-AEBD-89D7E278DDDB}.AppStore|iPhone.Build.0 = AppStore|iPhone
		{6A706AE8-8F7D-40BC-AEBD-89D7E278DDDB}.AppStore|iPhoneSimulator.ActiveCfg = AppStore|iPhoneSimulator
		{6A706AE8-8F7D-40BC-AEBD-89D7E278DDDB}.AppStore|iPhoneSimulator.Build.0 = AppStore|iPhoneSimulator
		{6A706AE8-8F7D-40BC-AEBD-89D7E278DDDB}.AppStore|Mixed Platforms.ActiveCfg = AppStore|iPhone
		{6A706AE8-8F7D-40BC-AEBD-89D7E278DDDB}.AppStore|Mixed Platforms.Build.0 = AppStore|iPhone
		{6A706AE8-8F7D-40BC-AEBD-89D7E278DDDB}.AppStore|x86.ActiveCfg = AppStore|iPhone
		{6A706AE8-8F7D-40BC-AEBD-89D7E278DDDB}.Debug|Any CPU.ActiveCfg = Debug|iPhone
		{6A706AE8-8F7D-40BC-AEBD-89D7E278DDDB}.Debug|ARM.ActiveCfg = Debug|iPhone
		{6A706AE8-8F7D-40BC-AEBD-89D7E278DDDB}.Debug|iPhone.ActiveCfg = Debug|iPhone
		{6A706AE8-8F7D-40BC-AEBD-89D7E278DDDB}.Debug|iPhone.Build.0 = Debug|iPhone
		{6A706AE8-8F7D-40BC-AEBD-89D7E278DDDB}.Debug|iPhoneSimulator.ActiveCfg = Debug|iPhoneSimulator
		{6A706AE8-8F7D-40BC-AEBD-89D7E278DDDB}.Debug|iPhoneSimulator.Build.0 = Debug|iPhoneSimulator
		{6A706AE8-8F7D-40BC-AEBD-89D7E278DDDB}.Debug|Mixed Platforms.ActiveCfg = Debug|iPhone
		{6A706AE8-8F7D-40BC-AEBD-89D7E278DDDB}.Debug|Mixed Platforms.Build.0 = Debug|iPhone
		{6A706AE8-8F7D-40BC-AEBD-89D7E278DDDB}.Debug|x86.ActiveCfg = Debug|iPhone
		{6A706AE8-8F7D-40BC-AEBD-89D7E278DDDB}.Release|Any CPU.ActiveCfg = Release|iPhone
		{6A706AE8-8F7D-40BC-AEBD-89D7E278DDDB}.Release|ARM.ActiveCfg = Release|iPhone
		{6A706AE8-8F7D-40BC-AEBD-89D7E278DDDB}.Release|iPhone.ActiveCfg = Release|iPhone
		{6A706AE8-8F7D-40BC-AEBD-89D7E278DDDB}.Release|iPhone.Build.0 = Release|iPhone
		{6A706AE8-8F7D-40BC-AEBD-89D7E278DDDB}.Release|iPhoneSimulator.ActiveCfg = Release|iPhoneSimulator
		{6A706AE8-8F7D-40BC-AEBD-89D7E278DDDB}.Release|iPhoneSimulator.Build.0 = Release|iPhoneSimulator
		{6A706AE8-8F7D-40BC-AEBD-89D7E278DDDB}.Release|Mixed Platforms.ActiveCfg = Release|iPhone
		{6A706AE8-8F7D-40BC-AEBD-89D7E278DDDB}.Release|Mixed Platforms.Build.0 = Release|iPhone
		{6A706AE8-8F7D-40BC-AEBD-89D7E278DDDB}.Release|x86.ActiveCfg = Release|iPhone
		{6F6B981E-1167-4A2B-AF57-E76713E58AB2}.Ad-Hoc|Any CPU.ActiveCfg = Release|Any CPU
		{6F6B981E-1167-4A2B-AF57-E76713E58AB2}.Ad-Hoc|Any CPU.Build.0 = Release|Any CPU
		{6F6B981E-1167-4A2B-AF57-E76713E58AB2}.Ad-Hoc|Any CPU.Deploy.0 = Release|Any CPU
		{6F6B981E-1167-4A2B-AF57-E76713E58AB2}.Ad-Hoc|ARM.ActiveCfg = Release|Any CPU
		{6F6B981E-1167-4A2B-AF57-E76713E58AB2}.Ad-Hoc|iPhone.ActiveCfg = Release|Any CPU
		{6F6B981E-1167-4A2B-AF57-E76713E58AB2}.Ad-Hoc|iPhoneSimulator.ActiveCfg = Release|Any CPU
		{6F6B981E-1167-4A2B-AF57-E76713E58AB2}.Ad-Hoc|Mixed Platforms.ActiveCfg = Release|Any CPU
		{6F6B981E-1167-4A2B-AF57-E76713E58AB2}.Ad-Hoc|Mixed Platforms.Build.0 = Release|Any CPU
		{6F6B981E-1167-4A2B-AF57-E76713E58AB2}.Ad-Hoc|Mixed Platforms.Deploy.0 = Release|Any CPU
		{6F6B981E-1167-4A2B-AF57-E76713E58AB2}.Ad-Hoc|x86.ActiveCfg = Release|Any CPU
		{6F6B981E-1167-4A2B-AF57-E76713E58AB2}.AppStore|Any CPU.ActiveCfg = Release|Any CPU
		{6F6B981E-1167-4A2B-AF57-E76713E58AB2}.AppStore|Any CPU.Build.0 = Release|Any CPU
		{6F6B981E-1167-4A2B-AF57-E76713E58AB2}.AppStore|Any CPU.Deploy.0 = Release|Any CPU
		{6F6B981E-1167-4A2B-AF57-E76713E58AB2}.AppStore|ARM.ActiveCfg = Release|Any CPU
		{6F6B981E-1167-4A2B-AF57-E76713E58AB2}.AppStore|iPhone.ActiveCfg = Release|Any CPU
		{6F6B981E-1167-4A2B-AF57-E76713E58AB2}.AppStore|iPhoneSimulator.ActiveCfg = Release|Any CPU
		{6F6B981E-1167-4A2B-AF57-E76713E58AB2}.AppStore|Mixed Platforms.ActiveCfg = Release|Any CPU
		{6F6B981E-1167-4A2B-AF57-E76713E58AB2}.AppStore|Mixed Platforms.Build.0 = Release|Any CPU
		{6F6B981E-1167-4A2B-AF57-E76713E58AB2}.AppStore|Mixed Platforms.Deploy.0 = Release|Any CPU
		{6F6B981E-1167-4A2B-AF57-E76713E58AB2}.AppStore|x86.ActiveCfg = Release|Any CPU
		{6F6B981E-1167-4A2B-AF57-E76713E58AB2}.Debug|Any CPU.ActiveCfg = Debug|Any CPU
		{6F6B981E-1167-4A2B-AF57-E76713E58AB2}.Debug|Any CPU.Build.0 = Debug|Any CPU
		{6F6B981E-1167-4A2B-AF57-E76713E58AB2}.Debug|Any CPU.Deploy.0 = Debug|Any CPU
		{6F6B981E-1167-4A2B-AF57-E76713E58AB2}.Debug|ARM.ActiveCfg = Debug|Any CPU
		{6F6B981E-1167-4A2B-AF57-E76713E58AB2}.Debug|iPhone.ActiveCfg = Debug|Any CPU
		{6F6B981E-1167-4A2B-AF57-E76713E58AB2}.Debug|iPhoneSimulator.ActiveCfg = Debug|Any CPU
		{6F6B981E-1167-4A2B-AF57-E76713E58AB2}.Debug|Mixed Platforms.ActiveCfg = Debug|Any CPU
		{6F6B981E-1167-4A2B-AF57-E76713E58AB2}.Debug|Mixed Platforms.Build.0 = Debug|Any CPU
		{6F6B981E-1167-4A2B-AF57-E76713E58AB2}.Debug|Mixed Platforms.Deploy.0 = Debug|Any CPU
		{6F6B981E-1167-4A2B-AF57-E76713E58AB2}.Debug|x86.ActiveCfg = Debug|Any CPU
		{6F6B981E-1167-4A2B-AF57-E76713E58AB2}.Release|Any CPU.ActiveCfg = Release|Any CPU
		{6F6B981E-1167-4A2B-AF57-E76713E58AB2}.Release|Any CPU.Build.0 = Release|Any CPU
		{6F6B981E-1167-4A2B-AF57-E76713E58AB2}.Release|Any CPU.Deploy.0 = Release|Any CPU
		{6F6B981E-1167-4A2B-AF57-E76713E58AB2}.Release|ARM.ActiveCfg = Release|Any CPU
		{6F6B981E-1167-4A2B-AF57-E76713E58AB2}.Release|iPhone.ActiveCfg = Release|Any CPU
		{6F6B981E-1167-4A2B-AF57-E76713E58AB2}.Release|iPhoneSimulator.ActiveCfg = Release|Any CPU
		{6F6B981E-1167-4A2B-AF57-E76713E58AB2}.Release|Mixed Platforms.ActiveCfg = Release|Any CPU
		{6F6B981E-1167-4A2B-AF57-E76713E58AB2}.Release|Mixed Platforms.Build.0 = Release|Any CPU
		{6F6B981E-1167-4A2B-AF57-E76713E58AB2}.Release|Mixed Platforms.Deploy.0 = Release|Any CPU
		{6F6B981E-1167-4A2B-AF57-E76713E58AB2}.Release|x86.ActiveCfg = Release|Any CPU
		{37150F16-23C0-42A4-8E77-CF90388E727F}.Ad-Hoc|Any CPU.ActiveCfg = Release|Any CPU
		{37150F16-23C0-42A4-8E77-CF90388E727F}.Ad-Hoc|Any CPU.Build.0 = Release|Any CPU
		{37150F16-23C0-42A4-8E77-CF90388E727F}.Ad-Hoc|Any CPU.Deploy.0 = Release|Any CPU
		{37150F16-23C0-42A4-8E77-CF90388E727F}.Ad-Hoc|ARM.ActiveCfg = Release|ARM
		{37150F16-23C0-42A4-8E77-CF90388E727F}.Ad-Hoc|ARM.Build.0 = Release|ARM
		{37150F16-23C0-42A4-8E77-CF90388E727F}.Ad-Hoc|ARM.Deploy.0 = Release|ARM
		{37150F16-23C0-42A4-8E77-CF90388E727F}.Ad-Hoc|iPhone.ActiveCfg = Release|Any CPU
		{37150F16-23C0-42A4-8E77-CF90388E727F}.Ad-Hoc|iPhoneSimulator.ActiveCfg = Release|Any CPU
		{37150F16-23C0-42A4-8E77-CF90388E727F}.Ad-Hoc|Mixed Platforms.ActiveCfg = Release|x86
		{37150F16-23C0-42A4-8E77-CF90388E727F}.Ad-Hoc|Mixed Platforms.Build.0 = Release|x86
		{37150F16-23C0-42A4-8E77-CF90388E727F}.Ad-Hoc|Mixed Platforms.Deploy.0 = Release|x86
		{37150F16-23C0-42A4-8E77-CF90388E727F}.Ad-Hoc|x86.ActiveCfg = Release|x86
		{37150F16-23C0-42A4-8E77-CF90388E727F}.Ad-Hoc|x86.Build.0 = Release|x86
		{37150F16-23C0-42A4-8E77-CF90388E727F}.Ad-Hoc|x86.Deploy.0 = Release|x86
		{37150F16-23C0-42A4-8E77-CF90388E727F}.AppStore|Any CPU.ActiveCfg = Release|Any CPU
		{37150F16-23C0-42A4-8E77-CF90388E727F}.AppStore|Any CPU.Build.0 = Release|Any CPU
		{37150F16-23C0-42A4-8E77-CF90388E727F}.AppStore|Any CPU.Deploy.0 = Release|Any CPU
		{37150F16-23C0-42A4-8E77-CF90388E727F}.AppStore|ARM.ActiveCfg = Release|ARM
		{37150F16-23C0-42A4-8E77-CF90388E727F}.AppStore|ARM.Build.0 = Release|ARM
		{37150F16-23C0-42A4-8E77-CF90388E727F}.AppStore|ARM.Deploy.0 = Release|ARM
		{37150F16-23C0-42A4-8E77-CF90388E727F}.AppStore|iPhone.ActiveCfg = Release|Any CPU
		{37150F16-23C0-42A4-8E77-CF90388E727F}.AppStore|iPhoneSimulator.ActiveCfg = Release|Any CPU
		{37150F16-23C0-42A4-8E77-CF90388E727F}.AppStore|Mixed Platforms.ActiveCfg = Release|x86
		{37150F16-23C0-42A4-8E77-CF90388E727F}.AppStore|Mixed Platforms.Build.0 = Release|x86
		{37150F16-23C0-42A4-8E77-CF90388E727F}.AppStore|Mixed Platforms.Deploy.0 = Release|x86
		{37150F16-23C0-42A4-8E77-CF90388E727F}.AppStore|x86.ActiveCfg = Release|x86
		{37150F16-23C0-42A4-8E77-CF90388E727F}.AppStore|x86.Build.0 = Release|x86
		{37150F16-23C0-42A4-8E77-CF90388E727F}.AppStore|x86.Deploy.0 = Release|x86
		{37150F16-23C0-42A4-8E77-CF90388E727F}.Debug|Any CPU.ActiveCfg = Debug|Any CPU
		{37150F16-23C0-42A4-8E77-CF90388E727F}.Debug|Any CPU.Build.0 = Debug|Any CPU
		{37150F16-23C0-42A4-8E77-CF90388E727F}.Debug|Any CPU.Deploy.0 = Debug|Any CPU
		{37150F16-23C0-42A4-8E77-CF90388E727F}.Debug|ARM.ActiveCfg = Debug|ARM
		{37150F16-23C0-42A4-8E77-CF90388E727F}.Debug|ARM.Build.0 = Debug|ARM
		{37150F16-23C0-42A4-8E77-CF90388E727F}.Debug|ARM.Deploy.0 = Debug|ARM
		{37150F16-23C0-42A4-8E77-CF90388E727F}.Debug|iPhone.ActiveCfg = Debug|Any CPU
		{37150F16-23C0-42A4-8E77-CF90388E727F}.Debug|iPhoneSimulator.ActiveCfg = Debug|Any CPU
		{37150F16-23C0-42A4-8E77-CF90388E727F}.Debug|Mixed Platforms.ActiveCfg = Debug|x86
		{37150F16-23C0-42A4-8E77-CF90388E727F}.Debug|Mixed Platforms.Build.0 = Debug|x86
		{37150F16-23C0-42A4-8E77-CF90388E727F}.Debug|Mixed Platforms.Deploy.0 = Debug|x86
		{37150F16-23C0-42A4-8E77-CF90388E727F}.Debug|x86.ActiveCfg = Debug|x86
		{37150F16-23C0-42A4-8E77-CF90388E727F}.Debug|x86.Build.0 = Debug|x86
		{37150F16-23C0-42A4-8E77-CF90388E727F}.Debug|x86.Deploy.0 = Debug|x86
		{37150F16-23C0-42A4-8E77-CF90388E727F}.Release|Any CPU.ActiveCfg = Release|Any CPU
		{37150F16-23C0-42A4-8E77-CF90388E727F}.Release|Any CPU.Build.0 = Release|Any CPU
		{37150F16-23C0-42A4-8E77-CF90388E727F}.Release|Any CPU.Deploy.0 = Release|Any CPU
		{37150F16-23C0-42A4-8E77-CF90388E727F}.Release|ARM.ActiveCfg = Release|ARM
		{37150F16-23C0-42A4-8E77-CF90388E727F}.Release|ARM.Build.0 = Release|ARM
		{37150F16-23C0-42A4-8E77-CF90388E727F}.Release|ARM.Deploy.0 = Release|ARM
		{37150F16-23C0-42A4-8E77-CF90388E727F}.Release|iPhone.ActiveCfg = Release|Any CPU
		{37150F16-23C0-42A4-8E77-CF90388E727F}.Release|iPhoneSimulator.ActiveCfg = Release|Any CPU
		{37150F16-23C0-42A4-8E77-CF90388E727F}.Release|Mixed Platforms.ActiveCfg = Release|x86
		{37150F16-23C0-42A4-8E77-CF90388E727F}.Release|Mixed Platforms.Build.0 = Release|x86
		{37150F16-23C0-42A4-8E77-CF90388E727F}.Release|Mixed Platforms.Deploy.0 = Release|x86
		{37150F16-23C0-42A4-8E77-CF90388E727F}.Release|x86.ActiveCfg = Release|x86
		{37150F16-23C0-42A4-8E77-CF90388E727F}.Release|x86.Build.0 = Release|x86
		{37150F16-23C0-42A4-8E77-CF90388E727F}.Release|x86.Deploy.0 = Release|x86
		{A6B25617-0E66-4149-846E-FD713F3CABAD}.Ad-Hoc|Any CPU.ActiveCfg = Release|Any CPU
		{A6B25617-0E66-4149-846E-FD713F3CABAD}.Ad-Hoc|Any CPU.Build.0 = Release|Any CPU
		{A6B25617-0E66-4149-846E-FD713F3CABAD}.Ad-Hoc|ARM.ActiveCfg = Release|Any CPU
		{A6B25617-0E66-4149-846E-FD713F3CABAD}.Ad-Hoc|iPhone.ActiveCfg = Release|Any CPU
		{A6B25617-0E66-4149-846E-FD713F3CABAD}.Ad-Hoc|iPhoneSimulator.ActiveCfg = Release|Any CPU
		{A6B25617-0E66-4149-846E-FD713F3CABAD}.Ad-Hoc|Mixed Platforms.ActiveCfg = Release|Any CPU
		{A6B25617-0E66-4149-846E-FD713F3CABAD}.Ad-Hoc|Mixed Platforms.Build.0 = Release|Any CPU
		{A6B25617-0E66-4149-846E-FD713F3CABAD}.Ad-Hoc|x86.ActiveCfg = Release|Any CPU
		{A6B25617-0E66-4149-846E-FD713F3CABAD}.AppStore|Any CPU.ActiveCfg = Release|Any CPU
		{A6B25617-0E66-4149-846E-FD713F3CABAD}.AppStore|Any CPU.Build.0 = Release|Any CPU
		{A6B25617-0E66-4149-846E-FD713F3CABAD}.AppStore|ARM.ActiveCfg = Release|Any CPU
		{A6B25617-0E66-4149-846E-FD713F3CABAD}.AppStore|iPhone.ActiveCfg = Release|Any CPU
		{A6B25617-0E66-4149-846E-FD713F3CABAD}.AppStore|iPhoneSimulator.ActiveCfg = Release|Any CPU
		{A6B25617-0E66-4149-846E-FD713F3CABAD}.AppStore|Mixed Platforms.ActiveCfg = Release|Any CPU
		{A6B25617-0E66-4149-846E-FD713F3CABAD}.AppStore|Mixed Platforms.Build.0 = Release|Any CPU
		{A6B25617-0E66-4149-846E-FD713F3CABAD}.AppStore|x86.ActiveCfg = Release|Any CPU
		{A6B25617-0E66-4149-846E-FD713F3CABAD}.Debug|Any CPU.ActiveCfg = Debug|Any CPU
		{A6B25617-0E66-4149-846E-FD713F3CABAD}.Debug|Any CPU.Build.0 = Debug|Any CPU
		{A6B25617-0E66-4149-846E-FD713F3CABAD}.Debug|ARM.ActiveCfg = Debug|Any CPU
		{A6B25617-0E66-4149-846E-FD713F3CABAD}.Debug|iPhone.ActiveCfg = Debug|Any CPU
		{A6B25617-0E66-4149-846E-FD713F3CABAD}.Debug|iPhoneSimulator.ActiveCfg = Debug|Any CPU
		{A6B25617-0E66-4149-846E-FD713F3CABAD}.Debug|iPhoneSimulator.Build.0 = Debug|Any CPU
		{A6B25617-0E66-4149-846E-FD713F3CABAD}.Debug|Mixed Platforms.ActiveCfg = Debug|Any CPU
		{A6B25617-0E66-4149-846E-FD713F3CABAD}.Debug|Mixed Platforms.Build.0 = Debug|Any CPU
		{A6B25617-0E66-4149-846E-FD713F3CABAD}.Debug|x86.ActiveCfg = Debug|Any CPU
		{A6B25617-0E66-4149-846E-FD713F3CABAD}.Release|Any CPU.ActiveCfg = Release|Any CPU
		{A6B25617-0E66-4149-846E-FD713F3CABAD}.Release|Any CPU.Build.0 = Release|Any CPU
		{A6B25617-0E66-4149-846E-FD713F3CABAD}.Release|ARM.ActiveCfg = Release|Any CPU
		{A6B25617-0E66-4149-846E-FD713F3CABAD}.Release|iPhone.ActiveCfg = Release|Any CPU
		{A6B25617-0E66-4149-846E-FD713F3CABAD}.Release|iPhoneSimulator.ActiveCfg = Release|Any CPU
		{A6B25617-0E66-4149-846E-FD713F3CABAD}.Release|Mixed Platforms.ActiveCfg = Release|Any CPU
		{A6B25617-0E66-4149-846E-FD713F3CABAD}.Release|Mixed Platforms.Build.0 = Release|Any CPU
		{A6B25617-0E66-4149-846E-FD713F3CABAD}.Release|x86.ActiveCfg = Release|Any CPU
		{86F09A88-9B57-4882-8C73-E7EC3BFD0FCB}.Ad-Hoc|Any CPU.ActiveCfg = Release|Any CPU
		{86F09A88-9B57-4882-8C73-E7EC3BFD0FCB}.Ad-Hoc|Any CPU.Build.0 = Release|Any CPU
		{86F09A88-9B57-4882-8C73-E7EC3BFD0FCB}.Ad-Hoc|ARM.ActiveCfg = Release|Any CPU
		{86F09A88-9B57-4882-8C73-E7EC3BFD0FCB}.Ad-Hoc|iPhone.ActiveCfg = Release|Any CPU
		{86F09A88-9B57-4882-8C73-E7EC3BFD0FCB}.Ad-Hoc|iPhoneSimulator.ActiveCfg = Release|Any CPU
		{86F09A88-9B57-4882-8C73-E7EC3BFD0FCB}.Ad-Hoc|Mixed Platforms.ActiveCfg = Release|Any CPU
		{86F09A88-9B57-4882-8C73-E7EC3BFD0FCB}.Ad-Hoc|Mixed Platforms.Build.0 = Release|Any CPU
		{86F09A88-9B57-4882-8C73-E7EC3BFD0FCB}.Ad-Hoc|x86.ActiveCfg = Release|Any CPU
		{86F09A88-9B57-4882-8C73-E7EC3BFD0FCB}.AppStore|Any CPU.ActiveCfg = Release|Any CPU
		{86F09A88-9B57-4882-8C73-E7EC3BFD0FCB}.AppStore|Any CPU.Build.0 = Release|Any CPU
		{86F09A88-9B57-4882-8C73-E7EC3BFD0FCB}.AppStore|ARM.ActiveCfg = Release|Any CPU
		{86F09A88-9B57-4882-8C73-E7EC3BFD0FCB}.AppStore|iPhone.ActiveCfg = Release|Any CPU
		{86F09A88-9B57-4882-8C73-E7EC3BFD0FCB}.AppStore|iPhoneSimulator.ActiveCfg = Release|Any CPU
		{86F09A88-9B57-4882-8C73-E7EC3BFD0FCB}.AppStore|Mixed Platforms.ActiveCfg = Release|Any CPU
		{86F09A88-9B57-4882-8C73-E7EC3BFD0FCB}.AppStore|Mixed Platforms.Build.0 = Release|Any CPU
		{86F09A88-9B57-4882-8C73-E7EC3BFD0FCB}.AppStore|x86.ActiveCfg = Release|Any CPU
		{86F09A88-9B57-4882-8C73-E7EC3BFD0FCB}.Debug|Any CPU.ActiveCfg = Debug|Any CPU
		{86F09A88-9B57-4882-8C73-E7EC3BFD0FCB}.Debug|Any CPU.Build.0 = Debug|Any CPU
		{86F09A88-9B57-4882-8C73-E7EC3BFD0FCB}.Debug|ARM.ActiveCfg = Debug|Any CPU
		{86F09A88-9B57-4882-8C73-E7EC3BFD0FCB}.Debug|iPhone.ActiveCfg = Debug|Any CPU
		{86F09A88-9B57-4882-8C73-E7EC3BFD0FCB}.Debug|iPhoneSimulator.ActiveCfg = Debug|Any CPU
		{86F09A88-9B57-4882-8C73-E7EC3BFD0FCB}.Debug|iPhoneSimulator.Build.0 = Debug|Any CPU
		{86F09A88-9B57-4882-8C73-E7EC3BFD0FCB}.Debug|Mixed Platforms.ActiveCfg = Debug|Any CPU
		{86F09A88-9B57-4882-8C73-E7EC3BFD0FCB}.Debug|Mixed Platforms.Build.0 = Debug|Any CPU
		{86F09A88-9B57-4882-8C73-E7EC3BFD0FCB}.Debug|x86.ActiveCfg = Debug|Any CPU
		{86F09A88-9B57-4882-8C73-E7EC3BFD0FCB}.Release|Any CPU.ActiveCfg = Release|Any CPU
		{86F09A88-9B57-4882-8C73-E7EC3BFD0FCB}.Release|Any CPU.Build.0 = Release|Any CPU
		{86F09A88-9B57-4882-8C73-E7EC3BFD0FCB}.Release|ARM.ActiveCfg = Release|Any CPU
		{86F09A88-9B57-4882-8C73-E7EC3BFD0FCB}.Release|iPhone.ActiveCfg = Release|Any CPU
		{86F09A88-9B57-4882-8C73-E7EC3BFD0FCB}.Release|iPhoneSimulator.ActiveCfg = Release|Any CPU
		{86F09A88-9B57-4882-8C73-E7EC3BFD0FCB}.Release|Mixed Platforms.ActiveCfg = Release|Any CPU
		{86F09A88-9B57-4882-8C73-E7EC3BFD0FCB}.Release|Mixed Platforms.Build.0 = Release|Any CPU
		{86F09A88-9B57-4882-8C73-E7EC3BFD0FCB}.Release|x86.ActiveCfg = Release|Any CPU
		{374365A3-C17E-4E3B-ACE1-3C8C2D665EB8}.Ad-Hoc|Any CPU.ActiveCfg = Release|Any CPU
		{374365A3-C17E-4E3B-ACE1-3C8C2D665EB8}.Ad-Hoc|Any CPU.Build.0 = Release|Any CPU
		{374365A3-C17E-4E3B-ACE1-3C8C2D665EB8}.Ad-Hoc|ARM.ActiveCfg = Release|Any CPU
		{374365A3-C17E-4E3B-ACE1-3C8C2D665EB8}.Ad-Hoc|iPhone.ActiveCfg = Release|Any CPU
		{374365A3-C17E-4E3B-ACE1-3C8C2D665EB8}.Ad-Hoc|iPhoneSimulator.ActiveCfg = Release|Any CPU
		{374365A3-C17E-4E3B-ACE1-3C8C2D665EB8}.Ad-Hoc|Mixed Platforms.ActiveCfg = Release|Any CPU
		{374365A3-C17E-4E3B-ACE1-3C8C2D665EB8}.Ad-Hoc|Mixed Platforms.Build.0 = Release|Any CPU
		{374365A3-C17E-4E3B-ACE1-3C8C2D665EB8}.Ad-Hoc|x86.ActiveCfg = Release|Any CPU
		{374365A3-C17E-4E3B-ACE1-3C8C2D665EB8}.AppStore|Any CPU.ActiveCfg = Release|Any CPU
		{374365A3-C17E-4E3B-ACE1-3C8C2D665EB8}.AppStore|Any CPU.Build.0 = Release|Any CPU
		{374365A3-C17E-4E3B-ACE1-3C8C2D665EB8}.AppStore|ARM.ActiveCfg = Release|Any CPU
		{374365A3-C17E-4E3B-ACE1-3C8C2D665EB8}.AppStore|iPhone.ActiveCfg = Release|Any CPU
		{374365A3-C17E-4E3B-ACE1-3C8C2D665EB8}.AppStore|iPhoneSimulator.ActiveCfg = Release|Any CPU
		{374365A3-C17E-4E3B-ACE1-3C8C2D665EB8}.AppStore|Mixed Platforms.ActiveCfg = Release|Any CPU
		{374365A3-C17E-4E3B-ACE1-3C8C2D665EB8}.AppStore|Mixed Platforms.Build.0 = Release|Any CPU
		{374365A3-C17E-4E3B-ACE1-3C8C2D665EB8}.AppStore|x86.ActiveCfg = Release|Any CPU
		{374365A3-C17E-4E3B-ACE1-3C8C2D665EB8}.Debug|Any CPU.ActiveCfg = Debug|Any CPU
		{374365A3-C17E-4E3B-ACE1-3C8C2D665EB8}.Debug|Any CPU.Build.0 = Debug|Any CPU
		{374365A3-C17E-4E3B-ACE1-3C8C2D665EB8}.Debug|ARM.ActiveCfg = Debug|Any CPU
		{374365A3-C17E-4E3B-ACE1-3C8C2D665EB8}.Debug|iPhone.ActiveCfg = Debug|Any CPU
		{374365A3-C17E-4E3B-ACE1-3C8C2D665EB8}.Debug|iPhoneSimulator.ActiveCfg = Debug|Any CPU
		{374365A3-C17E-4E3B-ACE1-3C8C2D665EB8}.Debug|iPhoneSimulator.Build.0 = Debug|Any CPU
		{374365A3-C17E-4E3B-ACE1-3C8C2D665EB8}.Debug|Mixed Platforms.ActiveCfg = Debug|Any CPU
		{374365A3-C17E-4E3B-ACE1-3C8C2D665EB8}.Debug|Mixed Platforms.Build.0 = Debug|Any CPU
		{374365A3-C17E-4E3B-ACE1-3C8C2D665EB8}.Debug|x86.ActiveCfg = Debug|Any CPU
		{374365A3-C17E-4E3B-ACE1-3C8C2D665EB8}.Release|Any CPU.ActiveCfg = Release|Any CPU
		{374365A3-C17E-4E3B-ACE1-3C8C2D665EB8}.Release|Any CPU.Build.0 = Release|Any CPU
		{374365A3-C17E-4E3B-ACE1-3C8C2D665EB8}.Release|ARM.ActiveCfg = Release|Any CPU
		{374365A3-C17E-4E3B-ACE1-3C8C2D665EB8}.Release|iPhone.ActiveCfg = Release|Any CPU
		{374365A3-C17E-4E3B-ACE1-3C8C2D665EB8}.Release|iPhoneSimulator.ActiveCfg = Release|Any CPU
		{374365A3-C17E-4E3B-ACE1-3C8C2D665EB8}.Release|Mixed Platforms.ActiveCfg = Release|Any CPU
		{374365A3-C17E-4E3B-ACE1-3C8C2D665EB8}.Release|Mixed Platforms.Build.0 = Release|Any CPU
		{374365A3-C17E-4E3B-ACE1-3C8C2D665EB8}.Release|x86.ActiveCfg = Release|Any CPU
		{F301B35C-2124-4C9D-9EAE-E06ADD3E1C77}.Ad-Hoc|Any CPU.ActiveCfg = Release|Any CPU
		{F301B35C-2124-4C9D-9EAE-E06ADD3E1C77}.Ad-Hoc|Any CPU.Build.0 = Release|Any CPU
		{F301B35C-2124-4C9D-9EAE-E06ADD3E1C77}.Ad-Hoc|ARM.ActiveCfg = Release|Any CPU
		{F301B35C-2124-4C9D-9EAE-E06ADD3E1C77}.Ad-Hoc|iPhone.ActiveCfg = Release|Any CPU
		{F301B35C-2124-4C9D-9EAE-E06ADD3E1C77}.Ad-Hoc|iPhoneSimulator.ActiveCfg = Release|Any CPU
		{F301B35C-2124-4C9D-9EAE-E06ADD3E1C77}.Ad-Hoc|Mixed Platforms.ActiveCfg = Release|Any CPU
		{F301B35C-2124-4C9D-9EAE-E06ADD3E1C77}.Ad-Hoc|Mixed Platforms.Build.0 = Release|Any CPU
		{F301B35C-2124-4C9D-9EAE-E06ADD3E1C77}.Ad-Hoc|x86.ActiveCfg = Release|Any CPU
		{F301B35C-2124-4C9D-9EAE-E06ADD3E1C77}.AppStore|Any CPU.ActiveCfg = Release|Any CPU
		{F301B35C-2124-4C9D-9EAE-E06ADD3E1C77}.AppStore|Any CPU.Build.0 = Release|Any CPU
		{F301B35C-2124-4C9D-9EAE-E06ADD3E1C77}.AppStore|ARM.ActiveCfg = Release|Any CPU
		{F301B35C-2124-4C9D-9EAE-E06ADD3E1C77}.AppStore|iPhone.ActiveCfg = Release|Any CPU
		{F301B35C-2124-4C9D-9EAE-E06ADD3E1C77}.AppStore|iPhoneSimulator.ActiveCfg = Release|Any CPU
		{F301B35C-2124-4C9D-9EAE-E06ADD3E1C77}.AppStore|Mixed Platforms.ActiveCfg = Release|Any CPU
		{F301B35C-2124-4C9D-9EAE-E06ADD3E1C77}.AppStore|Mixed Platforms.Build.0 = Release|Any CPU
		{F301B35C-2124-4C9D-9EAE-E06ADD3E1C77}.AppStore|x86.ActiveCfg = Release|Any CPU
		{F301B35C-2124-4C9D-9EAE-E06ADD3E1C77}.Debug|Any CPU.ActiveCfg = Debug|Any CPU
		{F301B35C-2124-4C9D-9EAE-E06ADD3E1C77}.Debug|Any CPU.Build.0 = Debug|Any CPU
		{F301B35C-2124-4C9D-9EAE-E06ADD3E1C77}.Debug|ARM.ActiveCfg = Debug|Any CPU
		{F301B35C-2124-4C9D-9EAE-E06ADD3E1C77}.Debug|iPhone.ActiveCfg = Debug|Any CPU
		{F301B35C-2124-4C9D-9EAE-E06ADD3E1C77}.Debug|iPhoneSimulator.ActiveCfg = Debug|Any CPU
		{F301B35C-2124-4C9D-9EAE-E06ADD3E1C77}.Debug|iPhoneSimulator.Build.0 = Debug|Any CPU
		{F301B35C-2124-4C9D-9EAE-E06ADD3E1C77}.Debug|Mixed Platforms.ActiveCfg = Debug|Any CPU
		{F301B35C-2124-4C9D-9EAE-E06ADD3E1C77}.Debug|Mixed Platforms.Build.0 = Debug|Any CPU
		{F301B35C-2124-4C9D-9EAE-E06ADD3E1C77}.Debug|x86.ActiveCfg = Debug|Any CPU
		{F301B35C-2124-4C9D-9EAE-E06ADD3E1C77}.Release|Any CPU.ActiveCfg = Release|Any CPU
		{F301B35C-2124-4C9D-9EAE-E06ADD3E1C77}.Release|Any CPU.Build.0 = Release|Any CPU
		{F301B35C-2124-4C9D-9EAE-E06ADD3E1C77}.Release|ARM.ActiveCfg = Release|Any CPU
		{F301B35C-2124-4C9D-9EAE-E06ADD3E1C77}.Release|iPhone.ActiveCfg = Release|Any CPU
		{F301B35C-2124-4C9D-9EAE-E06ADD3E1C77}.Release|iPhoneSimulator.ActiveCfg = Release|Any CPU
		{F301B35C-2124-4C9D-9EAE-E06ADD3E1C77}.Release|Mixed Platforms.ActiveCfg = Release|Any CPU
		{F301B35C-2124-4C9D-9EAE-E06ADD3E1C77}.Release|Mixed Platforms.Build.0 = Release|Any CPU
		{F301B35C-2124-4C9D-9EAE-E06ADD3E1C77}.Release|x86.ActiveCfg = Release|Any CPU
		{AC09502B-FBEC-48AF-9BC0-62D6192208A8}.Ad-Hoc|Any CPU.ActiveCfg = Release|Any CPU
		{AC09502B-FBEC-48AF-9BC0-62D6192208A8}.Ad-Hoc|Any CPU.Build.0 = Release|Any CPU
		{AC09502B-FBEC-48AF-9BC0-62D6192208A8}.Ad-Hoc|ARM.ActiveCfg = Release|Any CPU
		{AC09502B-FBEC-48AF-9BC0-62D6192208A8}.Ad-Hoc|iPhone.ActiveCfg = Release|Any CPU
		{AC09502B-FBEC-48AF-9BC0-62D6192208A8}.Ad-Hoc|iPhoneSimulator.ActiveCfg = Release|Any CPU
		{AC09502B-FBEC-48AF-9BC0-62D6192208A8}.Ad-Hoc|Mixed Platforms.ActiveCfg = Release|Any CPU
		{AC09502B-FBEC-48AF-9BC0-62D6192208A8}.Ad-Hoc|Mixed Platforms.Build.0 = Release|Any CPU
		{AC09502B-FBEC-48AF-9BC0-62D6192208A8}.Ad-Hoc|x86.ActiveCfg = Release|Any CPU
		{AC09502B-FBEC-48AF-9BC0-62D6192208A8}.AppStore|Any CPU.ActiveCfg = Release|Any CPU
		{AC09502B-FBEC-48AF-9BC0-62D6192208A8}.AppStore|Any CPU.Build.0 = Release|Any CPU
		{AC09502B-FBEC-48AF-9BC0-62D6192208A8}.AppStore|ARM.ActiveCfg = Release|Any CPU
		{AC09502B-FBEC-48AF-9BC0-62D6192208A8}.AppStore|iPhone.ActiveCfg = Release|Any CPU
		{AC09502B-FBEC-48AF-9BC0-62D6192208A8}.AppStore|iPhoneSimulator.ActiveCfg = Release|Any CPU
		{AC09502B-FBEC-48AF-9BC0-62D6192208A8}.AppStore|Mixed Platforms.ActiveCfg = Release|Any CPU
		{AC09502B-FBEC-48AF-9BC0-62D6192208A8}.AppStore|Mixed Platforms.Build.0 = Release|Any CPU
		{AC09502B-FBEC-48AF-9BC0-62D6192208A8}.AppStore|x86.ActiveCfg = Release|Any CPU
		{AC09502B-FBEC-48AF-9BC0-62D6192208A8}.Debug|Any CPU.ActiveCfg = Debug|Any CPU
		{AC09502B-FBEC-48AF-9BC0-62D6192208A8}.Debug|Any CPU.Build.0 = Debug|Any CPU
		{AC09502B-FBEC-48AF-9BC0-62D6192208A8}.Debug|ARM.ActiveCfg = Debug|Any CPU
		{AC09502B-FBEC-48AF-9BC0-62D6192208A8}.Debug|iPhone.ActiveCfg = Debug|Any CPU
		{AC09502B-FBEC-48AF-9BC0-62D6192208A8}.Debug|iPhoneSimulator.ActiveCfg = Debug|Any CPU
		{AC09502B-FBEC-48AF-9BC0-62D6192208A8}.Debug|iPhoneSimulator.Build.0 = Debug|Any CPU
		{AC09502B-FBEC-48AF-9BC0-62D6192208A8}.Debug|Mixed Platforms.ActiveCfg = Debug|Any CPU
		{AC09502B-FBEC-48AF-9BC0-62D6192208A8}.Debug|Mixed Platforms.Build.0 = Debug|Any CPU
		{AC09502B-FBEC-48AF-9BC0-62D6192208A8}.Debug|x86.ActiveCfg = Debug|Any CPU
		{AC09502B-FBEC-48AF-9BC0-62D6192208A8}.Release|Any CPU.ActiveCfg = Release|Any CPU
		{AC09502B-FBEC-48AF-9BC0-62D6192208A8}.Release|Any CPU.Build.0 = Release|Any CPU
		{AC09502B-FBEC-48AF-9BC0-62D6192208A8}.Release|ARM.ActiveCfg = Release|Any CPU
		{AC09502B-FBEC-48AF-9BC0-62D6192208A8}.Release|iPhone.ActiveCfg = Release|Any CPU
		{AC09502B-FBEC-48AF-9BC0-62D6192208A8}.Release|iPhoneSimulator.ActiveCfg = Release|Any CPU
		{AC09502B-FBEC-48AF-9BC0-62D6192208A8}.Release|Mixed Platforms.ActiveCfg = Release|Any CPU
		{AC09502B-FBEC-48AF-9BC0-62D6192208A8}.Release|Mixed Platforms.Build.0 = Release|Any CPU
		{AC09502B-FBEC-48AF-9BC0-62D6192208A8}.Release|x86.ActiveCfg = Release|Any CPU
		{3C9DF298-2D5D-4D61-B4BF-590A94270777}.Ad-Hoc|Any CPU.ActiveCfg = Release|Any CPU
		{3C9DF298-2D5D-4D61-B4BF-590A94270777}.Ad-Hoc|Any CPU.Build.0 = Release|Any CPU
		{3C9DF298-2D5D-4D61-B4BF-590A94270777}.Ad-Hoc|ARM.ActiveCfg = Release|Any CPU
		{3C9DF298-2D5D-4D61-B4BF-590A94270777}.Ad-Hoc|iPhone.ActiveCfg = Release|Any CPU
		{3C9DF298-2D5D-4D61-B4BF-590A94270777}.Ad-Hoc|iPhoneSimulator.ActiveCfg = Release|Any CPU
		{3C9DF298-2D5D-4D61-B4BF-590A94270777}.Ad-Hoc|Mixed Platforms.ActiveCfg = Release|Any CPU
		{3C9DF298-2D5D-4D61-B4BF-590A94270777}.Ad-Hoc|Mixed Platforms.Build.0 = Release|Any CPU
		{3C9DF298-2D5D-4D61-B4BF-590A94270777}.Ad-Hoc|x86.ActiveCfg = Release|Any CPU
		{3C9DF298-2D5D-4D61-B4BF-590A94270777}.AppStore|Any CPU.ActiveCfg = Release|Any CPU
		{3C9DF298-2D5D-4D61-B4BF-590A94270777}.AppStore|Any CPU.Build.0 = Release|Any CPU
		{3C9DF298-2D5D-4D61-B4BF-590A94270777}.AppStore|ARM.ActiveCfg = Release|Any CPU
		{3C9DF298-2D5D-4D61-B4BF-590A94270777}.AppStore|iPhone.ActiveCfg = Release|Any CPU
		{3C9DF298-2D5D-4D61-B4BF-590A94270777}.AppStore|iPhoneSimulator.ActiveCfg = Release|Any CPU
		{3C9DF298-2D5D-4D61-B4BF-590A94270777}.AppStore|Mixed Platforms.ActiveCfg = Release|Any CPU
		{3C9DF298-2D5D-4D61-B4BF-590A94270777}.AppStore|Mixed Platforms.Build.0 = Release|Any CPU
		{3C9DF298-2D5D-4D61-B4BF-590A94270777}.AppStore|x86.ActiveCfg = Release|Any CPU
		{3C9DF298-2D5D-4D61-B4BF-590A94270777}.Debug|Any CPU.ActiveCfg = Debug|Any CPU
		{3C9DF298-2D5D-4D61-B4BF-590A94270777}.Debug|Any CPU.Build.0 = Debug|Any CPU
		{3C9DF298-2D5D-4D61-B4BF-590A94270777}.Debug|ARM.ActiveCfg = Debug|Any CPU
		{3C9DF298-2D5D-4D61-B4BF-590A94270777}.Debug|iPhone.ActiveCfg = Debug|Any CPU
		{3C9DF298-2D5D-4D61-B4BF-590A94270777}.Debug|iPhoneSimulator.ActiveCfg = Debug|Any CPU
		{3C9DF298-2D5D-4D61-B4BF-590A94270777}.Debug|iPhoneSimulator.Build.0 = Debug|Any CPU
		{3C9DF298-2D5D-4D61-B4BF-590A94270777}.Debug|Mixed Platforms.ActiveCfg = Debug|Any CPU
		{3C9DF298-2D5D-4D61-B4BF-590A94270777}.Debug|Mixed Platforms.Build.0 = Debug|Any CPU
		{3C9DF298-2D5D-4D61-B4BF-590A94270777}.Debug|x86.ActiveCfg = Debug|Any CPU
		{3C9DF298-2D5D-4D61-B4BF-590A94270777}.Release|Any CPU.ActiveCfg = Release|Any CPU
		{3C9DF298-2D5D-4D61-B4BF-590A94270777}.Release|Any CPU.Build.0 = Release|Any CPU
		{3C9DF298-2D5D-4D61-B4BF-590A94270777}.Release|ARM.ActiveCfg = Release|Any CPU
		{3C9DF298-2D5D-4D61-B4BF-590A94270777}.Release|iPhone.ActiveCfg = Release|Any CPU
		{3C9DF298-2D5D-4D61-B4BF-590A94270777}.Release|iPhoneSimulator.ActiveCfg = Release|Any CPU
		{3C9DF298-2D5D-4D61-B4BF-590A94270777}.Release|Mixed Platforms.ActiveCfg = Release|Any CPU
		{3C9DF298-2D5D-4D61-B4BF-590A94270777}.Release|Mixed Platforms.Build.0 = Release|Any CPU
		{3C9DF298-2D5D-4D61-B4BF-590A94270777}.Release|x86.ActiveCfg = Release|Any CPU
	EndGlobalSection
	GlobalSection(SolutionProperties) = preSolution
		HideSolutionNode = FALSE
	EndGlobalSection
	GlobalSection(NestedProjects) = preSolution
		{A6B25617-0E66-4149-846E-FD713F3CABAD} = {5766817D-BB20-499D-80BC-8632F84AAEE1}
		{86F09A88-9B57-4882-8C73-E7EC3BFD0FCB} = {B62D4CAC-4BF2-40A9-9217-69941B815302}
		{374365A3-C17E-4E3B-ACE1-3C8C2D665EB8} = {77419468-168B-4D75-8115-DD43EB019E8C}
		{F301B35C-2124-4C9D-9EAE-E06ADD3E1C77} = {77419468-168B-4D75-8115-DD43EB019E8C}
		{AC09502B-FBEC-48AF-9BC0-62D6192208A8} = {77419468-168B-4D75-8115-DD43EB019E8C}
		{3C9DF298-2D5D-4D61-B4BF-590A94270777} = {77419468-168B-4D75-8115-DD43EB019E8C}
	EndGlobalSection
EndGlobal
