
Microsoft Visual Studio Solution File, Format Version 12.00
# Visual Studio 14
VisualStudioVersion = 14.0.25123.0
MinimumVisualStudioVersion = 10.0.40219.1
Project("{FAE04EC0-301F-11D3-BF4B-00C04F79EFBC}") = "TestUnitTests", "TestUnitTests\TestUnitTests.csproj", "{EB76F9C5-D951-4E45-B0C3-AA4410096D72}"
EndProject
Project("{FAE04EC0-301F-11D3-BF4B-00C04F79EFBC}") = "JWTNetTestBed", "JWTNetTestBed\JWTNetTestBed.csproj", "{0BA02837-FF87-4C09-9583-FD77DDB68942}"
EndProject
Global
	GlobalSection(SolutionConfigurationPlatforms) = preSolution
		Debug|Any CPU = Debug|Any CPU
		Debug|ARM = Debug|ARM
		Debug|x64 = Debug|x64
		Debug|x86 = Debug|x86
		Release|Any CPU = Release|Any CPU
		Release|ARM = Release|ARM
		Release|x64 = Release|x64
		Release|x86 = Release|x86
	EndGlobalSection
	GlobalSection(ProjectConfigurationPlatforms) = postSolution
		{EB76F9C5-D951-4E45-B0C3-AA4410096D72}.Debug|Any CPU.ActiveCfg = Debug|Any CPU
		{EB76F9C5-D951-4E45-B0C3-AA4410096D72}.Debug|Any CPU.Build.0 = Debug|Any CPU
		{EB76F9C5-D951-4E45-B0C3-AA4410096D72}.Debug|ARM.ActiveCfg = Debug|Any CPU
		{EB76F9C5-D951-4E45-B0C3-AA4410096D72}.Debug|ARM.Build.0 = Debug|Any CPU
		{EB76F9C5-D951-4E45-B0C3-AA4410096D72}.Debug|x64.ActiveCfg = Debug|Any CPU
		{EB76F9C5-D951-4E45-B0C3-AA4410096D72}.Debug|x64.Build.0 = Debug|Any CPU
		{EB76F9C5-D951-4E45-B0C3-AA4410096D72}.Debug|x86.ActiveCfg = Debug|Any CPU
		{EB76F9C5-D951-4E45-B0C3-AA4410096D72}.Debug|x86.Build.0 = Debug|Any CPU
		{EB76F9C5-D951-4E45-B0C3-AA4410096D72}.Release|Any CPU.ActiveCfg = Release|Any CPU
		{EB76F9C5-D951-4E45-B0C3-AA4410096D72}.Release|Any CPU.Build.0 = Release|Any CPU
		{EB76F9C5-D951-4E45-B0C3-AA4410096D72}.Release|ARM.ActiveCfg = Release|Any CPU
		{EB76F9C5-D951-4E45-B0C3-AA4410096D72}.Release|ARM.Build.0 = Release|Any CPU
		{EB76F9C5-D951-4E45-B0C3-AA4410096D72}.Release|x64.ActiveCfg = Release|Any CPU
		{EB76F9C5-D951-4E45-B0C3-AA4410096D72}.Release|x64.Build.0 = Release|Any CPU
		{EB76F9C5-D951-4E45-B0C3-AA4410096D72}.Release|x86.ActiveCfg = Release|Any CPU
		{EB76F9C5-D951-4E45-B0C3-AA4410096D72}.Release|x86.Build.0 = Release|Any CPU
		{0BA02837-FF87-4C09-9583-FD77DDB68942}.Debug|Any CPU.ActiveCfg = Debug|Any CPU
		{0BA02837-FF87-4C09-9583-FD77DDB68942}.Debug|Any CPU.Build.0 = Debug|Any CPU
		{0BA02837-FF87-4C09-9583-FD77DDB68942}.Debug|ARM.ActiveCfg = Debug|Any CPU
		{0BA02837-FF87-4C09-9583-FD77DDB68942}.Debug|ARM.Build.0 = Debug|Any CPU
		{0BA02837-FF87-4C09-9583-FD77DDB68942}.Debug|x64.ActiveCfg = Debug|Any CPU
		{0BA02837-FF87-4C09-9583-FD77DDB68942}.Debug|x64.Build.0 = Debug|Any CPU
		{0BA02837-FF87-4C09-9583-FD77DDB68942}.Debug|x86.ActiveCfg = Debug|Any CPU
		{0BA02837-FF87-4C09-9583-FD77DDB68942}.Debug|x86.Build.0 = Debug|Any CPU
		{0BA02837-FF87-4C09-9583-FD77DDB68942}.Release|Any CPU.ActiveCfg = Release|Any CPU
		{0BA02837-FF87-4C09-9583-FD77DDB68942}.Release|Any CPU.Build.0 = Release|Any CPU
		{0BA02837-FF87-4C09-9583-FD77DDB68942}.Release|ARM.ActiveCfg = Release|Any CPU
		{0BA02837-FF87-4C09-9583-FD77DDB68942}.Release|ARM.Build.0 = Release|Any CPU
		{0BA02837-FF87-4C09-9583-FD77DDB68942}.Release|x64.ActiveCfg = Release|Any CPU
		{0BA02837-FF87-4C09-9583-FD77DDB68942}.Release|x64.Build.0 = Release|Any CPU
		{0BA02837-FF87-4C09-9583-FD77DDB68942}.Release|x86.ActiveCfg = Release|Any CPU
		{0BA02837-FF87-4C09-9583-FD77DDB68942}.Release|x86.Build.0 = Release|Any CPU
	EndGlobalSection
	GlobalSection(SolutionProperties) = preSolution
		HideSolutionNode = FALSE
	EndGlobalSection
EndGlobal
