
Microsoft Visual Studio Solution File, Format Version 12.00
# Visual Studio 14
VisualStudioVersion = 14.0.22310.1
MinimumVisualStudioVersion = 10.0.40219.1
Project("{2150E333-8FDC-42A3-9474-1A3956D46DE8}") = "MiniModel", "MiniModel", "{77419468-168B-4D75-8115-DD43EB019E8C}"
EndProject
Project("{2150E333-8FDC-42A3-9474-1A3956D46DE8}") = "Platform", "Platform", "{45DD6057-F062-49E1-A3D1-0BE6B97B8090}"
EndProject
Project("{2150E333-8FDC-42A3-9474-1A3956D46DE8}") = "Shared", "Shared", "{BA744542-E186-4051-9433-29BBF3B3C527}"
EndProject
Project("{FAE04EC0-301F-11D3-BF4B-00C04F79EFBC}") = "MiniModel.Contract", "MiniModel.Contract\MiniModel.Contract.csproj", "{374365A3-C17E-4E3B-ACE1-3C8C2D665EB8}"
EndProject
Project("{FAE04EC0-301F-11D3-BF4B-00C04F79EFBC}") = "MiniModel.Entity", "MiniModel.Entity\MiniModel.Entity.csproj", "{F301B35C-2124-4C9D-9EAE-E06ADD3E1C77}"
EndProject
Project("{FAE04EC0-301F-11D3-BF4B-00C04F79EFBC}") = "MiniModel.Model", "MiniModel.Model\MiniModel.Model.csproj", "{B298A4EE-B2E1-4D78-AFEB-D728CF9F277B}"
EndProject
Project("{FAE04EC0-301F-11D3-BF4B-00C04F79EFBC}") = "MobileApp.iOS", "MobileApp\MobileApp.iOS\MobileApp.iOS.csproj", "{6A706AE8-8F7D-40BC-AEBD-89D7E278DDDB}"
EndProject
Project("{FAE04EC0-301F-11D3-BF4B-00C04F79EFBC}") = "MobileApp", "MobileApp\MobileApp\MobileApp.csproj", "{5883D6EF-69A7-483C-B9D1-E486EE252EA6}"
EndProject
Global
	GlobalSection(SolutionConfigurationPlatforms) = preSolution
		Ad-Hoc|Any CPU = Ad-Hoc|Any CPU
		Ad-Hoc|ARM = Ad-Hoc|ARM
		Ad-Hoc|iPhone = Ad-Hoc|iPhone
		Ad-Hoc|iPhoneSimulator = Ad-Hoc|iPhoneSimulator
		Ad-Hoc|Mixed Platforms = Ad-Hoc|Mixed Platforms
		Ad-Hoc|x86 = Ad-Hoc|x86
		AppStore|Any CPU = AppStore|Any CPU
		AppStore|ARM = AppStore|ARM
		AppStore|iPhone = AppStore|iPhone
		AppStore|iPhoneSimulator = AppStore|iPhoneSimulator
		AppStore|Mixed Platforms = AppStore|Mixed Platforms
		AppStore|x86 = AppStore|x86
		Debug|Any CPU = Debug|Any CPU
		Debug|ARM = Debug|ARM
		Debug|iPhone = Debug|iPhone
		Debug|iPhoneSimulator = Debug|iPhoneSimulator
		Debug|Mixed Platforms = Debug|Mixed Platforms
		Debug|x86 = Debug|x86
		Release|Any CPU = Release|Any CPU
		Release|ARM = Release|ARM
		Release|iPhone = Release|iPhone
		Release|iPhoneSimulator = Release|iPhoneSimulator
		Release|Mixed Platforms = Release|Mixed Platforms
		Release|x86 = Release|x86
	EndGlobalSection
	GlobalSection(ProjectConfigurationPlatforms) = postSolution
		{374365A3-C17E-4E3B-ACE1-3C8C2D665EB8}.Ad-Hoc|Any CPU.ActiveCfg = Release|Any CPU
		{374365A3-C17E-4E3B-ACE1-3C8C2D665EB8}.Ad-Hoc|Any CPU.Build.0 = Release|Any CPU
		{374365A3-C17E-4E3B-ACE1-3C8C2D665EB8}.Ad-Hoc|ARM.ActiveCfg = Release|Any CPU
		{374365A3-C17E-4E3B-ACE1-3C8C2D665EB8}.Ad-Hoc|ARM.Build.0 = Release|Any CPU
		{374365A3-C17E-4E3B-ACE1-3C8C2D665EB8}.Ad-Hoc|iPhone.ActiveCfg = Release|Any CPU
		{374365A3-C17E-4E3B-ACE1-3C8C2D665EB8}.Ad-Hoc|iPhone.Build.0 = Release|Any CPU
		{374365A3-C17E-4E3B-ACE1-3C8C2D665EB8}.Ad-Hoc|iPhoneSimulator.ActiveCfg = Release|Any CPU
		{374365A3-C17E-4E3B-ACE1-3C8C2D665EB8}.Ad-Hoc|iPhoneSimulator.Build.0 = Release|Any CPU
		{374365A3-C17E-4E3B-ACE1-3C8C2D665EB8}.Ad-Hoc|Mixed Platforms.ActiveCfg = Release|Any CPU
		{374365A3-C17E-4E3B-ACE1-3C8C2D665EB8}.Ad-Hoc|Mixed Platforms.Build.0 = Release|Any CPU
		{374365A3-C17E-4E3B-ACE1-3C8C2D665EB8}.Ad-Hoc|x86.ActiveCfg = Release|Any CPU
		{374365A3-C17E-4E3B-ACE1-3C8C2D665EB8}.Ad-Hoc|x86.Build.0 = Release|Any CPU
		{374365A3-C17E-4E3B-ACE1-3C8C2D665EB8}.AppStore|Any CPU.ActiveCfg = Release|Any CPU
		{374365A3-C17E-4E3B-ACE1-3C8C2D665EB8}.AppStore|Any CPU.Build.0 = Release|Any CPU
		{374365A3-C17E-4E3B-ACE1-3C8C2D665EB8}.AppStore|ARM.ActiveCfg = Release|Any CPU
		{374365A3-C17E-4E3B-ACE1-3C8C2D665EB8}.AppStore|ARM.Build.0 = Release|Any CPU
		{374365A3-C17E-4E3B-ACE1-3C8C2D665EB8}.AppStore|iPhone.ActiveCfg = Release|Any CPU
		{374365A3-C17E-4E3B-ACE1-3C8C2D665EB8}.AppStore|iPhone.Build.0 = Release|Any CPU
		{374365A3-C17E-4E3B-ACE1-3C8C2D665EB8}.AppStore|iPhoneSimulator.ActiveCfg = Release|Any CPU
		{374365A3-C17E-4E3B-ACE1-3C8C2D665EB8}.AppStore|iPhoneSimulator.Build.0 = Release|Any CPU
		{374365A3-C17E-4E3B-ACE1-3C8C2D665EB8}.AppStore|Mixed Platforms.ActiveCfg = Release|Any CPU
		{374365A3-C17E-4E3B-ACE1-3C8C2D665EB8}.AppStore|Mixed Platforms.Build.0 = Release|Any CPU
		{374365A3-C17E-4E3B-ACE1-3C8C2D665EB8}.AppStore|x86.ActiveCfg = Release|Any CPU
		{374365A3-C17E-4E3B-ACE1-3C8C2D665EB8}.AppStore|x86.Build.0 = Release|Any CPU
		{374365A3-C17E-4E3B-ACE1-3C8C2D665EB8}.Debug|Any CPU.ActiveCfg = Debug|Any CPU
		{374365A3-C17E-4E3B-ACE1-3C8C2D665EB8}.Debug|Any CPU.Build.0 = Debug|Any CPU
		{374365A3-C17E-4E3B-ACE1-3C8C2D665EB8}.Debug|ARM.ActiveCfg = Debug|Any CPU
		{374365A3-C17E-4E3B-ACE1-3C8C2D665EB8}.Debug|ARM.Build.0 = Debug|Any CPU
		{374365A3-C17E-4E3B-ACE1-3C8C2D665EB8}.Debug|iPhone.ActiveCfg = Debug|Any CPU
		{374365A3-C17E-4E3B-ACE1-3C8C2D665EB8}.Debug|iPhone.Build.0 = Debug|Any CPU
		{374365A3-C17E-4E3B-ACE1-3C8C2D665EB8}.Debug|iPhoneSimulator.ActiveCfg = Debug|Any CPU
		{374365A3-C17E-4E3B-ACE1-3C8C2D665EB8}.Debug|iPhoneSimulator.Build.0 = Debug|Any CPU
		{374365A3-C17E-4E3B-ACE1-3C8C2D665EB8}.Debug|Mixed Platforms.ActiveCfg = Debug|Any CPU
		{374365A3-C17E-4E3B-ACE1-3C8C2D665EB8}.Debug|Mixed Platforms.Build.0 = Debug|Any CPU
		{374365A3-C17E-4E3B-ACE1-3C8C2D665EB8}.Debug|x86.ActiveCfg = Debug|Any CPU
		{374365A3-C17E-4E3B-ACE1-3C8C2D665EB8}.Debug|x86.Build.0 = Debug|Any CPU
		{374365A3-C17E-4E3B-ACE1-3C8C2D665EB8}.Release|Any CPU.ActiveCfg = Release|Any CPU
		{374365A3-C17E-4E3B-ACE1-3C8C2D665EB8}.Release|Any CPU.Build.0 = Release|Any CPU
		{374365A3-C17E-4E3B-ACE1-3C8C2D665EB8}.Release|ARM.ActiveCfg = Release|Any CPU
		{374365A3-C17E-4E3B-ACE1-3C8C2D665EB8}.Release|ARM.Build.0 = Release|Any CPU
		{374365A3-C17E-4E3B-ACE1-3C8C2D665EB8}.Release|iPhone.ActiveCfg = Release|Any CPU
		{374365A3-C17E-4E3B-ACE1-3C8C2D665EB8}.Release|iPhone.Build.0 = Release|Any CPU
		{374365A3-C17E-4E3B-ACE1-3C8C2D665EB8}.Release|iPhoneSimulator.ActiveCfg = Release|Any CPU
		{374365A3-C17E-4E3B-ACE1-3C8C2D665EB8}.Release|iPhoneSimulator.Build.0 = Release|Any CPU
		{374365A3-C17E-4E3B-ACE1-3C8C2D665EB8}.Release|Mixed Platforms.ActiveCfg = Release|Any CPU
		{374365A3-C17E-4E3B-ACE1-3C8C2D665EB8}.Release|Mixed Platforms.Build.0 = Release|Any CPU
		{374365A3-C17E-4E3B-ACE1-3C8C2D665EB8}.Release|x86.ActiveCfg = Release|Any CPU
		{374365A3-C17E-4E3B-ACE1-3C8C2D665EB8}.Release|x86.Build.0 = Release|Any CPU
		{F301B35C-2124-4C9D-9EAE-E06ADD3E1C77}.Ad-Hoc|Any CPU.ActiveCfg = Release|Any CPU
		{F301B35C-2124-4C9D-9EAE-E06ADD3E1C77}.Ad-Hoc|Any CPU.Build.0 = Release|Any CPU
		{F301B35C-2124-4C9D-9EAE-E06ADD3E1C77}.Ad-Hoc|ARM.ActiveCfg = Release|Any CPU
		{F301B35C-2124-4C9D-9EAE-E06ADD3E1C77}.Ad-Hoc|ARM.Build.0 = Release|Any CPU
		{F301B35C-2124-4C9D-9EAE-E06ADD3E1C77}.Ad-Hoc|iPhone.ActiveCfg = Release|Any CPU
		{F301B35C-2124-4C9D-9EAE-E06ADD3E1C77}.Ad-Hoc|iPhone.Build.0 = Release|Any CPU
		{F301B35C-2124-4C9D-9EAE-E06ADD3E1C77}.Ad-Hoc|iPhoneSimulator.ActiveCfg = Release|Any CPU
		{F301B35C-2124-4C9D-9EAE-E06ADD3E1C77}.Ad-Hoc|iPhoneSimulator.Build.0 = Release|Any CPU
		{F301B35C-2124-4C9D-9EAE-E06ADD3E1C77}.Ad-Hoc|Mixed Platforms.ActiveCfg = Release|Any CPU
		{F301B35C-2124-4C9D-9EAE-E06ADD3E1C77}.Ad-Hoc|Mixed Platforms.Build.0 = Release|Any CPU
		{F301B35C-2124-4C9D-9EAE-E06ADD3E1C77}.Ad-Hoc|x86.ActiveCfg = Release|Any CPU
		{F301B35C-2124-4C9D-9EAE-E06ADD3E1C77}.Ad-Hoc|x86.Build.0 = Release|Any CPU
		{F301B35C-2124-4C9D-9EAE-E06ADD3E1C77}.AppStore|Any CPU.ActiveCfg = Release|Any CPU
		{F301B35C-2124-4C9D-9EAE-E06ADD3E1C77}.AppStore|Any CPU.Build.0 = Release|Any CPU
		{F301B35C-2124-4C9D-9EAE-E06ADD3E1C77}.AppStore|ARM.ActiveCfg = Release|Any CPU
		{F301B35C-2124-4C9D-9EAE-E06ADD3E1C77}.AppStore|ARM.Build.0 = Release|Any CPU
		{F301B35C-2124-4C9D-9EAE-E06ADD3E1C77}.AppStore|iPhone.ActiveCfg = Release|Any CPU
		{F301B35C-2124-4C9D-9EAE-E06ADD3E1C77}.AppStore|iPhone.Build.0 = Release|Any CPU
		{F301B35C-2124-4C9D-9EAE-E06ADD3E1C77}.AppStore|iPhoneSimulator.ActiveCfg = Release|Any CPU
		{F301B35C-2124-4C9D-9EAE-E06ADD3E1C77}.AppStore|iPhoneSimulator.Build.0 = Release|Any CPU
		{F301B35C-2124-4C9D-9EAE-E06ADD3E1C77}.AppStore|Mixed Platforms.ActiveCfg = Release|Any CPU
		{F301B35C-2124-4C9D-9EAE-E06ADD3E1C77}.AppStore|Mixed Platforms.Build.0 = Release|Any CPU
		{F301B35C-2124-4C9D-9EAE-E06ADD3E1C77}.AppStore|x86.ActiveCfg = Release|Any CPU
		{F301B35C-2124-4C9D-9EAE-E06ADD3E1C77}.AppStore|x86.Build.0 = Release|Any CPU
		{F301B35C-2124-4C9D-9EAE-E06ADD3E1C77}.Debug|Any CPU.ActiveCfg = Debug|Any CPU
		{F301B35C-2124-4C9D-9EAE-E06ADD3E1C77}.Debug|Any CPU.Build.0 = Debug|Any CPU
		{F301B35C-2124-4C9D-9EAE-E06ADD3E1C77}.Debug|ARM.ActiveCfg = Debug|Any CPU
		{F301B35C-2124-4C9D-9EAE-E06ADD3E1C77}.Debug|ARM.Build.0 = Debug|Any CPU
		{F301B35C-2124-4C9D-9EAE-E06ADD3E1C77}.Debug|iPhone.ActiveCfg = Debug|Any CPU
		{F301B35C-2124-4C9D-9EAE-E06ADD3E1C77}.Debug|iPhone.Build.0 = Debug|Any CPU
		{F301B35C-2124-4C9D-9EAE-E06ADD3E1C77}.Debug|iPhoneSimulator.ActiveCfg = Debug|Any CPU
		{F301B35C-2124-4C9D-9EAE-E06ADD3E1C77}.Debug|iPhoneSimulator.Build.0 = Debug|Any CPU
		{F301B35C-2124-4C9D-9EAE-E06ADD3E1C77}.Debug|Mixed Platforms.ActiveCfg = Debug|Any CPU
		{F301B35C-2124-4C9D-9EAE-E06ADD3E1C77}.Debug|Mixed Platforms.Build.0 = Debug|Any CPU
		{F301B35C-2124-4C9D-9EAE-E06ADD3E1C77}.Debug|x86.ActiveCfg = Debug|Any CPU
		{F301B35C-2124-4C9D-9EAE-E06ADD3E1C77}.Debug|x86.Build.0 = Debug|Any CPU
		{F301B35C-2124-4C9D-9EAE-E06ADD3E1C77}.Release|Any CPU.ActiveCfg = Release|Any CPU
		{F301B35C-2124-4C9D-9EAE-E06ADD3E1C77}.Release|Any CPU.Build.0 = Release|Any CPU
		{F301B35C-2124-4C9D-9EAE-E06ADD3E1C77}.Release|ARM.ActiveCfg = Release|Any CPU
		{F301B35C-2124-4C9D-9EAE-E06ADD3E1C77}.Release|ARM.Build.0 = Release|Any CPU
		{F301B35C-2124-4C9D-9EAE-E06ADD3E1C77}.Release|iPhone.ActiveCfg = Release|Any CPU
		{F301B35C-2124-4C9D-9EAE-E06ADD3E1C77}.Release|iPhone.Build.0 = Release|Any CPU
		{F301B35C-2124-4C9D-9EAE-E06ADD3E1C77}.Release|iPhoneSimulator.ActiveCfg = Release|Any CPU
		{F301B35C-2124-4C9D-9EAE-E06ADD3E1C77}.Release|iPhoneSimulator.Build.0 = Release|Any CPU
		{F301B35C-2124-4C9D-9EAE-E06ADD3E1C77}.Release|Mixed Platforms.ActiveCfg = Release|Any CPU
		{F301B35C-2124-4C9D-9EAE-E06ADD3E1C77}.Release|Mixed Platforms.Build.0 = Release|Any CPU
		{F301B35C-2124-4C9D-9EAE-E06ADD3E1C77}.Release|x86.ActiveCfg = Release|Any CPU
		{F301B35C-2124-4C9D-9EAE-E06ADD3E1C77}.Release|x86.Build.0 = Release|Any CPU
		{B298A4EE-B2E1-4D78-AFEB-D728CF9F277B}.Ad-Hoc|Any CPU.ActiveCfg = Release|Any CPU
		{B298A4EE-B2E1-4D78-AFEB-D728CF9F277B}.Ad-Hoc|Any CPU.Build.0 = Release|Any CPU
		{B298A4EE-B2E1-4D78-AFEB-D728CF9F277B}.Ad-Hoc|ARM.ActiveCfg = Release|Any CPU
		{B298A4EE-B2E1-4D78-AFEB-D728CF9F277B}.Ad-Hoc|ARM.Build.0 = Release|Any CPU
		{B298A4EE-B2E1-4D78-AFEB-D728CF9F277B}.Ad-Hoc|iPhone.ActiveCfg = Release|Any CPU
		{B298A4EE-B2E1-4D78-AFEB-D728CF9F277B}.Ad-Hoc|iPhone.Build.0 = Release|Any CPU
		{B298A4EE-B2E1-4D78-AFEB-D728CF9F277B}.Ad-Hoc|iPhoneSimulator.ActiveCfg = Release|Any CPU
		{B298A4EE-B2E1-4D78-AFEB-D728CF9F277B}.Ad-Hoc|iPhoneSimulator.Build.0 = Release|Any CPU
		{B298A4EE-B2E1-4D78-AFEB-D728CF9F277B}.Ad-Hoc|Mixed Platforms.ActiveCfg = Release|Any CPU
		{B298A4EE-B2E1-4D78-AFEB-D728CF9F277B}.Ad-Hoc|Mixed Platforms.Build.0 = Release|Any CPU
		{B298A4EE-B2E1-4D78-AFEB-D728CF9F277B}.Ad-Hoc|x86.ActiveCfg = Release|Any CPU
		{B298A4EE-B2E1-4D78-AFEB-D728CF9F277B}.Ad-Hoc|x86.Build.0 = Release|Any CPU
		{B298A4EE-B2E1-4D78-AFEB-D728CF9F277B}.AppStore|Any CPU.ActiveCfg = Release|Any CPU
		{B298A4EE-B2E1-4D78-AFEB-D728CF9F277B}.AppStore|Any CPU.Build.0 = Release|Any CPU
		{B298A4EE-B2E1-4D78-AFEB-D728CF9F277B}.AppStore|ARM.ActiveCfg = Release|Any CPU
		{B298A4EE-B2E1-4D78-AFEB-D728CF9F277B}.AppStore|ARM.Build.0 = Release|Any CPU
		{B298A4EE-B2E1-4D78-AFEB-D728CF9F277B}.AppStore|iPhone.ActiveCfg = Release|Any CPU
		{B298A4EE-B2E1-4D78-AFEB-D728CF9F277B}.AppStore|iPhone.Build.0 = Release|Any CPU
		{B298A4EE-B2E1-4D78-AFEB-D728CF9F277B}.AppStore|iPhoneSimulator.ActiveCfg = Release|Any CPU
		{B298A4EE-B2E1-4D78-AFEB-D728CF9F277B}.AppStore|iPhoneSimulator.Build.0 = Release|Any CPU
		{B298A4EE-B2E1-4D78-AFEB-D728CF9F277B}.AppStore|Mixed Platforms.ActiveCfg = Release|Any CPU
		{B298A4EE-B2E1-4D78-AFEB-D728CF9F277B}.AppStore|Mixed Platforms.Build.0 = Release|Any CPU
		{B298A4EE-B2E1-4D78-AFEB-D728CF9F277B}.AppStore|x86.ActiveCfg = Release|Any CPU
		{B298A4EE-B2E1-4D78-AFEB-D728CF9F277B}.AppStore|x86.Build.0 = Release|Any CPU
		{B298A4EE-B2E1-4D78-AFEB-D728CF9F277B}.Debug|Any CPU.ActiveCfg = Debug|Any CPU
		{B298A4EE-B2E1-4D78-AFEB-D728CF9F277B}.Debug|Any CPU.Build.0 = Debug|Any CPU
		{B298A4EE-B2E1-4D78-AFEB-D728CF9F277B}.Debug|ARM.ActiveCfg = Debug|Any CPU
		{B298A4EE-B2E1-4D78-AFEB-D728CF9F277B}.Debug|ARM.Build.0 = Debug|Any CPU
		{B298A4EE-B2E1-4D78-AFEB-D728CF9F277B}.Debug|iPhone.ActiveCfg = Debug|Any CPU
		{B298A4EE-B2E1-4D78-AFEB-D728CF9F277B}.Debug|iPhone.Build.0 = Debug|Any CPU
		{B298A4EE-B2E1-4D78-AFEB-D728CF9F277B}.Debug|iPhoneSimulator.ActiveCfg = Debug|Any CPU
		{B298A4EE-B2E1-4D78-AFEB-D728CF9F277B}.Debug|iPhoneSimulator.Build.0 = Debug|Any CPU
		{B298A4EE-B2E1-4D78-AFEB-D728CF9F277B}.Debug|Mixed Platforms.ActiveCfg = Debug|Any CPU
		{B298A4EE-B2E1-4D78-AFEB-D728CF9F277B}.Debug|Mixed Platforms.Build.0 = Debug|Any CPU
		{B298A4EE-B2E1-4D78-AFEB-D728CF9F277B}.Debug|x86.ActiveCfg = Debug|Any CPU
		{B298A4EE-B2E1-4D78-AFEB-D728CF9F277B}.Debug|x86.Build.0 = Debug|Any CPU
		{B298A4EE-B2E1-4D78-AFEB-D728CF9F277B}.Release|Any CPU.ActiveCfg = Release|Any CPU
		{B298A4EE-B2E1-4D78-AFEB-D728CF9F277B}.Release|Any CPU.Build.0 = Release|Any CPU
		{B298A4EE-B2E1-4D78-AFEB-D728CF9F277B}.Release|ARM.ActiveCfg = Release|Any CPU
		{B298A4EE-B2E1-4D78-AFEB-D728CF9F277B}.Release|ARM.Build.0 = Release|Any CPU
		{B298A4EE-B2E1-4D78-AFEB-D728CF9F277B}.Release|iPhone.ActiveCfg = Release|Any CPU
		{B298A4EE-B2E1-4D78-AFEB-D728CF9F277B}.Release|iPhone.Build.0 = Release|Any CPU
		{B298A4EE-B2E1-4D78-AFEB-D728CF9F277B}.Release|iPhoneSimulator.ActiveCfg = Release|Any CPU
		{B298A4EE-B2E1-4D78-AFEB-D728CF9F277B}.Release|iPhoneSimulator.Build.0 = Release|Any CPU
		{B298A4EE-B2E1-4D78-AFEB-D728CF9F277B}.Release|Mixed Platforms.ActiveCfg = Release|Any CPU
		{B298A4EE-B2E1-4D78-AFEB-D728CF9F277B}.Release|Mixed Platforms.Build.0 = Release|Any CPU
		{B298A4EE-B2E1-4D78-AFEB-D728CF9F277B}.Release|x86.ActiveCfg = Release|Any CPU
		{B298A4EE-B2E1-4D78-AFEB-D728CF9F277B}.Release|x86.Build.0 = Release|Any CPU
		{6A706AE8-8F7D-40BC-AEBD-89D7E278DDDB}.Ad-Hoc|Any CPU.ActiveCfg = Ad-Hoc|iPhone
		{6A706AE8-8F7D-40BC-AEBD-89D7E278DDDB}.Ad-Hoc|ARM.ActiveCfg = Ad-Hoc|iPhone
		{6A706AE8-8F7D-40BC-AEBD-89D7E278DDDB}.Ad-Hoc|iPhone.ActiveCfg = Ad-Hoc|iPhone
		{6A706AE8-8F7D-40BC-AEBD-89D7E278DDDB}.Ad-Hoc|iPhone.Build.0 = Ad-Hoc|iPhone
		{6A706AE8-8F7D-40BC-AEBD-89D7E278DDDB}.Ad-Hoc|iPhoneSimulator.ActiveCfg = Ad-Hoc|iPhoneSimulator
		{6A706AE8-8F7D-40BC-AEBD-89D7E278DDDB}.Ad-Hoc|iPhoneSimulator.Build.0 = Ad-Hoc|iPhoneSimulator
		{6A706AE8-8F7D-40BC-AEBD-89D7E278DDDB}.Ad-Hoc|Mixed Platforms.ActiveCfg = Ad-Hoc|iPhone
		{6A706AE8-8F7D-40BC-AEBD-89D7E278DDDB}.Ad-Hoc|Mixed Platforms.Build.0 = Ad-Hoc|iPhone
		{6A706AE8-8F7D-40BC-AEBD-89D7E278DDDB}.Ad-Hoc|x86.ActiveCfg = Ad-Hoc|iPhone
		{6A706AE8-8F7D-40BC-AEBD-89D7E278DDDB}.AppStore|Any CPU.ActiveCfg = AppStore|iPhone
		{6A706AE8-8F7D-40BC-AEBD-89D7E278DDDB}.AppStore|ARM.ActiveCfg = AppStore|iPhone
		{6A706AE8-8F7D-40BC-AEBD-89D7E278DDDB}.AppStore|iPhone.ActiveCfg = AppStore|iPhone
		{6A706AE8-8F7D-40BC-AEBD-89D7E278DDDB}.AppStore|iPhone.Build.0 = AppStore|iPhone
		{6A706AE8-8F7D-40BC-AEBD-89D7E278DDDB}.AppStore|iPhoneSimulator.ActiveCfg = AppStore|iPhoneSimulator
		{6A706AE8-8F7D-40BC-AEBD-89D7E278DDDB}.AppStore|iPhoneSimulator.Build.0 = AppStore|iPhoneSimulator
		{6A706AE8-8F7D-40BC-AEBD-89D7E278DDDB}.AppStore|Mixed Platforms.ActiveCfg = AppStore|iPhone
		{6A706AE8-8F7D-40BC-AEBD-89D7E278DDDB}.AppStore|Mixed Platforms.Build.0 = AppStore|iPhone
		{6A706AE8-8F7D-40BC-AEBD-89D7E278DDDB}.AppStore|x86.ActiveCfg = AppStore|iPhone
		{6A706AE8-8F7D-40BC-AEBD-89D7E278DDDB}.Debug|Any CPU.ActiveCfg = Debug|iPhone
		{6A706AE8-8F7D-40BC-AEBD-89D7E278DDDB}.Debug|ARM.ActiveCfg = Debug|iPhone
		{6A706AE8-8F7D-40BC-AEBD-89D7E278DDDB}.Debug|iPhone.ActiveCfg = Debug|iPhone
		{6A706AE8-8F7D-40BC-AEBD-89D7E278DDDB}.Debug|iPhone.Build.0 = Debug|iPhone
		{6A706AE8-8F7D-40BC-AEBD-89D7E278DDDB}.Debug|iPhoneSimulator.ActiveCfg = Debug|iPhoneSimulator
		{6A706AE8-8F7D-40BC-AEBD-89D7E278DDDB}.Debug|iPhoneSimulator.Build.0 = Debug|iPhoneSimulator
		{6A706AE8-8F7D-40BC-AEBD-89D7E278DDDB}.Debug|Mixed Platforms.ActiveCfg = Debug|iPhone
		{6A706AE8-8F7D-40BC-AEBD-89D7E278DDDB}.Debug|Mixed Platforms.Build.0 = Debug|iPhone
		{6A706AE8-8F7D-40BC-AEBD-89D7E278DDDB}.Debug|x86.ActiveCfg = Debug|iPhone
		{6A706AE8-8F7D-40BC-AEBD-89D7E278DDDB}.Release|Any CPU.ActiveCfg = Release|iPhone
		{6A706AE8-8F7D-40BC-AEBD-89D7E278DDDB}.Release|ARM.ActiveCfg = Release|iPhone
		{6A706AE8-8F7D-40BC-AEBD-89D7E278DDDB}.Release|iPhone.ActiveCfg = Release|iPhone
		{6A706AE8-8F7D-40BC-AEBD-89D7E278DDDB}.Release|iPhone.Build.0 = Release|iPhone
		{6A706AE8-8F7D-40BC-AEBD-89D7E278DDDB}.Release|iPhoneSimulator.ActiveCfg = Release|iPhoneSimulator
		{6A706AE8-8F7D-40BC-AEBD-89D7E278DDDB}.Release|iPhoneSimulator.Build.0 = Release|iPhoneSimulator
		{6A706AE8-8F7D-40BC-AEBD-89D7E278DDDB}.Release|Mixed Platforms.ActiveCfg = Release|iPhone
		{6A706AE8-8F7D-40BC-AEBD-89D7E278DDDB}.Release|Mixed Platforms.Build.0 = Release|iPhone
		{6A706AE8-8F7D-40BC-AEBD-89D7E278DDDB}.Release|x86.ActiveCfg = Release|iPhone
		{5883D6EF-69A7-483C-B9D1-E486EE252EA6}.Ad-Hoc|Any CPU.ActiveCfg = Release|Any CPU
		{5883D6EF-69A7-483C-B9D1-E486EE252EA6}.Ad-Hoc|Any CPU.Build.0 = Release|Any CPU
		{5883D6EF-69A7-483C-B9D1-E486EE252EA6}.Ad-Hoc|ARM.ActiveCfg = Release|Any CPU
		{5883D6EF-69A7-483C-B9D1-E486EE252EA6}.Ad-Hoc|ARM.Build.0 = Release|Any CPU
		{5883D6EF-69A7-483C-B9D1-E486EE252EA6}.Ad-Hoc|iPhone.ActiveCfg = Release|Any CPU
		{5883D6EF-69A7-483C-B9D1-E486EE252EA6}.Ad-Hoc|iPhone.Build.0 = Release|Any CPU
		{5883D6EF-69A7-483C-B9D1-E486EE252EA6}.Ad-Hoc|iPhoneSimulator.ActiveCfg = Release|Any CPU
		{5883D6EF-69A7-483C-B9D1-E486EE252EA6}.Ad-Hoc|iPhoneSimulator.Build.0 = Release|Any CPU
		{5883D6EF-69A7-483C-B9D1-E486EE252EA6}.Ad-Hoc|Mixed Platforms.ActiveCfg = Release|Any CPU
		{5883D6EF-69A7-483C-B9D1-E486EE252EA6}.Ad-Hoc|Mixed Platforms.Build.0 = Release|Any CPU
		{5883D6EF-69A7-483C-B9D1-E486EE252EA6}.Ad-Hoc|x86.ActiveCfg = Release|Any CPU
		{5883D6EF-69A7-483C-B9D1-E486EE252EA6}.Ad-Hoc|x86.Build.0 = Release|Any CPU
		{5883D6EF-69A7-483C-B9D1-E486EE252EA6}.AppStore|Any CPU.ActiveCfg = Release|Any CPU
		{5883D6EF-69A7-483C-B9D1-E486EE252EA6}.AppStore|Any CPU.Build.0 = Release|Any CPU
		{5883D6EF-69A7-483C-B9D1-E486EE252EA6}.AppStore|ARM.ActiveCfg = Release|Any CPU
		{5883D6EF-69A7-483C-B9D1-E486EE252EA6}.AppStore|ARM.Build.0 = Release|Any CPU
		{5883D6EF-69A7-483C-B9D1-E486EE252EA6}.AppStore|iPhone.ActiveCfg = Release|Any CPU
		{5883D6EF-69A7-483C-B9D1-E486EE252EA6}.AppStore|iPhone.Build.0 = Release|Any CPU
		{5883D6EF-69A7-483C-B9D1-E486EE252EA6}.AppStore|iPhoneSimulator.ActiveCfg = Release|Any CPU
		{5883D6EF-69A7-483C-B9D1-E486EE252EA6}.AppStore|iPhoneSimulator.Build.0 = Release|Any CPU
		{5883D6EF-69A7-483C-B9D1-E486EE252EA6}.AppStore|Mixed Platforms.ActiveCfg = Release|Any CPU
		{5883D6EF-69A7-483C-B9D1-E486EE252EA6}.AppStore|Mixed Platforms.Build.0 = Release|Any CPU
		{5883D6EF-69A7-483C-B9D1-E486EE252EA6}.AppStore|x86.ActiveCfg = Release|Any CPU
		{5883D6EF-69A7-483C-B9D1-E486EE252EA6}.AppStore|x86.Build.0 = Release|Any CPU
		{5883D6EF-69A7-483C-B9D1-E486EE252EA6}.Debug|Any CPU.ActiveCfg = Debug|Any CPU
		{5883D6EF-69A7-483C-B9D1-E486EE252EA6}.Debug|Any CPU.Build.0 = Debug|Any CPU
		{5883D6EF-69A7-483C-B9D1-E486EE252EA6}.Debug|ARM.ActiveCfg = Debug|Any CPU
		{5883D6EF-69A7-483C-B9D1-E486EE252EA6}.Debug|ARM.Build.0 = Debug|Any CPU
		{5883D6EF-69A7-483C-B9D1-E486EE252EA6}.Debug|iPhone.ActiveCfg = Debug|Any CPU
		{5883D6EF-69A7-483C-B9D1-E486EE252EA6}.Debug|iPhone.Build.0 = Debug|Any CPU
		{5883D6EF-69A7-483C-B9D1-E486EE252EA6}.Debug|iPhoneSimulator.ActiveCfg = Debug|Any CPU
		{5883D6EF-69A7-483C-B9D1-E486EE252EA6}.Debug|iPhoneSimulator.Build.0 = Debug|Any CPU
		{5883D6EF-69A7-483C-B9D1-E486EE252EA6}.Debug|Mixed Platforms.ActiveCfg = Debug|Any CPU
		{5883D6EF-69A7-483C-B9D1-E486EE252EA6}.Debug|Mixed Platforms.Build.0 = Debug|Any CPU
		{5883D6EF-69A7-483C-B9D1-E486EE252EA6}.Debug|x86.ActiveCfg = Debug|Any CPU
		{5883D6EF-69A7-483C-B9D1-E486EE252EA6}.Debug|x86.Build.0 = Debug|Any CPU
		{5883D6EF-69A7-483C-B9D1-E486EE252EA6}.Release|Any CPU.ActiveCfg = Release|Any CPU
		{5883D6EF-69A7-483C-B9D1-E486EE252EA6}.Release|Any CPU.Build.0 = Release|Any CPU
		{5883D6EF-69A7-483C-B9D1-E486EE252EA6}.Release|ARM.ActiveCfg = Release|Any CPU
		{5883D6EF-69A7-483C-B9D1-E486EE252EA6}.Release|ARM.Build.0 = Release|Any CPU
		{5883D6EF-69A7-483C-B9D1-E486EE252EA6}.Release|iPhone.ActiveCfg = Release|Any CPU
		{5883D6EF-69A7-483C-B9D1-E486EE252EA6}.Release|iPhone.Build.0 = Release|Any CPU
		{5883D6EF-69A7-483C-B9D1-E486EE252EA6}.Release|iPhoneSimulator.ActiveCfg = Release|Any CPU
		{5883D6EF-69A7-483C-B9D1-E486EE252EA6}.Release|iPhoneSimulator.Build.0 = Release|Any CPU
		{5883D6EF-69A7-483C-B9D1-E486EE252EA6}.Release|Mixed Platforms.ActiveCfg = Release|Any CPU
		{5883D6EF-69A7-483C-B9D1-E486EE252EA6}.Release|Mixed Platforms.Build.0 = Release|Any CPU
		{5883D6EF-69A7-483C-B9D1-E486EE252EA6}.Release|x86.ActiveCfg = Release|Any CPU
		{5883D6EF-69A7-483C-B9D1-E486EE252EA6}.Release|x86.Build.0 = Release|Any CPU
	EndGlobalSection
	GlobalSection(SolutionProperties) = preSolution
		HideSolutionNode = FALSE
	EndGlobalSection
	GlobalSection(NestedProjects) = preSolution
		{374365A3-C17E-4E3B-ACE1-3C8C2D665EB8} = {77419468-168B-4D75-8115-DD43EB019E8C}
		{F301B35C-2124-4C9D-9EAE-E06ADD3E1C77} = {77419468-168B-4D75-8115-DD43EB019E8C}
		{B298A4EE-B2E1-4D78-AFEB-D728CF9F277B} = {77419468-168B-4D75-8115-DD43EB019E8C}
		{6A706AE8-8F7D-40BC-AEBD-89D7E278DDDB} = {45DD6057-F062-49E1-A3D1-0BE6B97B8090}
		{5883D6EF-69A7-483C-B9D1-E486EE252EA6} = {BA744542-E186-4051-9433-29BBF3B3C527}
	EndGlobalSection
EndGlobal
