
Microsoft Visual Studio Solution File, Format Version 12.00
# Visual Studio 14
VisualStudioVersion = 14.0.25123.0
MinimumVisualStudioVersion = 10.0.40219.1
Project("{FAE04EC0-301F-11D3-BF4B-00C04F79EFBC}") = "XamarinStart.Droid", "XamarinStart\XamarinStart.Droid\XamarinStart.Droid.csproj", "{E2ABD3E4-DEC2-4DB8-AA72-EB1685C3CF08}"
EndProject
Project("{FAE04EC0-301F-11D3-BF4B-00C04F79EFBC}") = "XamarinStart.iOS", "XamarinStart\XamarinStart.iOS\XamarinStart.iOS.csproj", "{78DCB905-5AC6-4A38-9FE7-A60E23910704}"
EndProject
Project("{FAE04EC0-301F-11D3-BF4B-00C04F79EFBC}") = "XamarinStart.WinPhone", "XamarinStart\XamarinStart.WinPhone\XamarinStart.WinPhone.csproj", "{E1B1898D-C457-46B9-83EB-16232B37079F}"
EndProject
Project("{FAE04EC0-301F-11D3-BF4B-00C04F79EFBC}") = "XamarinStart.UWP", "XamarinStart\XamarinStart.UWP\XamarinStart.UWP.csproj", "{5C2B5DE8-A773-4FD7-B8A9-07CDF8CDBA56}"
EndProject
Project("{FAE04EC0-301F-11D3-BF4B-00C04F79EFBC}") = "XamarinStart.Windows", "XamarinStart\XamarinStart.Windows\XamarinStart.Windows.csproj", "{0A991B0E-31E7-484F-8160-8A86F4271F43}"
EndProject
Project("{FAE04EC0-301F-11D3-BF4B-00C04F79EFBC}") = "XamarinStart", "XamarinStart\XamarinStart\XamarinStart.csproj", "{ADEDB2E9-4150-4C4D-9846-D141816178C5}"
EndProject
Global
	GlobalSection(SolutionConfigurationPlatforms) = preSolution
		Ad-Hoc|Any CPU = Ad-Hoc|Any CPU
		Ad-Hoc|ARM = Ad-Hoc|ARM
		Ad-Hoc|iPhone = Ad-Hoc|iPhone
		Ad-Hoc|iPhoneSimulator = Ad-Hoc|iPhoneSimulator
		Ad-Hoc|x64 = Ad-Hoc|x64
		Ad-Hoc|x86 = Ad-Hoc|x86
		AppStore|Any CPU = AppStore|Any CPU
		AppStore|ARM = AppStore|ARM
		AppStore|iPhone = AppStore|iPhone
		AppStore|iPhoneSimulator = AppStore|iPhoneSimulator
		AppStore|x64 = AppStore|x64
		AppStore|x86 = AppStore|x86
		Debug|Any CPU = Debug|Any CPU
		Debug|ARM = Debug|ARM
		Debug|iPhone = Debug|iPhone
		Debug|iPhoneSimulator = Debug|iPhoneSimulator
		Debug|x64 = Debug|x64
		Debug|x86 = Debug|x86
		Release|Any CPU = Release|Any CPU
		Release|ARM = Release|ARM
		Release|iPhone = Release|iPhone
		Release|iPhoneSimulator = Release|iPhoneSimulator
		Release|x64 = Release|x64
		Release|x86 = Release|x86
	EndGlobalSection
	GlobalSection(ProjectConfigurationPlatforms) = postSolution
		{E2ABD3E4-DEC2-4DB8-AA72-EB1685C3CF08}.Ad-Hoc|Any CPU.ActiveCfg = Release|Any CPU
		{E2ABD3E4-DEC2-4DB8-AA72-EB1685C3CF08}.Ad-Hoc|Any CPU.Build.0 = Release|Any CPU
		{E2ABD3E4-DEC2-4DB8-AA72-EB1685C3CF08}.Ad-Hoc|Any CPU.Deploy.0 = Release|Any CPU
		{E2ABD3E4-DEC2-4DB8-AA72-EB1685C3CF08}.Ad-Hoc|ARM.ActiveCfg = Release|Any CPU
		{E2ABD3E4-DEC2-4DB8-AA72-EB1685C3CF08}.Ad-Hoc|ARM.Build.0 = Release|Any CPU
		{E2ABD3E4-DEC2-4DB8-AA72-EB1685C3CF08}.Ad-Hoc|ARM.Deploy.0 = Release|Any CPU
		{E2ABD3E4-DEC2-4DB8-AA72-EB1685C3CF08}.Ad-Hoc|iPhone.ActiveCfg = Release|Any CPU
		{E2ABD3E4-DEC2-4DB8-AA72-EB1685C3CF08}.Ad-Hoc|iPhone.Build.0 = Release|Any CPU
		{E2ABD3E4-DEC2-4DB8-AA72-EB1685C3CF08}.Ad-Hoc|iPhone.Deploy.0 = Release|Any CPU
		{E2ABD3E4-DEC2-4DB8-AA72-EB1685C3CF08}.Ad-Hoc|iPhoneSimulator.ActiveCfg = Release|Any CPU
		{E2ABD3E4-DEC2-4DB8-AA72-EB1685C3CF08}.Ad-Hoc|iPhoneSimulator.Build.0 = Release|Any CPU
		{E2ABD3E4-DEC2-4DB8-AA72-EB1685C3CF08}.Ad-Hoc|iPhoneSimulator.Deploy.0 = Release|Any CPU
		{E2ABD3E4-DEC2-4DB8-AA72-EB1685C3CF08}.Ad-Hoc|x64.ActiveCfg = Release|Any CPU
		{E2ABD3E4-DEC2-4DB8-AA72-EB1685C3CF08}.Ad-Hoc|x64.Build.0 = Release|Any CPU
		{E2ABD3E4-DEC2-4DB8-AA72-EB1685C3CF08}.Ad-Hoc|x64.Deploy.0 = Release|Any CPU
		{E2ABD3E4-DEC2-4DB8-AA72-EB1685C3CF08}.Ad-Hoc|x86.ActiveCfg = Release|Any CPU
		{E2ABD3E4-DEC2-4DB8-AA72-EB1685C3CF08}.Ad-Hoc|x86.Build.0 = Release|Any CPU
		{E2ABD3E4-DEC2-4DB8-AA72-EB1685C3CF08}.Ad-Hoc|x86.Deploy.0 = Release|Any CPU
		{E2ABD3E4-DEC2-4DB8-AA72-EB1685C3CF08}.AppStore|Any CPU.ActiveCfg = Release|Any CPU
		{E2ABD3E4-DEC2-4DB8-AA72-EB1685C3CF08}.AppStore|Any CPU.Build.0 = Release|Any CPU
		{E2ABD3E4-DEC2-4DB8-AA72-EB1685C3CF08}.AppStore|Any CPU.Deploy.0 = Release|Any CPU
		{E2ABD3E4-DEC2-4DB8-AA72-EB1685C3CF08}.AppStore|ARM.ActiveCfg = Release|Any CPU
		{E2ABD3E4-DEC2-4DB8-AA72-EB1685C3CF08}.AppStore|ARM.Build.0 = Release|Any CPU
		{E2ABD3E4-DEC2-4DB8-AA72-EB1685C3CF08}.AppStore|ARM.Deploy.0 = Release|Any CPU
		{E2ABD3E4-DEC2-4DB8-AA72-EB1685C3CF08}.AppStore|iPhone.ActiveCfg = Release|Any CPU
		{E2ABD3E4-DEC2-4DB8-AA72-EB1685C3CF08}.AppStore|iPhone.Build.0 = Release|Any CPU
		{E2ABD3E4-DEC2-4DB8-AA72-EB1685C3CF08}.AppStore|iPhone.Deploy.0 = Release|Any CPU
		{E2ABD3E4-DEC2-4DB8-AA72-EB1685C3CF08}.AppStore|iPhoneSimulator.ActiveCfg = Release|Any CPU
		{E2ABD3E4-DEC2-4DB8-AA72-EB1685C3CF08}.AppStore|iPhoneSimulator.Build.0 = Release|Any CPU
		{E2ABD3E4-DEC2-4DB8-AA72-EB1685C3CF08}.AppStore|iPhoneSimulator.Deploy.0 = Release|Any CPU
		{E2ABD3E4-DEC2-4DB8-AA72-EB1685C3CF08}.AppStore|x64.ActiveCfg = Release|Any CPU
		{E2ABD3E4-DEC2-4DB8-AA72-EB1685C3CF08}.AppStore|x64.Build.0 = Release|Any CPU
		{E2ABD3E4-DEC2-4DB8-AA72-EB1685C3CF08}.AppStore|x64.Deploy.0 = Release|Any CPU
		{E2ABD3E4-DEC2-4DB8-AA72-EB1685C3CF08}.AppStore|x86.ActiveCfg = Release|Any CPU
		{E2ABD3E4-DEC2-4DB8-AA72-EB1685C3CF08}.AppStore|x86.Build.0 = Release|Any CPU
		{E2ABD3E4-DEC2-4DB8-AA72-EB1685C3CF08}.AppStore|x86.Deploy.0 = Release|Any CPU
		{E2ABD3E4-DEC2-4DB8-AA72-EB1685C3CF08}.Debug|Any CPU.ActiveCfg = Debug|Any CPU
		{E2ABD3E4-DEC2-4DB8-AA72-EB1685C3CF08}.Debug|Any CPU.Build.0 = Debug|Any CPU
		{E2ABD3E4-DEC2-4DB8-AA72-EB1685C3CF08}.Debug|Any CPU.Deploy.0 = Debug|Any CPU
		{E2ABD3E4-DEC2-4DB8-AA72-EB1685C3CF08}.Debug|ARM.ActiveCfg = Debug|Any CPU
		{E2ABD3E4-DEC2-4DB8-AA72-EB1685C3CF08}.Debug|ARM.Build.0 = Debug|Any CPU
		{E2ABD3E4-DEC2-4DB8-AA72-EB1685C3CF08}.Debug|ARM.Deploy.0 = Debug|Any CPU
		{E2ABD3E4-DEC2-4DB8-AA72-EB1685C3CF08}.Debug|iPhone.ActiveCfg = Debug|Any CPU
		{E2ABD3E4-DEC2-4DB8-AA72-EB1685C3CF08}.Debug|iPhone.Build.0 = Debug|Any CPU
		{E2ABD3E4-DEC2-4DB8-AA72-EB1685C3CF08}.Debug|iPhone.Deploy.0 = Debug|Any CPU
		{E2ABD3E4-DEC2-4DB8-AA72-EB1685C3CF08}.Debug|iPhoneSimulator.ActiveCfg = Debug|Any CPU
		{E2ABD3E4-DEC2-4DB8-AA72-EB1685C3CF08}.Debug|iPhoneSimulator.Build.0 = Debug|Any CPU
		{E2ABD3E4-DEC2-4DB8-AA72-EB1685C3CF08}.Debug|iPhoneSimulator.Deploy.0 = Debug|Any CPU
		{E2ABD3E4-DEC2-4DB8-AA72-EB1685C3CF08}.Debug|x64.ActiveCfg = Debug|Any CPU
		{E2ABD3E4-DEC2-4DB8-AA72-EB1685C3CF08}.Debug|x64.Build.0 = Debug|Any CPU
		{E2ABD3E4-DEC2-4DB8-AA72-EB1685C3CF08}.Debug|x64.Deploy.0 = Debug|Any CPU
		{E2ABD3E4-DEC2-4DB8-AA72-EB1685C3CF08}.Debug|x86.ActiveCfg = Debug|Any CPU
		{E2ABD3E4-DEC2-4DB8-AA72-EB1685C3CF08}.Debug|x86.Build.0 = Debug|Any CPU
		{E2ABD3E4-DEC2-4DB8-AA72-EB1685C3CF08}.Debug|x86.Deploy.0 = Debug|Any CPU
		{E2ABD3E4-DEC2-4DB8-AA72-EB1685C3CF08}.Release|Any CPU.ActiveCfg = Release|Any CPU
		{E2ABD3E4-DEC2-4DB8-AA72-EB1685C3CF08}.Release|Any CPU.Build.0 = Release|Any CPU
		{E2ABD3E4-DEC2-4DB8-AA72-EB1685C3CF08}.Release|Any CPU.Deploy.0 = Release|Any CPU
		{E2ABD3E4-DEC2-4DB8-AA72-EB1685C3CF08}.Release|ARM.ActiveCfg = Release|Any CPU
		{E2ABD3E4-DEC2-4DB8-AA72-EB1685C3CF08}.Release|ARM.Build.0 = Release|Any CPU
		{E2ABD3E4-DEC2-4DB8-AA72-EB1685C3CF08}.Release|ARM.Deploy.0 = Release|Any CPU
		{E2ABD3E4-DEC2-4DB8-AA72-EB1685C3CF08}.Release|iPhone.ActiveCfg = Release|Any CPU
		{E2ABD3E4-DEC2-4DB8-AA72-EB1685C3CF08}.Release|iPhone.Build.0 = Release|Any CPU
		{E2ABD3E4-DEC2-4DB8-AA72-EB1685C3CF08}.Release|iPhone.Deploy.0 = Release|Any CPU
		{E2ABD3E4-DEC2-4DB8-AA72-EB1685C3CF08}.Release|iPhoneSimulator.ActiveCfg = Release|Any CPU
		{E2ABD3E4-DEC2-4DB8-AA72-EB1685C3CF08}.Release|iPhoneSimulator.Build.0 = Release|Any CPU
		{E2ABD3E4-DEC2-4DB8-AA72-EB1685C3CF08}.Release|iPhoneSimulator.Deploy.0 = Release|Any CPU
		{E2ABD3E4-DEC2-4DB8-AA72-EB1685C3CF08}.Release|x64.ActiveCfg = Release|Any CPU
		{E2ABD3E4-DEC2-4DB8-AA72-EB1685C3CF08}.Release|x64.Build.0 = Release|Any CPU
		{E2ABD3E4-DEC2-4DB8-AA72-EB1685C3CF08}.Release|x64.Deploy.0 = Release|Any CPU
		{E2ABD3E4-DEC2-4DB8-AA72-EB1685C3CF08}.Release|x86.ActiveCfg = Release|Any CPU
		{E2ABD3E4-DEC2-4DB8-AA72-EB1685C3CF08}.Release|x86.Build.0 = Release|Any CPU
		{E2ABD3E4-DEC2-4DB8-AA72-EB1685C3CF08}.Release|x86.Deploy.0 = Release|Any CPU
		{78DCB905-5AC6-4A38-9FE7-A60E23910704}.Ad-Hoc|Any CPU.ActiveCfg = Ad-Hoc|iPhone
		{78DCB905-5AC6-4A38-9FE7-A60E23910704}.Ad-Hoc|ARM.ActiveCfg = Ad-Hoc|iPhone
		{78DCB905-5AC6-4A38-9FE7-A60E23910704}.Ad-Hoc|iPhone.ActiveCfg = Ad-Hoc|iPhone
		{78DCB905-5AC6-4A38-9FE7-A60E23910704}.Ad-Hoc|iPhone.Build.0 = Ad-Hoc|iPhone
		{78DCB905-5AC6-4A38-9FE7-A60E23910704}.Ad-Hoc|iPhoneSimulator.ActiveCfg = Ad-Hoc|iPhoneSimulator
		{78DCB905-5AC6-4A38-9FE7-A60E23910704}.Ad-Hoc|iPhoneSimulator.Build.0 = Ad-Hoc|iPhoneSimulator
		{78DCB905-5AC6-4A38-9FE7-A60E23910704}.Ad-Hoc|x64.ActiveCfg = Ad-Hoc|iPhone
		{78DCB905-5AC6-4A38-9FE7-A60E23910704}.Ad-Hoc|x86.ActiveCfg = Ad-Hoc|iPhone
		{78DCB905-5AC6-4A38-9FE7-A60E23910704}.AppStore|Any CPU.ActiveCfg = AppStore|iPhone
		{78DCB905-5AC6-4A38-9FE7-A60E23910704}.AppStore|ARM.ActiveCfg = AppStore|iPhone
		{78DCB905-5AC6-4A38-9FE7-A60E23910704}.AppStore|iPhone.ActiveCfg = AppStore|iPhone
		{78DCB905-5AC6-4A38-9FE7-A60E23910704}.AppStore|iPhone.Build.0 = AppStore|iPhone
		{78DCB905-5AC6-4A38-9FE7-A60E23910704}.AppStore|iPhoneSimulator.ActiveCfg = AppStore|iPhoneSimulator
		{78DCB905-5AC6-4A38-9FE7-A60E23910704}.AppStore|iPhoneSimulator.Build.0 = AppStore|iPhoneSimulator
		{78DCB905-5AC6-4A38-9FE7-A60E23910704}.AppStore|x64.ActiveCfg = AppStore|iPhone
		{78DCB905-5AC6-4A38-9FE7-A60E23910704}.AppStore|x86.ActiveCfg = AppStore|iPhone
		{78DCB905-5AC6-4A38-9FE7-A60E23910704}.Debug|Any CPU.ActiveCfg = Debug|iPhone
		{78DCB905-5AC6-4A38-9FE7-A60E23910704}.Debug|ARM.ActiveCfg = Debug|iPhone
		{78DCB905-5AC6-4A38-9FE7-A60E23910704}.Debug|iPhone.ActiveCfg = Debug|iPhone
		{78DCB905-5AC6-4A38-9FE7-A60E23910704}.Debug|iPhone.Build.0 = Debug|iPhone
		{78DCB905-5AC6-4A38-9FE7-A60E23910704}.Debug|iPhoneSimulator.ActiveCfg = Debug|iPhoneSimulator
		{78DCB905-5AC6-4A38-9FE7-A60E23910704}.Debug|iPhoneSimulator.Build.0 = Debug|iPhoneSimulator
		{78DCB905-5AC6-4A38-9FE7-A60E23910704}.Debug|x64.ActiveCfg = Debug|iPhone
		{78DCB905-5AC6-4A38-9FE7-A60E23910704}.Debug|x86.ActiveCfg = Debug|iPhone
		{78DCB905-5AC6-4A38-9FE7-A60E23910704}.Release|Any CPU.ActiveCfg = Release|iPhone
		{78DCB905-5AC6-4A38-9FE7-A60E23910704}.Release|ARM.ActiveCfg = Release|iPhone
		{78DCB905-5AC6-4A38-9FE7-A60E23910704}.Release|iPhone.ActiveCfg = Release|iPhone
		{78DCB905-5AC6-4A38-9FE7-A60E23910704}.Release|iPhone.Build.0 = Release|iPhone
		{78DCB905-5AC6-4A38-9FE7-A60E23910704}.Release|iPhoneSimulator.ActiveCfg = Release|iPhoneSimulator
		{78DCB905-5AC6-4A38-9FE7-A60E23910704}.Release|iPhoneSimulator.Build.0 = Release|iPhoneSimulator
		{78DCB905-5AC6-4A38-9FE7-A60E23910704}.Release|x64.ActiveCfg = Release|iPhone
		{78DCB905-5AC6-4A38-9FE7-A60E23910704}.Release|x86.ActiveCfg = Release|iPhone
		{E1B1898D-C457-46B9-83EB-16232B37079F}.Ad-Hoc|Any CPU.ActiveCfg = Release|Any CPU
		{E1B1898D-C457-46B9-83EB-16232B37079F}.Ad-Hoc|Any CPU.Build.0 = Release|Any CPU
		{E1B1898D-C457-46B9-83EB-16232B37079F}.Ad-Hoc|Any CPU.Deploy.0 = Release|Any CPU
		{E1B1898D-C457-46B9-83EB-16232B37079F}.Ad-Hoc|ARM.ActiveCfg = Release|ARM
		{E1B1898D-C457-46B9-83EB-16232B37079F}.Ad-Hoc|ARM.Build.0 = Release|ARM
		{E1B1898D-C457-46B9-83EB-16232B37079F}.Ad-Hoc|ARM.Deploy.0 = Release|ARM
		{E1B1898D-C457-46B9-83EB-16232B37079F}.Ad-Hoc|iPhone.ActiveCfg = Release|Any CPU
		{E1B1898D-C457-46B9-83EB-16232B37079F}.Ad-Hoc|iPhone.Build.0 = Release|Any CPU
		{E1B1898D-C457-46B9-83EB-16232B37079F}.Ad-Hoc|iPhone.Deploy.0 = Release|Any CPU
		{E1B1898D-C457-46B9-83EB-16232B37079F}.Ad-Hoc|iPhoneSimulator.ActiveCfg = Release|Any CPU
		{E1B1898D-C457-46B9-83EB-16232B37079F}.Ad-Hoc|iPhoneSimulator.Build.0 = Release|Any CPU
		{E1B1898D-C457-46B9-83EB-16232B37079F}.Ad-Hoc|iPhoneSimulator.Deploy.0 = Release|Any CPU
		{E1B1898D-C457-46B9-83EB-16232B37079F}.Ad-Hoc|x64.ActiveCfg = Release|Any CPU
		{E1B1898D-C457-46B9-83EB-16232B37079F}.Ad-Hoc|x64.Build.0 = Release|Any CPU
		{E1B1898D-C457-46B9-83EB-16232B37079F}.Ad-Hoc|x64.Deploy.0 = Release|Any CPU
		{E1B1898D-C457-46B9-83EB-16232B37079F}.Ad-Hoc|x86.ActiveCfg = Release|x86
		{E1B1898D-C457-46B9-83EB-16232B37079F}.Ad-Hoc|x86.Build.0 = Release|x86
		{E1B1898D-C457-46B9-83EB-16232B37079F}.Ad-Hoc|x86.Deploy.0 = Release|x86
		{E1B1898D-C457-46B9-83EB-16232B37079F}.AppStore|Any CPU.ActiveCfg = Release|Any CPU
		{E1B1898D-C457-46B9-83EB-16232B37079F}.AppStore|Any CPU.Build.0 = Release|Any CPU
		{E1B1898D-C457-46B9-83EB-16232B37079F}.AppStore|Any CPU.Deploy.0 = Release|Any CPU
		{E1B1898D-C457-46B9-83EB-16232B37079F}.AppStore|ARM.ActiveCfg = Release|ARM
		{E1B1898D-C457-46B9-83EB-16232B37079F}.AppStore|ARM.Build.0 = Release|ARM
		{E1B1898D-C457-46B9-83EB-16232B37079F}.AppStore|ARM.Deploy.0 = Release|ARM
		{E1B1898D-C457-46B9-83EB-16232B37079F}.AppStore|iPhone.ActiveCfg = Release|Any CPU
		{E1B1898D-C457-46B9-83EB-16232B37079F}.AppStore|iPhone.Build.0 = Release|Any CPU
		{E1B1898D-C457-46B9-83EB-16232B37079F}.AppStore|iPhone.Deploy.0 = Release|Any CPU
		{E1B1898D-C457-46B9-83EB-16232B37079F}.AppStore|iPhoneSimulator.ActiveCfg = Release|Any CPU
		{E1B1898D-C457-46B9-83EB-16232B37079F}.AppStore|iPhoneSimulator.Build.0 = Release|Any CPU
		{E1B1898D-C457-46B9-83EB-16232B37079F}.AppStore|iPhoneSimulator.Deploy.0 = Release|Any CPU
		{E1B1898D-C457-46B9-83EB-16232B37079F}.AppStore|x64.ActiveCfg = Release|Any CPU
		{E1B1898D-C457-46B9-83EB-16232B37079F}.AppStore|x64.Build.0 = Release|Any CPU
		{E1B1898D-C457-46B9-83EB-16232B37079F}.AppStore|x64.Deploy.0 = Release|Any CPU
		{E1B1898D-C457-46B9-83EB-16232B37079F}.AppStore|x86.ActiveCfg = Release|x86
		{E1B1898D-C457-46B9-83EB-16232B37079F}.AppStore|x86.Build.0 = Release|x86
		{E1B1898D-C457-46B9-83EB-16232B37079F}.AppStore|x86.Deploy.0 = Release|x86
		{E1B1898D-C457-46B9-83EB-16232B37079F}.Debug|Any CPU.ActiveCfg = Debug|Any CPU
		{E1B1898D-C457-46B9-83EB-16232B37079F}.Debug|Any CPU.Build.0 = Debug|Any CPU
		{E1B1898D-C457-46B9-83EB-16232B37079F}.Debug|Any CPU.Deploy.0 = Debug|Any CPU
		{E1B1898D-C457-46B9-83EB-16232B37079F}.Debug|ARM.ActiveCfg = Debug|ARM
		{E1B1898D-C457-46B9-83EB-16232B37079F}.Debug|ARM.Build.0 = Debug|ARM
		{E1B1898D-C457-46B9-83EB-16232B37079F}.Debug|ARM.Deploy.0 = Debug|ARM
		{E1B1898D-C457-46B9-83EB-16232B37079F}.Debug|iPhone.ActiveCfg = Debug|Any CPU
		{E1B1898D-C457-46B9-83EB-16232B37079F}.Debug|iPhone.Build.0 = Debug|Any CPU
		{E1B1898D-C457-46B9-83EB-16232B37079F}.Debug|iPhone.Deploy.0 = Debug|Any CPU
		{E1B1898D-C457-46B9-83EB-16232B37079F}.Debug|iPhoneSimulator.ActiveCfg = Debug|Any CPU
		{E1B1898D-C457-46B9-83EB-16232B37079F}.Debug|iPhoneSimulator.Build.0 = Debug|Any CPU
		{E1B1898D-C457-46B9-83EB-16232B37079F}.Debug|iPhoneSimulator.Deploy.0 = Debug|Any CPU
		{E1B1898D-C457-46B9-83EB-16232B37079F}.Debug|x64.ActiveCfg = Debug|Any CPU
		{E1B1898D-C457-46B9-83EB-16232B37079F}.Debug|x64.Build.0 = Debug|Any CPU
		{E1B1898D-C457-46B9-83EB-16232B37079F}.Debug|x64.Deploy.0 = Debug|Any CPU
		{E1B1898D-C457-46B9-83EB-16232B37079F}.Debug|x86.ActiveCfg = Debug|x86
		{E1B1898D-C457-46B9-83EB-16232B37079F}.Debug|x86.Build.0 = Debug|x86
		{E1B1898D-C457-46B9-83EB-16232B37079F}.Debug|x86.Deploy.0 = Debug|x86
		{E1B1898D-C457-46B9-83EB-16232B37079F}.Release|Any CPU.ActiveCfg = Release|Any CPU
		{E1B1898D-C457-46B9-83EB-16232B37079F}.Release|Any CPU.Build.0 = Release|Any CPU
		{E1B1898D-C457-46B9-83EB-16232B37079F}.Release|Any CPU.Deploy.0 = Release|Any CPU
		{E1B1898D-C457-46B9-83EB-16232B37079F}.Release|ARM.ActiveCfg = Release|ARM
		{E1B1898D-C457-46B9-83EB-16232B37079F}.Release|ARM.Build.0 = Release|ARM
		{E1B1898D-C457-46B9-83EB-16232B37079F}.Release|ARM.Deploy.0 = Release|ARM
		{E1B1898D-C457-46B9-83EB-16232B37079F}.Release|iPhone.ActiveCfg = Release|Any CPU
		{E1B1898D-C457-46B9-83EB-16232B37079F}.Release|iPhone.Build.0 = Release|Any CPU
		{E1B1898D-C457-46B9-83EB-16232B37079F}.Release|iPhone.Deploy.0 = Release|Any CPU
		{E1B1898D-C457-46B9-83EB-16232B37079F}.Release|iPhoneSimulator.ActiveCfg = Release|Any CPU
		{E1B1898D-C457-46B9-83EB-16232B37079F}.Release|iPhoneSimulator.Build.0 = Release|Any CPU
		{E1B1898D-C457-46B9-83EB-16232B37079F}.Release|iPhoneSimulator.Deploy.0 = Release|Any CPU
		{E1B1898D-C457-46B9-83EB-16232B37079F}.Release|x64.ActiveCfg = Release|Any CPU
		{E1B1898D-C457-46B9-83EB-16232B37079F}.Release|x64.Build.0 = Release|Any CPU
		{E1B1898D-C457-46B9-83EB-16232B37079F}.Release|x64.Deploy.0 = Release|Any CPU
		{E1B1898D-C457-46B9-83EB-16232B37079F}.Release|x86.ActiveCfg = Release|x86
		{E1B1898D-C457-46B9-83EB-16232B37079F}.Release|x86.Build.0 = Release|x86
		{E1B1898D-C457-46B9-83EB-16232B37079F}.Release|x86.Deploy.0 = Release|x86
		{5C2B5DE8-A773-4FD7-B8A9-07CDF8CDBA56}.Ad-Hoc|Any CPU.ActiveCfg = Release|x86
		{5C2B5DE8-A773-4FD7-B8A9-07CDF8CDBA56}.Ad-Hoc|Any CPU.Build.0 = Release|x86
		{5C2B5DE8-A773-4FD7-B8A9-07CDF8CDBA56}.Ad-Hoc|Any CPU.Deploy.0 = Release|x86
		{5C2B5DE8-A773-4FD7-B8A9-07CDF8CDBA56}.Ad-Hoc|ARM.ActiveCfg = Release|ARM
		{5C2B5DE8-A773-4FD7-B8A9-07CDF8CDBA56}.Ad-Hoc|ARM.Build.0 = Release|ARM
		{5C2B5DE8-A773-4FD7-B8A9-07CDF8CDBA56}.Ad-Hoc|ARM.Deploy.0 = Release|ARM
		{5C2B5DE8-A773-4FD7-B8A9-07CDF8CDBA56}.Ad-Hoc|iPhone.ActiveCfg = Release|x86
		{5C2B5DE8-A773-4FD7-B8A9-07CDF8CDBA56}.Ad-Hoc|iPhone.Build.0 = Release|x86
		{5C2B5DE8-A773-4FD7-B8A9-07CDF8CDBA56}.Ad-Hoc|iPhone.Deploy.0 = Release|x86
		{5C2B5DE8-A773-4FD7-B8A9-07CDF8CDBA56}.Ad-Hoc|iPhoneSimulator.ActiveCfg = Release|x86
		{5C2B5DE8-A773-4FD7-B8A9-07CDF8CDBA56}.Ad-Hoc|iPhoneSimulator.Build.0 = Release|x86
		{5C2B5DE8-A773-4FD7-B8A9-07CDF8CDBA56}.Ad-Hoc|iPhoneSimulator.Deploy.0 = Release|x86
		{5C2B5DE8-A773-4FD7-B8A9-07CDF8CDBA56}.Ad-Hoc|x64.ActiveCfg = Release|x64
		{5C2B5DE8-A773-4FD7-B8A9-07CDF8CDBA56}.Ad-Hoc|x64.Build.0 = Release|x64
		{5C2B5DE8-A773-4FD7-B8A9-07CDF8CDBA56}.Ad-Hoc|x64.Deploy.0 = Release|x64
		{5C2B5DE8-A773-4FD7-B8A9-07CDF8CDBA56}.Ad-Hoc|x86.ActiveCfg = Release|x86
		{5C2B5DE8-A773-4FD7-B8A9-07CDF8CDBA56}.Ad-Hoc|x86.Build.0 = Release|x86
		{5C2B5DE8-A773-4FD7-B8A9-07CDF8CDBA56}.Ad-Hoc|x86.Deploy.0 = Release|x86
		{5C2B5DE8-A773-4FD7-B8A9-07CDF8CDBA56}.AppStore|Any CPU.ActiveCfg = Release|x86
		{5C2B5DE8-A773-4FD7-B8A9-07CDF8CDBA56}.AppStore|Any CPU.Build.0 = Release|x86
		{5C2B5DE8-A773-4FD7-B8A9-07CDF8CDBA56}.AppStore|Any CPU.Deploy.0 = Release|x86
		{5C2B5DE8-A773-4FD7-B8A9-07CDF8CDBA56}.AppStore|ARM.ActiveCfg = Release|ARM
		{5C2B5DE8-A773-4FD7-B8A9-07CDF8CDBA56}.AppStore|ARM.Build.0 = Release|ARM
		{5C2B5DE8-A773-4FD7-B8A9-07CDF8CDBA56}.AppStore|ARM.Deploy.0 = Release|ARM
		{5C2B5DE8-A773-4FD7-B8A9-07CDF8CDBA56}.AppStore|iPhone.ActiveCfg = Release|x86
		{5C2B5DE8-A773-4FD7-B8A9-07CDF8CDBA56}.AppStore|iPhone.Build.0 = Release|x86
		{5C2B5DE8-A773-4FD7-B8A9-07CDF8CDBA56}.AppStore|iPhone.Deploy.0 = Release|x86
		{5C2B5DE8-A773-4FD7-B8A9-07CDF8CDBA56}.AppStore|iPhoneSimulator.ActiveCfg = Release|x86
		{5C2B5DE8-A773-4FD7-B8A9-07CDF8CDBA56}.AppStore|iPhoneSimulator.Build.0 = Release|x86
		{5C2B5DE8-A773-4FD7-B8A9-07CDF8CDBA56}.AppStore|iPhoneSimulator.Deploy.0 = Release|x86
		{5C2B5DE8-A773-4FD7-B8A9-07CDF8CDBA56}.AppStore|x64.ActiveCfg = Release|x64
		{5C2B5DE8-A773-4FD7-B8A9-07CDF8CDBA56}.AppStore|x64.Build.0 = Release|x64
		{5C2B5DE8-A773-4FD7-B8A9-07CDF8CDBA56}.AppStore|x64.Deploy.0 = Release|x64
		{5C2B5DE8-A773-4FD7-B8A9-07CDF8CDBA56}.AppStore|x86.ActiveCfg = Release|x86
		{5C2B5DE8-A773-4FD7-B8A9-07CDF8CDBA56}.AppStore|x86.Build.0 = Release|x86
		{5C2B5DE8-A773-4FD7-B8A9-07CDF8CDBA56}.AppStore|x86.Deploy.0 = Release|x86
		{5C2B5DE8-A773-4FD7-B8A9-07CDF8CDBA56}.Debug|Any CPU.ActiveCfg = Debug|x86
		{5C2B5DE8-A773-4FD7-B8A9-07CDF8CDBA56}.Debug|ARM.ActiveCfg = Debug|ARM
		{5C2B5DE8-A773-4FD7-B8A9-07CDF8CDBA56}.Debug|ARM.Build.0 = Debug|ARM
		{5C2B5DE8-A773-4FD7-B8A9-07CDF8CDBA56}.Debug|ARM.Deploy.0 = Debug|ARM
		{5C2B5DE8-A773-4FD7-B8A9-07CDF8CDBA56}.Debug|iPhone.ActiveCfg = Debug|x86
		{5C2B5DE8-A773-4FD7-B8A9-07CDF8CDBA56}.Debug|iPhoneSimulator.ActiveCfg = Debug|x86
		{5C2B5DE8-A773-4FD7-B8A9-07CDF8CDBA56}.Debug|x64.ActiveCfg = Debug|x64
		{5C2B5DE8-A773-4FD7-B8A9-07CDF8CDBA56}.Debug|x64.Build.0 = Debug|x64
		{5C2B5DE8-A773-4FD7-B8A9-07CDF8CDBA56}.Debug|x64.Deploy.0 = Debug|x64
		{5C2B5DE8-A773-4FD7-B8A9-07CDF8CDBA56}.Debug|x86.ActiveCfg = Debug|x86
		{5C2B5DE8-A773-4FD7-B8A9-07CDF8CDBA56}.Debug|x86.Build.0 = Debug|x86
		{5C2B5DE8-A773-4FD7-B8A9-07CDF8CDBA56}.Debug|x86.Deploy.0 = Debug|x86
		{5C2B5DE8-A773-4FD7-B8A9-07CDF8CDBA56}.Release|Any CPU.ActiveCfg = Release|x86
		{5C2B5DE8-A773-4FD7-B8A9-07CDF8CDBA56}.Release|ARM.ActiveCfg = Release|ARM
		{5C2B5DE8-A773-4FD7-B8A9-07CDF8CDBA56}.Release|ARM.Build.0 = Release|ARM
		{5C2B5DE8-A773-4FD7-B8A9-07CDF8CDBA56}.Release|ARM.Deploy.0 = Release|ARM
		{5C2B5DE8-A773-4FD7-B8A9-07CDF8CDBA56}.Release|iPhone.ActiveCfg = Release|x86
		{5C2B5DE8-A773-4FD7-B8A9-07CDF8CDBA56}.Release|iPhoneSimulator.ActiveCfg = Release|x86
		{5C2B5DE8-A773-4FD7-B8A9-07CDF8CDBA56}.Release|x64.ActiveCfg = Release|x64
		{5C2B5DE8-A773-4FD7-B8A9-07CDF8CDBA56}.Release|x64.Build.0 = Release|x64
		{5C2B5DE8-A773-4FD7-B8A9-07CDF8CDBA56}.Release|x64.Deploy.0 = Release|x64
		{5C2B5DE8-A773-4FD7-B8A9-07CDF8CDBA56}.Release|x86.ActiveCfg = Release|x86
		{5C2B5DE8-A773-4FD7-B8A9-07CDF8CDBA56}.Release|x86.Build.0 = Release|x86
		{5C2B5DE8-A773-4FD7-B8A9-07CDF8CDBA56}.Release|x86.Deploy.0 = Release|x86
		{0A991B0E-31E7-484F-8160-8A86F4271F43}.Ad-Hoc|Any CPU.ActiveCfg = Release|Any CPU
		{0A991B0E-31E7-484F-8160-8A86F4271F43}.Ad-Hoc|Any CPU.Build.0 = Release|Any CPU
		{0A991B0E-31E7-484F-8160-8A86F4271F43}.Ad-Hoc|Any CPU.Deploy.0 = Release|Any CPU
		{0A991B0E-31E7-484F-8160-8A86F4271F43}.Ad-Hoc|ARM.ActiveCfg = Release|ARM
		{0A991B0E-31E7-484F-8160-8A86F4271F43}.Ad-Hoc|ARM.Build.0 = Release|ARM
		{0A991B0E-31E7-484F-8160-8A86F4271F43}.Ad-Hoc|ARM.Deploy.0 = Release|ARM
		{0A991B0E-31E7-484F-8160-8A86F4271F43}.Ad-Hoc|iPhone.ActiveCfg = Release|Any CPU
		{0A991B0E-31E7-484F-8160-8A86F4271F43}.Ad-Hoc|iPhone.Build.0 = Release|Any CPU
		{0A991B0E-31E7-484F-8160-8A86F4271F43}.Ad-Hoc|iPhone.Deploy.0 = Release|Any CPU
		{0A991B0E-31E7-484F-8160-8A86F4271F43}.Ad-Hoc|iPhoneSimulator.ActiveCfg = Release|Any CPU
		{0A991B0E-31E7-484F-8160-8A86F4271F43}.Ad-Hoc|iPhoneSimulator.Build.0 = Release|Any CPU
		{0A991B0E-31E7-484F-8160-8A86F4271F43}.Ad-Hoc|iPhoneSimulator.Deploy.0 = Release|Any CPU
		{0A991B0E-31E7-484F-8160-8A86F4271F43}.Ad-Hoc|x64.ActiveCfg = Release|x64
		{0A991B0E-31E7-484F-8160-8A86F4271F43}.Ad-Hoc|x64.Build.0 = Release|x64
		{0A991B0E-31E7-484F-8160-8A86F4271F43}.Ad-Hoc|x64.Deploy.0 = Release|x64
		{0A991B0E-31E7-484F-8160-8A86F4271F43}.Ad-Hoc|x86.ActiveCfg = Release|x86
		{0A991B0E-31E7-484F-8160-8A86F4271F43}.Ad-Hoc|x86.Build.0 = Release|x86
		{0A991B0E-31E7-484F-8160-8A86F4271F43}.Ad-Hoc|x86.Deploy.0 = Release|x86
		{0A991B0E-31E7-484F-8160-8A86F4271F43}.AppStore|Any CPU.ActiveCfg = Release|Any CPU
		{0A991B0E-31E7-484F-8160-8A86F4271F43}.AppStore|Any CPU.Build.0 = Release|Any CPU
		{0A991B0E-31E7-484F-8160-8A86F4271F43}.AppStore|Any CPU.Deploy.0 = Release|Any CPU
		{0A991B0E-31E7-484F-8160-8A86F4271F43}.AppStore|ARM.ActiveCfg = Release|ARM
		{0A991B0E-31E7-484F-8160-8A86F4271F43}.AppStore|ARM.Build.0 = Release|ARM
		{0A991B0E-31E7-484F-8160-8A86F4271F43}.AppStore|ARM.Deploy.0 = Release|ARM
		{0A991B0E-31E7-484F-8160-8A86F4271F43}.AppStore|iPhone.ActiveCfg = Release|Any CPU
		{0A991B0E-31E7-484F-8160-8A86F4271F43}.AppStore|iPhone.Build.0 = Release|Any CPU
		{0A991B0E-31E7-484F-8160-8A86F4271F43}.AppStore|iPhone.Deploy.0 = Release|Any CPU
		{0A991B0E-31E7-484F-8160-8A86F4271F43}.AppStore|iPhoneSimulator.ActiveCfg = Release|Any CPU
		{0A991B0E-31E7-484F-8160-8A86F4271F43}.AppStore|iPhoneSimulator.Build.0 = Release|Any CPU
		{0A991B0E-31E7-484F-8160-8A86F4271F43}.AppStore|iPhoneSimulator.Deploy.0 = Release|Any CPU
		{0A991B0E-31E7-484F-8160-8A86F4271F43}.AppStore|x64.ActiveCfg = Release|x64
		{0A991B0E-31E7-484F-8160-8A86F4271F43}.AppStore|x64.Build.0 = Release|x64
		{0A991B0E-31E7-484F-8160-8A86F4271F43}.AppStore|x64.Deploy.0 = Release|x64
		{0A991B0E-31E7-484F-8160-8A86F4271F43}.AppStore|x86.ActiveCfg = Release|x86
		{0A991B0E-31E7-484F-8160-8A86F4271F43}.AppStore|x86.Build.0 = Release|x86
		{0A991B0E-31E7-484F-8160-8A86F4271F43}.AppStore|x86.Deploy.0 = Release|x86
		{0A991B0E-31E7-484F-8160-8A86F4271F43}.Debug|Any CPU.ActiveCfg = Debug|Any CPU
		{0A991B0E-31E7-484F-8160-8A86F4271F43}.Debug|Any CPU.Build.0 = Debug|Any CPU
		{0A991B0E-31E7-484F-8160-8A86F4271F43}.Debug|Any CPU.Deploy.0 = Debug|Any CPU
		{0A991B0E-31E7-484F-8160-8A86F4271F43}.Debug|ARM.ActiveCfg = Debug|ARM
		{0A991B0E-31E7-484F-8160-8A86F4271F43}.Debug|ARM.Build.0 = Debug|ARM
		{0A991B0E-31E7-484F-8160-8A86F4271F43}.Debug|ARM.Deploy.0 = Debug|ARM
		{0A991B0E-31E7-484F-8160-8A86F4271F43}.Debug|iPhone.ActiveCfg = Debug|Any CPU
		{0A991B0E-31E7-484F-8160-8A86F4271F43}.Debug|iPhone.Build.0 = Debug|Any CPU
		{0A991B0E-31E7-484F-8160-8A86F4271F43}.Debug|iPhone.Deploy.0 = Debug|Any CPU
		{0A991B0E-31E7-484F-8160-8A86F4271F43}.Debug|iPhoneSimulator.ActiveCfg = Debug|Any CPU
		{0A991B0E-31E7-484F-8160-8A86F4271F43}.Debug|iPhoneSimulator.Build.0 = Debug|Any CPU
		{0A991B0E-31E7-484F-8160-8A86F4271F43}.Debug|iPhoneSimulator.Deploy.0 = Debug|Any CPU
		{0A991B0E-31E7-484F-8160-8A86F4271F43}.Debug|x64.ActiveCfg = Debug|x64
		{0A991B0E-31E7-484F-8160-8A86F4271F43}.Debug|x64.Build.0 = Debug|x64
		{0A991B0E-31E7-484F-8160-8A86F4271F43}.Debug|x64.Deploy.0 = Debug|x64
		{0A991B0E-31E7-484F-8160-8A86F4271F43}.Debug|x86.ActiveCfg = Debug|x86
		{0A991B0E-31E7-484F-8160-8A86F4271F43}.Debug|x86.Build.0 = Debug|x86
		{0A991B0E-31E7-484F-8160-8A86F4271F43}.Debug|x86.Deploy.0 = Debug|x86
		{0A991B0E-31E7-484F-8160-8A86F4271F43}.Release|Any CPU.ActiveCfg = Release|Any CPU
		{0A991B0E-31E7-484F-8160-8A86F4271F43}.Release|Any CPU.Build.0 = Release|Any CPU
		{0A991B0E-31E7-484F-8160-8A86F4271F43}.Release|Any CPU.Deploy.0 = Release|Any CPU
		{0A991B0E-31E7-484F-8160-8A86F4271F43}.Release|ARM.ActiveCfg = Release|ARM
		{0A991B0E-31E7-484F-8160-8A86F4271F43}.Release|ARM.Build.0 = Release|ARM
		{0A991B0E-31E7-484F-8160-8A86F4271F43}.Release|ARM.Deploy.0 = Release|ARM
		{0A991B0E-31E7-484F-8160-8A86F4271F43}.Release|iPhone.ActiveCfg = Release|Any CPU
		{0A991B0E-31E7-484F-8160-8A86F4271F43}.Release|iPhone.Build.0 = Release|Any CPU
		{0A991B0E-31E7-484F-8160-8A86F4271F43}.Release|iPhone.Deploy.0 = Release|Any CPU
		{0A991B0E-31E7-484F-8160-8A86F4271F43}.Release|iPhoneSimulator.ActiveCfg = Release|Any CPU
		{0A991B0E-31E7-484F-8160-8A86F4271F43}.Release|iPhoneSimulator.Build.0 = Release|Any CPU
		{0A991B0E-31E7-484F-8160-8A86F4271F43}.Release|iPhoneSimulator.Deploy.0 = Release|Any CPU
		{0A991B0E-31E7-484F-8160-8A86F4271F43}.Release|x64.ActiveCfg = Release|x64
		{0A991B0E-31E7-484F-8160-8A86F4271F43}.Release|x64.Build.0 = Release|x64
		{0A991B0E-31E7-484F-8160-8A86F4271F43}.Release|x64.Deploy.0 = Release|x64
		{0A991B0E-31E7-484F-8160-8A86F4271F43}.Release|x86.ActiveCfg = Release|x86
		{0A991B0E-31E7-484F-8160-8A86F4271F43}.Release|x86.Build.0 = Release|x86
		{0A991B0E-31E7-484F-8160-8A86F4271F43}.Release|x86.Deploy.0 = Release|x86
		{ADEDB2E9-4150-4C4D-9846-D141816178C5}.Ad-Hoc|Any CPU.ActiveCfg = Release|Any CPU
		{ADEDB2E9-4150-4C4D-9846-D141816178C5}.Ad-Hoc|Any CPU.Build.0 = Release|Any CPU
		{ADEDB2E9-4150-4C4D-9846-D141816178C5}.Ad-Hoc|ARM.ActiveCfg = Release|Any CPU
		{ADEDB2E9-4150-4C4D-9846-D141816178C5}.Ad-Hoc|ARM.Build.0 = Release|Any CPU
		{ADEDB2E9-4150-4C4D-9846-D141816178C5}.Ad-Hoc|iPhone.ActiveCfg = Release|Any CPU
		{ADEDB2E9-4150-4C4D-9846-D141816178C5}.Ad-Hoc|iPhone.Build.0 = Release|Any CPU
		{ADEDB2E9-4150-4C4D-9846-D141816178C5}.Ad-Hoc|iPhoneSimulator.ActiveCfg = Release|Any CPU
		{ADEDB2E9-4150-4C4D-9846-D141816178C5}.Ad-Hoc|iPhoneSimulator.Build.0 = Release|Any CPU
		{ADEDB2E9-4150-4C4D-9846-D141816178C5}.Ad-Hoc|x64.ActiveCfg = Release|Any CPU
		{ADEDB2E9-4150-4C4D-9846-D141816178C5}.Ad-Hoc|x64.Build.0 = Release|Any CPU
		{ADEDB2E9-4150-4C4D-9846-D141816178C5}.Ad-Hoc|x86.ActiveCfg = Release|Any CPU
		{ADEDB2E9-4150-4C4D-9846-D141816178C5}.Ad-Hoc|x86.Build.0 = Release|Any CPU
		{ADEDB2E9-4150-4C4D-9846-D141816178C5}.AppStore|Any CPU.ActiveCfg = Release|Any CPU
		{ADEDB2E9-4150-4C4D-9846-D141816178C5}.AppStore|Any CPU.Build.0 = Release|Any CPU
		{ADEDB2E9-4150-4C4D-9846-D141816178C5}.AppStore|ARM.ActiveCfg = Release|Any CPU
		{ADEDB2E9-4150-4C4D-9846-D141816178C5}.AppStore|ARM.Build.0 = Release|Any CPU
		{ADEDB2E9-4150-4C4D-9846-D141816178C5}.AppStore|iPhone.ActiveCfg = Release|Any CPU
		{ADEDB2E9-4150-4C4D-9846-D141816178C5}.AppStore|iPhone.Build.0 = Release|Any CPU
		{ADEDB2E9-4150-4C4D-9846-D141816178C5}.AppStore|iPhoneSimulator.ActiveCfg = Release|Any CPU
		{ADEDB2E9-4150-4C4D-9846-D141816178C5}.AppStore|iPhoneSimulator.Build.0 = Release|Any CPU
		{ADEDB2E9-4150-4C4D-9846-D141816178C5}.AppStore|x64.ActiveCfg = Release|Any CPU
		{ADEDB2E9-4150-4C4D-9846-D141816178C5}.AppStore|x64.Build.0 = Release|Any CPU
		{ADEDB2E9-4150-4C4D-9846-D141816178C5}.AppStore|x86.ActiveCfg = Release|Any CPU
		{ADEDB2E9-4150-4C4D-9846-D141816178C5}.AppStore|x86.Build.0 = Release|Any CPU
		{ADEDB2E9-4150-4C4D-9846-D141816178C5}.Debug|Any CPU.ActiveCfg = Debug|Any CPU
		{ADEDB2E9-4150-4C4D-9846-D141816178C5}.Debug|Any CPU.Build.0 = Debug|Any CPU
		{ADEDB2E9-4150-4C4D-9846-D141816178C5}.Debug|ARM.ActiveCfg = Debug|Any CPU
		{ADEDB2E9-4150-4C4D-9846-D141816178C5}.Debug|ARM.Build.0 = Debug|Any CPU
		{ADEDB2E9-4150-4C4D-9846-D141816178C5}.Debug|iPhone.ActiveCfg = Debug|Any CPU
		{ADEDB2E9-4150-4C4D-9846-D141816178C5}.Debug|iPhone.Build.0 = Debug|Any CPU
		{ADEDB2E9-4150-4C4D-9846-D141816178C5}.Debug|iPhoneSimulator.ActiveCfg = Debug|Any CPU
		{ADEDB2E9-4150-4C4D-9846-D141816178C5}.Debug|iPhoneSimulator.Build.0 = Debug|Any CPU
		{ADEDB2E9-4150-4C4D-9846-D141816178C5}.Debug|x64.ActiveCfg = Debug|Any CPU
		{ADEDB2E9-4150-4C4D-9846-D141816178C5}.Debug|x64.Build.0 = Debug|Any CPU
		{ADEDB2E9-4150-4C4D-9846-D141816178C5}.Debug|x86.ActiveCfg = Debug|Any CPU
		{ADEDB2E9-4150-4C4D-9846-D141816178C5}.Debug|x86.Build.0 = Debug|Any CPU
		{ADEDB2E9-4150-4C4D-9846-D141816178C5}.Release|Any CPU.ActiveCfg = Release|Any CPU
		{ADEDB2E9-4150-4C4D-9846-D141816178C5}.Release|Any CPU.Build.0 = Release|Any CPU
		{ADEDB2E9-4150-4C4D-9846-D141816178C5}.Release|ARM.ActiveCfg = Release|Any CPU
		{ADEDB2E9-4150-4C4D-9846-D141816178C5}.Release|ARM.Build.0 = Release|Any CPU
		{ADEDB2E9-4150-4C4D-9846-D141816178C5}.Release|iPhone.ActiveCfg = Release|Any CPU
		{ADEDB2E9-4150-4C4D-9846-D141816178C5}.Release|iPhone.Build.0 = Release|Any CPU
		{ADEDB2E9-4150-4C4D-9846-D141816178C5}.Release|iPhoneSimulator.ActiveCfg = Release|Any CPU
		{ADEDB2E9-4150-4C4D-9846-D141816178C5}.Release|iPhoneSimulator.Build.0 = Release|Any CPU
		{ADEDB2E9-4150-4C4D-9846-D141816178C5}.Release|x64.ActiveCfg = Release|Any CPU
		{ADEDB2E9-4150-4C4D-9846-D141816178C5}.Release|x64.Build.0 = Release|Any CPU
		{ADEDB2E9-4150-4C4D-9846-D141816178C5}.Release|x86.ActiveCfg = Release|Any CPU
		{ADEDB2E9-4150-4C4D-9846-D141816178C5}.Release|x86.Build.0 = Release|Any CPU
	EndGlobalSection
	GlobalSection(SolutionProperties) = preSolution
		HideSolutionNode = FALSE
	EndGlobalSection
EndGlobal
