
Microsoft Visual Studio Solution File, Format Version 12.00
# Visual Studio 14
VisualStudioVersion = 14.0.25123.0
MinimumVisualStudioVersion = 10.0.40219.1
Project("{FAE04EC0-301F-11D3-BF4B-00C04F79EFBC}") = "RoadXamarin.Droid", "RoadXamarin\RoadXamarin.Droid\RoadXamarin.Droid.csproj", "{D5CAF5AC-5FB4-422B-B05F-E5E843BDFC8F}"
EndProject
Project("{FAE04EC0-301F-11D3-BF4B-00C04F79EFBC}") = "RoadXamarin.iOS", "RoadXamarin\RoadXamarin.iOS\RoadXamarin.iOS.csproj", "{82F09900-DEFB-4B90-A5E4-0125FB5ADE6B}"
EndProject
Project("{FAE04EC0-301F-11D3-BF4B-00C04F79EFBC}") = "RoadXamarin.WinPhone", "RoadXamarin\RoadXamarin.WinPhone\RoadXamarin.WinPhone.csproj", "{58BB5BBA-7598-47CA-9CEB-5CA07E4C80B5}"
EndProject
Project("{FAE04EC0-301F-11D3-BF4B-00C04F79EFBC}") = "RoadXamarin.UWP", "RoadXamarin\RoadXamarin.UWP\RoadXamarin.UWP.csproj", "{B48C113A-7431-42F8-82E5-162D98142B0E}"
EndProject
Project("{FAE04EC0-301F-11D3-BF4B-00C04F79EFBC}") = "RoadXamarin.Windows", "RoadXamarin\RoadXamarin.Windows\RoadXamarin.Windows.csproj", "{D936645A-2AE1-40D7-9ABD-4A3671F05AC0}"
EndProject
Project("{FAE04EC0-301F-11D3-BF4B-00C04F79EFBC}") = "RoadXamarin", "RoadXamarin\RoadXamarin\RoadXamarin.csproj", "{729407BF-1968-4057-A4A2-1CD73A23B78D}"
EndProject
Global
	GlobalSection(SolutionConfigurationPlatforms) = preSolution
		Ad-Hoc|Any CPU = Ad-Hoc|Any CPU
		Ad-Hoc|ARM = Ad-Hoc|ARM
		Ad-Hoc|iPhone = Ad-Hoc|iPhone
		Ad-Hoc|iPhoneSimulator = Ad-Hoc|iPhoneSimulator
		Ad-Hoc|x64 = Ad-Hoc|x64
		Ad-Hoc|x86 = Ad-Hoc|x86
		AppStore|Any CPU = AppStore|Any CPU
		AppStore|ARM = AppStore|ARM
		AppStore|iPhone = AppStore|iPhone
		AppStore|iPhoneSimulator = AppStore|iPhoneSimulator
		AppStore|x64 = AppStore|x64
		AppStore|x86 = AppStore|x86
		Debug|Any CPU = Debug|Any CPU
		Debug|ARM = Debug|ARM
		Debug|iPhone = Debug|iPhone
		Debug|iPhoneSimulator = Debug|iPhoneSimulator
		Debug|x64 = Debug|x64
		Debug|x86 = Debug|x86
		Release|Any CPU = Release|Any CPU
		Release|ARM = Release|ARM
		Release|iPhone = Release|iPhone
		Release|iPhoneSimulator = Release|iPhoneSimulator
		Release|x64 = Release|x64
		Release|x86 = Release|x86
	EndGlobalSection
	GlobalSection(ProjectConfigurationPlatforms) = postSolution
		{D5CAF5AC-5FB4-422B-B05F-E5E843BDFC8F}.Ad-Hoc|Any CPU.ActiveCfg = Release|Any CPU
		{D5CAF5AC-5FB4-422B-B05F-E5E843BDFC8F}.Ad-Hoc|Any CPU.Build.0 = Release|Any CPU
		{D5CAF5AC-5FB4-422B-B05F-E5E843BDFC8F}.Ad-Hoc|Any CPU.Deploy.0 = Release|Any CPU
		{D5CAF5AC-5FB4-422B-B05F-E5E843BDFC8F}.Ad-Hoc|ARM.ActiveCfg = Release|Any CPU
		{D5CAF5AC-5FB4-422B-B05F-E5E843BDFC8F}.Ad-Hoc|ARM.Build.0 = Release|Any CPU
		{D5CAF5AC-5FB4-422B-B05F-E5E843BDFC8F}.Ad-Hoc|ARM.Deploy.0 = Release|Any CPU
		{D5CAF5AC-5FB4-422B-B05F-E5E843BDFC8F}.Ad-Hoc|iPhone.ActiveCfg = Release|Any CPU
		{D5CAF5AC-5FB4-422B-B05F-E5E843BDFC8F}.Ad-Hoc|iPhone.Build.0 = Release|Any CPU
		{D5CAF5AC-5FB4-422B-B05F-E5E843BDFC8F}.Ad-Hoc|iPhone.Deploy.0 = Release|Any CPU
		{D5CAF5AC-5FB4-422B-B05F-E5E843BDFC8F}.Ad-Hoc|iPhoneSimulator.ActiveCfg = Release|Any CPU
		{D5CAF5AC-5FB4-422B-B05F-E5E843BDFC8F}.Ad-Hoc|iPhoneSimulator.Build.0 = Release|Any CPU
		{D5CAF5AC-5FB4-422B-B05F-E5E843BDFC8F}.Ad-Hoc|iPhoneSimulator.Deploy.0 = Release|Any CPU
		{D5CAF5AC-5FB4-422B-B05F-E5E843BDFC8F}.Ad-Hoc|x64.ActiveCfg = Release|Any CPU
		{D5CAF5AC-5FB4-422B-B05F-E5E843BDFC8F}.Ad-Hoc|x64.Build.0 = Release|Any CPU
		{D5CAF5AC-5FB4-422B-B05F-E5E843BDFC8F}.Ad-Hoc|x64.Deploy.0 = Release|Any CPU
		{D5CAF5AC-5FB4-422B-B05F-E5E843BDFC8F}.Ad-Hoc|x86.ActiveCfg = Release|Any CPU
		{D5CAF5AC-5FB4-422B-B05F-E5E843BDFC8F}.Ad-Hoc|x86.Build.0 = Release|Any CPU
		{D5CAF5AC-5FB4-422B-B05F-E5E843BDFC8F}.Ad-Hoc|x86.Deploy.0 = Release|Any CPU
		{D5CAF5AC-5FB4-422B-B05F-E5E843BDFC8F}.AppStore|Any CPU.ActiveCfg = Release|Any CPU
		{D5CAF5AC-5FB4-422B-B05F-E5E843BDFC8F}.AppStore|Any CPU.Build.0 = Release|Any CPU
		{D5CAF5AC-5FB4-422B-B05F-E5E843BDFC8F}.AppStore|Any CPU.Deploy.0 = Release|Any CPU
		{D5CAF5AC-5FB4-422B-B05F-E5E843BDFC8F}.AppStore|ARM.ActiveCfg = Release|Any CPU
		{D5CAF5AC-5FB4-422B-B05F-E5E843BDFC8F}.AppStore|ARM.Build.0 = Release|Any CPU
		{D5CAF5AC-5FB4-422B-B05F-E5E843BDFC8F}.AppStore|ARM.Deploy.0 = Release|Any CPU
		{D5CAF5AC-5FB4-422B-B05F-E5E843BDFC8F}.AppStore|iPhone.ActiveCfg = Release|Any CPU
		{D5CAF5AC-5FB4-422B-B05F-E5E843BDFC8F}.AppStore|iPhone.Build.0 = Release|Any CPU
		{D5CAF5AC-5FB4-422B-B05F-E5E843BDFC8F}.AppStore|iPhone.Deploy.0 = Release|Any CPU
		{D5CAF5AC-5FB4-422B-B05F-E5E843BDFC8F}.AppStore|iPhoneSimulator.ActiveCfg = Release|Any CPU
		{D5CAF5AC-5FB4-422B-B05F-E5E843BDFC8F}.AppStore|iPhoneSimulator.Build.0 = Release|Any CPU
		{D5CAF5AC-5FB4-422B-B05F-E5E843BDFC8F}.AppStore|iPhoneSimulator.Deploy.0 = Release|Any CPU
		{D5CAF5AC-5FB4-422B-B05F-E5E843BDFC8F}.AppStore|x64.ActiveCfg = Release|Any CPU
		{D5CAF5AC-5FB4-422B-B05F-E5E843BDFC8F}.AppStore|x64.Build.0 = Release|Any CPU
		{D5CAF5AC-5FB4-422B-B05F-E5E843BDFC8F}.AppStore|x64.Deploy.0 = Release|Any CPU
		{D5CAF5AC-5FB4-422B-B05F-E5E843BDFC8F}.AppStore|x86.ActiveCfg = Release|Any CPU
		{D5CAF5AC-5FB4-422B-B05F-E5E843BDFC8F}.AppStore|x86.Build.0 = Release|Any CPU
		{D5CAF5AC-5FB4-422B-B05F-E5E843BDFC8F}.AppStore|x86.Deploy.0 = Release|Any CPU
		{D5CAF5AC-5FB4-422B-B05F-E5E843BDFC8F}.Debug|Any CPU.ActiveCfg = Debug|Any CPU
		{D5CAF5AC-5FB4-422B-B05F-E5E843BDFC8F}.Debug|Any CPU.Build.0 = Debug|Any CPU
		{D5CAF5AC-5FB4-422B-B05F-E5E843BDFC8F}.Debug|Any CPU.Deploy.0 = Debug|Any CPU
		{D5CAF5AC-5FB4-422B-B05F-E5E843BDFC8F}.Debug|ARM.ActiveCfg = Debug|Any CPU
		{D5CAF5AC-5FB4-422B-B05F-E5E843BDFC8F}.Debug|ARM.Build.0 = Debug|Any CPU
		{D5CAF5AC-5FB4-422B-B05F-E5E843BDFC8F}.Debug|ARM.Deploy.0 = Debug|Any CPU
		{D5CAF5AC-5FB4-422B-B05F-E5E843BDFC8F}.Debug|iPhone.ActiveCfg = Debug|Any CPU
		{D5CAF5AC-5FB4-422B-B05F-E5E843BDFC8F}.Debug|iPhone.Build.0 = Debug|Any CPU
		{D5CAF5AC-5FB4-422B-B05F-E5E843BDFC8F}.Debug|iPhone.Deploy.0 = Debug|Any CPU
		{D5CAF5AC-5FB4-422B-B05F-E5E843BDFC8F}.Debug|iPhoneSimulator.ActiveCfg = Debug|Any CPU
		{D5CAF5AC-5FB4-422B-B05F-E5E843BDFC8F}.Debug|iPhoneSimulator.Build.0 = Debug|Any CPU
		{D5CAF5AC-5FB4-422B-B05F-E5E843BDFC8F}.Debug|iPhoneSimulator.Deploy.0 = Debug|Any CPU
		{D5CAF5AC-5FB4-422B-B05F-E5E843BDFC8F}.Debug|x64.ActiveCfg = Debug|Any CPU
		{D5CAF5AC-5FB4-422B-B05F-E5E843BDFC8F}.Debug|x64.Build.0 = Debug|Any CPU
		{D5CAF5AC-5FB4-422B-B05F-E5E843BDFC8F}.Debug|x64.Deploy.0 = Debug|Any CPU
		{D5CAF5AC-5FB4-422B-B05F-E5E843BDFC8F}.Debug|x86.ActiveCfg = Debug|Any CPU
		{D5CAF5AC-5FB4-422B-B05F-E5E843BDFC8F}.Debug|x86.Build.0 = Debug|Any CPU
		{D5CAF5AC-5FB4-422B-B05F-E5E843BDFC8F}.Debug|x86.Deploy.0 = Debug|Any CPU
		{D5CAF5AC-5FB4-422B-B05F-E5E843BDFC8F}.Release|Any CPU.ActiveCfg = Release|Any CPU
		{D5CAF5AC-5FB4-422B-B05F-E5E843BDFC8F}.Release|Any CPU.Build.0 = Release|Any CPU
		{D5CAF5AC-5FB4-422B-B05F-E5E843BDFC8F}.Release|Any CPU.Deploy.0 = Release|Any CPU
		{D5CAF5AC-5FB4-422B-B05F-E5E843BDFC8F}.Release|ARM.ActiveCfg = Release|Any CPU
		{D5CAF5AC-5FB4-422B-B05F-E5E843BDFC8F}.Release|ARM.Build.0 = Release|Any CPU
		{D5CAF5AC-5FB4-422B-B05F-E5E843BDFC8F}.Release|ARM.Deploy.0 = Release|Any CPU
		{D5CAF5AC-5FB4-422B-B05F-E5E843BDFC8F}.Release|iPhone.ActiveCfg = Release|Any CPU
		{D5CAF5AC-5FB4-422B-B05F-E5E843BDFC8F}.Release|iPhone.Build.0 = Release|Any CPU
		{D5CAF5AC-5FB4-422B-B05F-E5E843BDFC8F}.Release|iPhone.Deploy.0 = Release|Any CPU
		{D5CAF5AC-5FB4-422B-B05F-E5E843BDFC8F}.Release|iPhoneSimulator.ActiveCfg = Release|Any CPU
		{D5CAF5AC-5FB4-422B-B05F-E5E843BDFC8F}.Release|iPhoneSimulator.Build.0 = Release|Any CPU
		{D5CAF5AC-5FB4-422B-B05F-E5E843BDFC8F}.Release|iPhoneSimulator.Deploy.0 = Release|Any CPU
		{D5CAF5AC-5FB4-422B-B05F-E5E843BDFC8F}.Release|x64.ActiveCfg = Release|Any CPU
		{D5CAF5AC-5FB4-422B-B05F-E5E843BDFC8F}.Release|x64.Build.0 = Release|Any CPU
		{D5CAF5AC-5FB4-422B-B05F-E5E843BDFC8F}.Release|x64.Deploy.0 = Release|Any CPU
		{D5CAF5AC-5FB4-422B-B05F-E5E843BDFC8F}.Release|x86.ActiveCfg = Release|Any CPU
		{D5CAF5AC-5FB4-422B-B05F-E5E843BDFC8F}.Release|x86.Build.0 = Release|Any CPU
		{D5CAF5AC-5FB4-422B-B05F-E5E843BDFC8F}.Release|x86.Deploy.0 = Release|Any CPU
		{82F09900-DEFB-4B90-A5E4-0125FB5ADE6B}.Ad-Hoc|Any CPU.ActiveCfg = Ad-Hoc|iPhone
		{82F09900-DEFB-4B90-A5E4-0125FB5ADE6B}.Ad-Hoc|ARM.ActiveCfg = Ad-Hoc|iPhone
		{82F09900-DEFB-4B90-A5E4-0125FB5ADE6B}.Ad-Hoc|iPhone.ActiveCfg = Ad-Hoc|iPhone
		{82F09900-DEFB-4B90-A5E4-0125FB5ADE6B}.Ad-Hoc|iPhone.Build.0 = Ad-Hoc|iPhone
		{82F09900-DEFB-4B90-A5E4-0125FB5ADE6B}.Ad-Hoc|iPhoneSimulator.ActiveCfg = Ad-Hoc|iPhoneSimulator
		{82F09900-DEFB-4B90-A5E4-0125FB5ADE6B}.Ad-Hoc|iPhoneSimulator.Build.0 = Ad-Hoc|iPhoneSimulator
		{82F09900-DEFB-4B90-A5E4-0125FB5ADE6B}.Ad-Hoc|x64.ActiveCfg = Ad-Hoc|iPhone
		{82F09900-DEFB-4B90-A5E4-0125FB5ADE6B}.Ad-Hoc|x86.ActiveCfg = Ad-Hoc|iPhone
		{82F09900-DEFB-4B90-A5E4-0125FB5ADE6B}.AppStore|Any CPU.ActiveCfg = AppStore|iPhone
		{82F09900-DEFB-4B90-A5E4-0125FB5ADE6B}.AppStore|ARM.ActiveCfg = AppStore|iPhone
		{82F09900-DEFB-4B90-A5E4-0125FB5ADE6B}.AppStore|iPhone.ActiveCfg = AppStore|iPhone
		{82F09900-DEFB-4B90-A5E4-0125FB5ADE6B}.AppStore|iPhone.Build.0 = AppStore|iPhone
		{82F09900-DEFB-4B90-A5E4-0125FB5ADE6B}.AppStore|iPhoneSimulator.ActiveCfg = AppStore|iPhoneSimulator
		{82F09900-DEFB-4B90-A5E4-0125FB5ADE6B}.AppStore|iPhoneSimulator.Build.0 = AppStore|iPhoneSimulator
		{82F09900-DEFB-4B90-A5E4-0125FB5ADE6B}.AppStore|x64.ActiveCfg = AppStore|iPhone
		{82F09900-DEFB-4B90-A5E4-0125FB5ADE6B}.AppStore|x86.ActiveCfg = AppStore|iPhone
		{82F09900-DEFB-4B90-A5E4-0125FB5ADE6B}.Debug|Any CPU.ActiveCfg = Debug|iPhone
		{82F09900-DEFB-4B90-A5E4-0125FB5ADE6B}.Debug|ARM.ActiveCfg = Debug|iPhone
		{82F09900-DEFB-4B90-A5E4-0125FB5ADE6B}.Debug|iPhone.ActiveCfg = Debug|iPhone
		{82F09900-DEFB-4B90-A5E4-0125FB5ADE6B}.Debug|iPhone.Build.0 = Debug|iPhone
		{82F09900-DEFB-4B90-A5E4-0125FB5ADE6B}.Debug|iPhoneSimulator.ActiveCfg = Debug|iPhoneSimulator
		{82F09900-DEFB-4B90-A5E4-0125FB5ADE6B}.Debug|iPhoneSimulator.Build.0 = Debug|iPhoneSimulator
		{82F09900-DEFB-4B90-A5E4-0125FB5ADE6B}.Debug|x64.ActiveCfg = Debug|iPhone
		{82F09900-DEFB-4B90-A5E4-0125FB5ADE6B}.Debug|x86.ActiveCfg = Debug|iPhone
		{82F09900-DEFB-4B90-A5E4-0125FB5ADE6B}.Release|Any CPU.ActiveCfg = Release|iPhone
		{82F09900-DEFB-4B90-A5E4-0125FB5ADE6B}.Release|ARM.ActiveCfg = Release|iPhone
		{82F09900-DEFB-4B90-A5E4-0125FB5ADE6B}.Release|iPhone.ActiveCfg = Release|iPhone
		{82F09900-DEFB-4B90-A5E4-0125FB5ADE6B}.Release|iPhone.Build.0 = Release|iPhone
		{82F09900-DEFB-4B90-A5E4-0125FB5ADE6B}.Release|iPhoneSimulator.ActiveCfg = Release|iPhoneSimulator
		{82F09900-DEFB-4B90-A5E4-0125FB5ADE6B}.Release|iPhoneSimulator.Build.0 = Release|iPhoneSimulator
		{82F09900-DEFB-4B90-A5E4-0125FB5ADE6B}.Release|x64.ActiveCfg = Release|iPhone
		{82F09900-DEFB-4B90-A5E4-0125FB5ADE6B}.Release|x86.ActiveCfg = Release|iPhone
		{58BB5BBA-7598-47CA-9CEB-5CA07E4C80B5}.Ad-Hoc|Any CPU.ActiveCfg = Release|Any CPU
		{58BB5BBA-7598-47CA-9CEB-5CA07E4C80B5}.Ad-Hoc|Any CPU.Build.0 = Release|Any CPU
		{58BB5BBA-7598-47CA-9CEB-5CA07E4C80B5}.Ad-Hoc|Any CPU.Deploy.0 = Release|Any CPU
		{58BB5BBA-7598-47CA-9CEB-5CA07E4C80B5}.Ad-Hoc|ARM.ActiveCfg = Release|ARM
		{58BB5BBA-7598-47CA-9CEB-5CA07E4C80B5}.Ad-Hoc|ARM.Build.0 = Release|ARM
		{58BB5BBA-7598-47CA-9CEB-5CA07E4C80B5}.Ad-Hoc|ARM.Deploy.0 = Release|ARM
		{58BB5BBA-7598-47CA-9CEB-5CA07E4C80B5}.Ad-Hoc|iPhone.ActiveCfg = Release|Any CPU
		{58BB5BBA-7598-47CA-9CEB-5CA07E4C80B5}.Ad-Hoc|iPhone.Build.0 = Release|Any CPU
		{58BB5BBA-7598-47CA-9CEB-5CA07E4C80B5}.Ad-Hoc|iPhone.Deploy.0 = Release|Any CPU
		{58BB5BBA-7598-47CA-9CEB-5CA07E4C80B5}.Ad-Hoc|iPhoneSimulator.ActiveCfg = Release|Any CPU
		{58BB5BBA-7598-47CA-9CEB-5CA07E4C80B5}.Ad-Hoc|iPhoneSimulator.Build.0 = Release|Any CPU
		{58BB5BBA-7598-47CA-9CEB-5CA07E4C80B5}.Ad-Hoc|iPhoneSimulator.Deploy.0 = Release|Any CPU
		{58BB5BBA-7598-47CA-9CEB-5CA07E4C80B5}.Ad-Hoc|x64.ActiveCfg = Release|Any CPU
		{58BB5BBA-7598-47CA-9CEB-5CA07E4C80B5}.Ad-Hoc|x64.Build.0 = Release|Any CPU
		{58BB5BBA-7598-47CA-9CEB-5CA07E4C80B5}.Ad-Hoc|x64.Deploy.0 = Release|Any CPU
		{58BB5BBA-7598-47CA-9CEB-5CA07E4C80B5}.Ad-Hoc|x86.ActiveCfg = Release|x86
		{58BB5BBA-7598-47CA-9CEB-5CA07E4C80B5}.Ad-Hoc|x86.Build.0 = Release|x86
		{58BB5BBA-7598-47CA-9CEB-5CA07E4C80B5}.Ad-Hoc|x86.Deploy.0 = Release|x86
		{58BB5BBA-7598-47CA-9CEB-5CA07E4C80B5}.AppStore|Any CPU.ActiveCfg = Release|Any CPU
		{58BB5BBA-7598-47CA-9CEB-5CA07E4C80B5}.AppStore|Any CPU.Build.0 = Release|Any CPU
		{58BB5BBA-7598-47CA-9CEB-5CA07E4C80B5}.AppStore|Any CPU.Deploy.0 = Release|Any CPU
		{58BB5BBA-7598-47CA-9CEB-5CA07E4C80B5}.AppStore|ARM.ActiveCfg = Release|ARM
		{58BB5BBA-7598-47CA-9CEB-5CA07E4C80B5}.AppStore|ARM.Build.0 = Release|ARM
		{58BB5BBA-7598-47CA-9CEB-5CA07E4C80B5}.AppStore|ARM.Deploy.0 = Release|ARM
		{58BB5BBA-7598-47CA-9CEB-5CA07E4C80B5}.AppStore|iPhone.ActiveCfg = Release|Any CPU
		{58BB5BBA-7598-47CA-9CEB-5CA07E4C80B5}.AppStore|iPhone.Build.0 = Release|Any CPU
		{58BB5BBA-7598-47CA-9CEB-5CA07E4C80B5}.AppStore|iPhone.Deploy.0 = Release|Any CPU
		{58BB5BBA-7598-47CA-9CEB-5CA07E4C80B5}.AppStore|iPhoneSimulator.ActiveCfg = Release|Any CPU
		{58BB5BBA-7598-47CA-9CEB-5CA07E4C80B5}.AppStore|iPhoneSimulator.Build.0 = Release|Any CPU
		{58BB5BBA-7598-47CA-9CEB-5CA07E4C80B5}.AppStore|iPhoneSimulator.Deploy.0 = Release|Any CPU
		{58BB5BBA-7598-47CA-9CEB-5CA07E4C80B5}.AppStore|x64.ActiveCfg = Release|Any CPU
		{58BB5BBA-7598-47CA-9CEB-5CA07E4C80B5}.AppStore|x64.Build.0 = Release|Any CPU
		{58BB5BBA-7598-47CA-9CEB-5CA07E4C80B5}.AppStore|x64.Deploy.0 = Release|Any CPU
		{58BB5BBA-7598-47CA-9CEB-5CA07E4C80B5}.AppStore|x86.ActiveCfg = Release|x86
		{58BB5BBA-7598-47CA-9CEB-5CA07E4C80B5}.AppStore|x86.Build.0 = Release|x86
		{58BB5BBA-7598-47CA-9CEB-5CA07E4C80B5}.AppStore|x86.Deploy.0 = Release|x86
		{58BB5BBA-7598-47CA-9CEB-5CA07E4C80B5}.Debug|Any CPU.ActiveCfg = Debug|Any CPU
		{58BB5BBA-7598-47CA-9CEB-5CA07E4C80B5}.Debug|Any CPU.Build.0 = Debug|Any CPU
		{58BB5BBA-7598-47CA-9CEB-5CA07E4C80B5}.Debug|Any CPU.Deploy.0 = Debug|Any CPU
		{58BB5BBA-7598-47CA-9CEB-5CA07E4C80B5}.Debug|ARM.ActiveCfg = Debug|ARM
		{58BB5BBA-7598-47CA-9CEB-5CA07E4C80B5}.Debug|ARM.Build.0 = Debug|ARM
		{58BB5BBA-7598-47CA-9CEB-5CA07E4C80B5}.Debug|ARM.Deploy.0 = Debug|ARM
		{58BB5BBA-7598-47CA-9CEB-5CA07E4C80B5}.Debug|iPhone.ActiveCfg = Debug|Any CPU
		{58BB5BBA-7598-47CA-9CEB-5CA07E4C80B5}.Debug|iPhone.Build.0 = Debug|Any CPU
		{58BB5BBA-7598-47CA-9CEB-5CA07E4C80B5}.Debug|iPhone.Deploy.0 = Debug|Any CPU
		{58BB5BBA-7598-47CA-9CEB-5CA07E4C80B5}.Debug|iPhoneSimulator.ActiveCfg = Debug|Any CPU
		{58BB5BBA-7598-47CA-9CEB-5CA07E4C80B5}.Debug|iPhoneSimulator.Build.0 = Debug|Any CPU
		{58BB5BBA-7598-47CA-9CEB-5CA07E4C80B5}.Debug|iPhoneSimulator.Deploy.0 = Debug|Any CPU
		{58BB5BBA-7598-47CA-9CEB-5CA07E4C80B5}.Debug|x64.ActiveCfg = Debug|Any CPU
		{58BB5BBA-7598-47CA-9CEB-5CA07E4C80B5}.Debug|x64.Build.0 = Debug|Any CPU
		{58BB5BBA-7598-47CA-9CEB-5CA07E4C80B5}.Debug|x64.Deploy.0 = Debug|Any CPU
		{58BB5BBA-7598-47CA-9CEB-5CA07E4C80B5}.Debug|x86.ActiveCfg = Debug|x86
		{58BB5BBA-7598-47CA-9CEB-5CA07E4C80B5}.Debug|x86.Build.0 = Debug|x86
		{58BB5BBA-7598-47CA-9CEB-5CA07E4C80B5}.Debug|x86.Deploy.0 = Debug|x86
		{58BB5BBA-7598-47CA-9CEB-5CA07E4C80B5}.Release|Any CPU.ActiveCfg = Release|Any CPU
		{58BB5BBA-7598-47CA-9CEB-5CA07E4C80B5}.Release|Any CPU.Build.0 = Release|Any CPU
		{58BB5BBA-7598-47CA-9CEB-5CA07E4C80B5}.Release|Any CPU.Deploy.0 = Release|Any CPU
		{58BB5BBA-7598-47CA-9CEB-5CA07E4C80B5}.Release|ARM.ActiveCfg = Release|ARM
		{58BB5BBA-7598-47CA-9CEB-5CA07E4C80B5}.Release|ARM.Build.0 = Release|ARM
		{58BB5BBA-7598-47CA-9CEB-5CA07E4C80B5}.Release|ARM.Deploy.0 = Release|ARM
		{58BB5BBA-7598-47CA-9CEB-5CA07E4C80B5}.Release|iPhone.ActiveCfg = Release|Any CPU
		{58BB5BBA-7598-47CA-9CEB-5CA07E4C80B5}.Release|iPhone.Build.0 = Release|Any CPU
		{58BB5BBA-7598-47CA-9CEB-5CA07E4C80B5}.Release|iPhone.Deploy.0 = Release|Any CPU
		{58BB5BBA-7598-47CA-9CEB-5CA07E4C80B5}.Release|iPhoneSimulator.ActiveCfg = Release|Any CPU
		{58BB5BBA-7598-47CA-9CEB-5CA07E4C80B5}.Release|iPhoneSimulator.Build.0 = Release|Any CPU
		{58BB5BBA-7598-47CA-9CEB-5CA07E4C80B5}.Release|iPhoneSimulator.Deploy.0 = Release|Any CPU
		{58BB5BBA-7598-47CA-9CEB-5CA07E4C80B5}.Release|x64.ActiveCfg = Release|Any CPU
		{58BB5BBA-7598-47CA-9CEB-5CA07E4C80B5}.Release|x64.Build.0 = Release|Any CPU
		{58BB5BBA-7598-47CA-9CEB-5CA07E4C80B5}.Release|x64.Deploy.0 = Release|Any CPU
		{58BB5BBA-7598-47CA-9CEB-5CA07E4C80B5}.Release|x86.ActiveCfg = Release|x86
		{58BB5BBA-7598-47CA-9CEB-5CA07E4C80B5}.Release|x86.Build.0 = Release|x86
		{58BB5BBA-7598-47CA-9CEB-5CA07E4C80B5}.Release|x86.Deploy.0 = Release|x86
		{B48C113A-7431-42F8-82E5-162D98142B0E}.Ad-Hoc|Any CPU.ActiveCfg = Release|x86
		{B48C113A-7431-42F8-82E5-162D98142B0E}.Ad-Hoc|Any CPU.Build.0 = Release|x86
		{B48C113A-7431-42F8-82E5-162D98142B0E}.Ad-Hoc|Any CPU.Deploy.0 = Release|x86
		{B48C113A-7431-42F8-82E5-162D98142B0E}.Ad-Hoc|ARM.ActiveCfg = Release|ARM
		{B48C113A-7431-42F8-82E5-162D98142B0E}.Ad-Hoc|ARM.Build.0 = Release|ARM
		{B48C113A-7431-42F8-82E5-162D98142B0E}.Ad-Hoc|ARM.Deploy.0 = Release|ARM
		{B48C113A-7431-42F8-82E5-162D98142B0E}.Ad-Hoc|iPhone.ActiveCfg = Release|x86
		{B48C113A-7431-42F8-82E5-162D98142B0E}.Ad-Hoc|iPhone.Build.0 = Release|x86
		{B48C113A-7431-42F8-82E5-162D98142B0E}.Ad-Hoc|iPhone.Deploy.0 = Release|x86
		{B48C113A-7431-42F8-82E5-162D98142B0E}.Ad-Hoc|iPhoneSimulator.ActiveCfg = Release|x86
		{B48C113A-7431-42F8-82E5-162D98142B0E}.Ad-Hoc|iPhoneSimulator.Build.0 = Release|x86
		{B48C113A-7431-42F8-82E5-162D98142B0E}.Ad-Hoc|iPhoneSimulator.Deploy.0 = Release|x86
		{B48C113A-7431-42F8-82E5-162D98142B0E}.Ad-Hoc|x64.ActiveCfg = Release|x64
		{B48C113A-7431-42F8-82E5-162D98142B0E}.Ad-Hoc|x64.Build.0 = Release|x64
		{B48C113A-7431-42F8-82E5-162D98142B0E}.Ad-Hoc|x64.Deploy.0 = Release|x64
		{B48C113A-7431-42F8-82E5-162D98142B0E}.Ad-Hoc|x86.ActiveCfg = Release|x86
		{B48C113A-7431-42F8-82E5-162D98142B0E}.Ad-Hoc|x86.Build.0 = Release|x86
		{B48C113A-7431-42F8-82E5-162D98142B0E}.Ad-Hoc|x86.Deploy.0 = Release|x86
		{B48C113A-7431-42F8-82E5-162D98142B0E}.AppStore|Any CPU.ActiveCfg = Release|x86
		{B48C113A-7431-42F8-82E5-162D98142B0E}.AppStore|Any CPU.Build.0 = Release|x86
		{B48C113A-7431-42F8-82E5-162D98142B0E}.AppStore|Any CPU.Deploy.0 = Release|x86
		{B48C113A-7431-42F8-82E5-162D98142B0E}.AppStore|ARM.ActiveCfg = Release|ARM
		{B48C113A-7431-42F8-82E5-162D98142B0E}.AppStore|ARM.Build.0 = Release|ARM
		{B48C113A-7431-42F8-82E5-162D98142B0E}.AppStore|ARM.Deploy.0 = Release|ARM
		{B48C113A-7431-42F8-82E5-162D98142B0E}.AppStore|iPhone.ActiveCfg = Release|x86
		{B48C113A-7431-42F8-82E5-162D98142B0E}.AppStore|iPhone.Build.0 = Release|x86
		{B48C113A-7431-42F8-82E5-162D98142B0E}.AppStore|iPhone.Deploy.0 = Release|x86
		{B48C113A-7431-42F8-82E5-162D98142B0E}.AppStore|iPhoneSimulator.ActiveCfg = Release|x86
		{B48C113A-7431-42F8-82E5-162D98142B0E}.AppStore|iPhoneSimulator.Build.0 = Release|x86
		{B48C113A-7431-42F8-82E5-162D98142B0E}.AppStore|iPhoneSimulator.Deploy.0 = Release|x86
		{B48C113A-7431-42F8-82E5-162D98142B0E}.AppStore|x64.ActiveCfg = Release|x64
		{B48C113A-7431-42F8-82E5-162D98142B0E}.AppStore|x64.Build.0 = Release|x64
		{B48C113A-7431-42F8-82E5-162D98142B0E}.AppStore|x64.Deploy.0 = Release|x64
		{B48C113A-7431-42F8-82E5-162D98142B0E}.AppStore|x86.ActiveCfg = Release|x86
		{B48C113A-7431-42F8-82E5-162D98142B0E}.AppStore|x86.Build.0 = Release|x86
		{B48C113A-7431-42F8-82E5-162D98142B0E}.AppStore|x86.Deploy.0 = Release|x86
		{B48C113A-7431-42F8-82E5-162D98142B0E}.Debug|Any CPU.ActiveCfg = Debug|x86
		{B48C113A-7431-42F8-82E5-162D98142B0E}.Debug|ARM.ActiveCfg = Debug|ARM
		{B48C113A-7431-42F8-82E5-162D98142B0E}.Debug|ARM.Build.0 = Debug|ARM
		{B48C113A-7431-42F8-82E5-162D98142B0E}.Debug|ARM.Deploy.0 = Debug|ARM
		{B48C113A-7431-42F8-82E5-162D98142B0E}.Debug|iPhone.ActiveCfg = Debug|x86
		{B48C113A-7431-42F8-82E5-162D98142B0E}.Debug|iPhoneSimulator.ActiveCfg = Debug|x86
		{B48C113A-7431-42F8-82E5-162D98142B0E}.Debug|x64.ActiveCfg = Debug|x64
		{B48C113A-7431-42F8-82E5-162D98142B0E}.Debug|x64.Build.0 = Debug|x64
		{B48C113A-7431-42F8-82E5-162D98142B0E}.Debug|x64.Deploy.0 = Debug|x64
		{B48C113A-7431-42F8-82E5-162D98142B0E}.Debug|x86.ActiveCfg = Debug|x86
		{B48C113A-7431-42F8-82E5-162D98142B0E}.Debug|x86.Build.0 = Debug|x86
		{B48C113A-7431-42F8-82E5-162D98142B0E}.Debug|x86.Deploy.0 = Debug|x86
		{B48C113A-7431-42F8-82E5-162D98142B0E}.Release|Any CPU.ActiveCfg = Release|x86
		{B48C113A-7431-42F8-82E5-162D98142B0E}.Release|ARM.ActiveCfg = Release|ARM
		{B48C113A-7431-42F8-82E5-162D98142B0E}.Release|ARM.Build.0 = Release|ARM
		{B48C113A-7431-42F8-82E5-162D98142B0E}.Release|ARM.Deploy.0 = Release|ARM
		{B48C113A-7431-42F8-82E5-162D98142B0E}.Release|iPhone.ActiveCfg = Release|x86
		{B48C113A-7431-42F8-82E5-162D98142B0E}.Release|iPhoneSimulator.ActiveCfg = Release|x86
		{B48C113A-7431-42F8-82E5-162D98142B0E}.Release|x64.ActiveCfg = Release|x64
		{B48C113A-7431-42F8-82E5-162D98142B0E}.Release|x64.Build.0 = Release|x64
		{B48C113A-7431-42F8-82E5-162D98142B0E}.Release|x64.Deploy.0 = Release|x64
		{B48C113A-7431-42F8-82E5-162D98142B0E}.Release|x86.ActiveCfg = Release|x86
		{B48C113A-7431-42F8-82E5-162D98142B0E}.Release|x86.Build.0 = Release|x86
		{B48C113A-7431-42F8-82E5-162D98142B0E}.Release|x86.Deploy.0 = Release|x86
		{D936645A-2AE1-40D7-9ABD-4A3671F05AC0}.Ad-Hoc|Any CPU.ActiveCfg = Release|Any CPU
		{D936645A-2AE1-40D7-9ABD-4A3671F05AC0}.Ad-Hoc|Any CPU.Build.0 = Release|Any CPU
		{D936645A-2AE1-40D7-9ABD-4A3671F05AC0}.Ad-Hoc|Any CPU.Deploy.0 = Release|Any CPU
		{D936645A-2AE1-40D7-9ABD-4A3671F05AC0}.Ad-Hoc|ARM.ActiveCfg = Release|ARM
		{D936645A-2AE1-40D7-9ABD-4A3671F05AC0}.Ad-Hoc|ARM.Build.0 = Release|ARM
		{D936645A-2AE1-40D7-9ABD-4A3671F05AC0}.Ad-Hoc|ARM.Deploy.0 = Release|ARM
		{D936645A-2AE1-40D7-9ABD-4A3671F05AC0}.Ad-Hoc|iPhone.ActiveCfg = Release|Any CPU
		{D936645A-2AE1-40D7-9ABD-4A3671F05AC0}.Ad-Hoc|iPhone.Build.0 = Release|Any CPU
		{D936645A-2AE1-40D7-9ABD-4A3671F05AC0}.Ad-Hoc|iPhone.Deploy.0 = Release|Any CPU
		{D936645A-2AE1-40D7-9ABD-4A3671F05AC0}.Ad-Hoc|iPhoneSimulator.ActiveCfg = Release|Any CPU
		{D936645A-2AE1-40D7-9ABD-4A3671F05AC0}.Ad-Hoc|iPhoneSimulator.Build.0 = Release|Any CPU
		{D936645A-2AE1-40D7-9ABD-4A3671F05AC0}.Ad-Hoc|iPhoneSimulator.Deploy.0 = Release|Any CPU
		{D936645A-2AE1-40D7-9ABD-4A3671F05AC0}.Ad-Hoc|x64.ActiveCfg = Release|x64
		{D936645A-2AE1-40D7-9ABD-4A3671F05AC0}.Ad-Hoc|x64.Build.0 = Release|x64
		{D936645A-2AE1-40D7-9ABD-4A3671F05AC0}.Ad-Hoc|x64.Deploy.0 = Release|x64
		{D936645A-2AE1-40D7-9ABD-4A3671F05AC0}.Ad-Hoc|x86.ActiveCfg = Release|x86
		{D936645A-2AE1-40D7-9ABD-4A3671F05AC0}.Ad-Hoc|x86.Build.0 = Release|x86
		{D936645A-2AE1-40D7-9ABD-4A3671F05AC0}.Ad-Hoc|x86.Deploy.0 = Release|x86
		{D936645A-2AE1-40D7-9ABD-4A3671F05AC0}.AppStore|Any CPU.ActiveCfg = Release|Any CPU
		{D936645A-2AE1-40D7-9ABD-4A3671F05AC0}.AppStore|Any CPU.Build.0 = Release|Any CPU
		{D936645A-2AE1-40D7-9ABD-4A3671F05AC0}.AppStore|Any CPU.Deploy.0 = Release|Any CPU
		{D936645A-2AE1-40D7-9ABD-4A3671F05AC0}.AppStore|ARM.ActiveCfg = Release|ARM
		{D936645A-2AE1-40D7-9ABD-4A3671F05AC0}.AppStore|ARM.Build.0 = Release|ARM
		{D936645A-2AE1-40D7-9ABD-4A3671F05AC0}.AppStore|ARM.Deploy.0 = Release|ARM
		{D936645A-2AE1-40D7-9ABD-4A3671F05AC0}.AppStore|iPhone.ActiveCfg = Release|Any CPU
		{D936645A-2AE1-40D7-9ABD-4A3671F05AC0}.AppStore|iPhone.Build.0 = Release|Any CPU
		{D936645A-2AE1-40D7-9ABD-4A3671F05AC0}.AppStore|iPhone.Deploy.0 = Release|Any CPU
		{D936645A-2AE1-40D7-9ABD-4A3671F05AC0}.AppStore|iPhoneSimulator.ActiveCfg = Release|Any CPU
		{D936645A-2AE1-40D7-9ABD-4A3671F05AC0}.AppStore|iPhoneSimulator.Build.0 = Release|Any CPU
		{D936645A-2AE1-40D7-9ABD-4A3671F05AC0}.AppStore|iPhoneSimulator.Deploy.0 = Release|Any CPU
		{D936645A-2AE1-40D7-9ABD-4A3671F05AC0}.AppStore|x64.ActiveCfg = Release|x64
		{D936645A-2AE1-40D7-9ABD-4A3671F05AC0}.AppStore|x64.Build.0 = Release|x64
		{D936645A-2AE1-40D7-9ABD-4A3671F05AC0}.AppStore|x64.Deploy.0 = Release|x64
		{D936645A-2AE1-40D7-9ABD-4A3671F05AC0}.AppStore|x86.ActiveCfg = Release|x86
		{D936645A-2AE1-40D7-9ABD-4A3671F05AC0}.AppStore|x86.Build.0 = Release|x86
		{D936645A-2AE1-40D7-9ABD-4A3671F05AC0}.AppStore|x86.Deploy.0 = Release|x86
		{D936645A-2AE1-40D7-9ABD-4A3671F05AC0}.Debug|Any CPU.ActiveCfg = Debug|Any CPU
		{D936645A-2AE1-40D7-9ABD-4A3671F05AC0}.Debug|Any CPU.Build.0 = Debug|Any CPU
		{D936645A-2AE1-40D7-9ABD-4A3671F05AC0}.Debug|Any CPU.Deploy.0 = Debug|Any CPU
		{D936645A-2AE1-40D7-9ABD-4A3671F05AC0}.Debug|ARM.ActiveCfg = Debug|ARM
		{D936645A-2AE1-40D7-9ABD-4A3671F05AC0}.Debug|ARM.Build.0 = Debug|ARM
		{D936645A-2AE1-40D7-9ABD-4A3671F05AC0}.Debug|ARM.Deploy.0 = Debug|ARM
		{D936645A-2AE1-40D7-9ABD-4A3671F05AC0}.Debug|iPhone.ActiveCfg = Debug|Any CPU
		{D936645A-2AE1-40D7-9ABD-4A3671F05AC0}.Debug|iPhone.Build.0 = Debug|Any CPU
		{D936645A-2AE1-40D7-9ABD-4A3671F05AC0}.Debug|iPhone.Deploy.0 = Debug|Any CPU
		{D936645A-2AE1-40D7-9ABD-4A3671F05AC0}.Debug|iPhoneSimulator.ActiveCfg = Debug|Any CPU
		{D936645A-2AE1-40D7-9ABD-4A3671F05AC0}.Debug|iPhoneSimulator.Build.0 = Debug|Any CPU
		{D936645A-2AE1-40D7-9ABD-4A3671F05AC0}.Debug|iPhoneSimulator.Deploy.0 = Debug|Any CPU
		{D936645A-2AE1-40D7-9ABD-4A3671F05AC0}.Debug|x64.ActiveCfg = Debug|x64
		{D936645A-2AE1-40D7-9ABD-4A3671F05AC0}.Debug|x64.Build.0 = Debug|x64
		{D936645A-2AE1-40D7-9ABD-4A3671F05AC0}.Debug|x64.Deploy.0 = Debug|x64
		{D936645A-2AE1-40D7-9ABD-4A3671F05AC0}.Debug|x86.ActiveCfg = Debug|x86
		{D936645A-2AE1-40D7-9ABD-4A3671F05AC0}.Debug|x86.Build.0 = Debug|x86
		{D936645A-2AE1-40D7-9ABD-4A3671F05AC0}.Debug|x86.Deploy.0 = Debug|x86
		{D936645A-2AE1-40D7-9ABD-4A3671F05AC0}.Release|Any CPU.ActiveCfg = Release|Any CPU
		{D936645A-2AE1-40D7-9ABD-4A3671F05AC0}.Release|Any CPU.Build.0 = Release|Any CPU
		{D936645A-2AE1-40D7-9ABD-4A3671F05AC0}.Release|Any CPU.Deploy.0 = Release|Any CPU
		{D936645A-2AE1-40D7-9ABD-4A3671F05AC0}.Release|ARM.ActiveCfg = Release|ARM
		{D936645A-2AE1-40D7-9ABD-4A3671F05AC0}.Release|ARM.Build.0 = Release|ARM
		{D936645A-2AE1-40D7-9ABD-4A3671F05AC0}.Release|ARM.Deploy.0 = Release|ARM
		{D936645A-2AE1-40D7-9ABD-4A3671F05AC0}.Release|iPhone.ActiveCfg = Release|Any CPU
		{D936645A-2AE1-40D7-9ABD-4A3671F05AC0}.Release|iPhone.Build.0 = Release|Any CPU
		{D936645A-2AE1-40D7-9ABD-4A3671F05AC0}.Release|iPhone.Deploy.0 = Release|Any CPU
		{D936645A-2AE1-40D7-9ABD-4A3671F05AC0}.Release|iPhoneSimulator.ActiveCfg = Release|Any CPU
		{D936645A-2AE1-40D7-9ABD-4A3671F05AC0}.Release|iPhoneSimulator.Build.0 = Release|Any CPU
		{D936645A-2AE1-40D7-9ABD-4A3671F05AC0}.Release|iPhoneSimulator.Deploy.0 = Release|Any CPU
		{D936645A-2AE1-40D7-9ABD-4A3671F05AC0}.Release|x64.ActiveCfg = Release|x64
		{D936645A-2AE1-40D7-9ABD-4A3671F05AC0}.Release|x64.Build.0 = Release|x64
		{D936645A-2AE1-40D7-9ABD-4A3671F05AC0}.Release|x64.Deploy.0 = Release|x64
		{D936645A-2AE1-40D7-9ABD-4A3671F05AC0}.Release|x86.ActiveCfg = Release|x86
		{D936645A-2AE1-40D7-9ABD-4A3671F05AC0}.Release|x86.Build.0 = Release|x86
		{D936645A-2AE1-40D7-9ABD-4A3671F05AC0}.Release|x86.Deploy.0 = Release|x86
		{729407BF-1968-4057-A4A2-1CD73A23B78D}.Ad-Hoc|Any CPU.ActiveCfg = Release|Any CPU
		{729407BF-1968-4057-A4A2-1CD73A23B78D}.Ad-Hoc|Any CPU.Build.0 = Release|Any CPU
		{729407BF-1968-4057-A4A2-1CD73A23B78D}.Ad-Hoc|ARM.ActiveCfg = Release|Any CPU
		{729407BF-1968-4057-A4A2-1CD73A23B78D}.Ad-Hoc|ARM.Build.0 = Release|Any CPU
		{729407BF-1968-4057-A4A2-1CD73A23B78D}.Ad-Hoc|iPhone.ActiveCfg = Release|Any CPU
		{729407BF-1968-4057-A4A2-1CD73A23B78D}.Ad-Hoc|iPhone.Build.0 = Release|Any CPU
		{729407BF-1968-4057-A4A2-1CD73A23B78D}.Ad-Hoc|iPhoneSimulator.ActiveCfg = Release|Any CPU
		{729407BF-1968-4057-A4A2-1CD73A23B78D}.Ad-Hoc|iPhoneSimulator.Build.0 = Release|Any CPU
		{729407BF-1968-4057-A4A2-1CD73A23B78D}.Ad-Hoc|x64.ActiveCfg = Release|Any CPU
		{729407BF-1968-4057-A4A2-1CD73A23B78D}.Ad-Hoc|x64.Build.0 = Release|Any CPU
		{729407BF-1968-4057-A4A2-1CD73A23B78D}.Ad-Hoc|x86.ActiveCfg = Release|Any CPU
		{729407BF-1968-4057-A4A2-1CD73A23B78D}.Ad-Hoc|x86.Build.0 = Release|Any CPU
		{729407BF-1968-4057-A4A2-1CD73A23B78D}.AppStore|Any CPU.ActiveCfg = Release|Any CPU
		{729407BF-1968-4057-A4A2-1CD73A23B78D}.AppStore|Any CPU.Build.0 = Release|Any CPU
		{729407BF-1968-4057-A4A2-1CD73A23B78D}.AppStore|ARM.ActiveCfg = Release|Any CPU
		{729407BF-1968-4057-A4A2-1CD73A23B78D}.AppStore|ARM.Build.0 = Release|Any CPU
		{729407BF-1968-4057-A4A2-1CD73A23B78D}.AppStore|iPhone.ActiveCfg = Release|Any CPU
		{729407BF-1968-4057-A4A2-1CD73A23B78D}.AppStore|iPhone.Build.0 = Release|Any CPU
		{729407BF-1968-4057-A4A2-1CD73A23B78D}.AppStore|iPhoneSimulator.ActiveCfg = Release|Any CPU
		{729407BF-1968-4057-A4A2-1CD73A23B78D}.AppStore|iPhoneSimulator.Build.0 = Release|Any CPU
		{729407BF-1968-4057-A4A2-1CD73A23B78D}.AppStore|x64.ActiveCfg = Release|Any CPU
		{729407BF-1968-4057-A4A2-1CD73A23B78D}.AppStore|x64.Build.0 = Release|Any CPU
		{729407BF-1968-4057-A4A2-1CD73A23B78D}.AppStore|x86.ActiveCfg = Release|Any CPU
		{729407BF-1968-4057-A4A2-1CD73A23B78D}.AppStore|x86.Build.0 = Release|Any CPU
		{729407BF-1968-4057-A4A2-1CD73A23B78D}.Debug|Any CPU.ActiveCfg = Debug|Any CPU
		{729407BF-1968-4057-A4A2-1CD73A23B78D}.Debug|Any CPU.Build.0 = Debug|Any CPU
		{729407BF-1968-4057-A4A2-1CD73A23B78D}.Debug|ARM.ActiveCfg = Debug|Any CPU
		{729407BF-1968-4057-A4A2-1CD73A23B78D}.Debug|ARM.Build.0 = Debug|Any CPU
		{729407BF-1968-4057-A4A2-1CD73A23B78D}.Debug|iPhone.ActiveCfg = Debug|Any CPU
		{729407BF-1968-4057-A4A2-1CD73A23B78D}.Debug|iPhone.Build.0 = Debug|Any CPU
		{729407BF-1968-4057-A4A2-1CD73A23B78D}.Debug|iPhoneSimulator.ActiveCfg = Debug|Any CPU
		{729407BF-1968-4057-A4A2-1CD73A23B78D}.Debug|iPhoneSimulator.Build.0 = Debug|Any CPU
		{729407BF-1968-4057-A4A2-1CD73A23B78D}.Debug|x64.ActiveCfg = Debug|Any CPU
		{729407BF-1968-4057-A4A2-1CD73A23B78D}.Debug|x64.Build.0 = Debug|Any CPU
		{729407BF-1968-4057-A4A2-1CD73A23B78D}.Debug|x86.ActiveCfg = Debug|Any CPU
		{729407BF-1968-4057-A4A2-1CD73A23B78D}.Debug|x86.Build.0 = Debug|Any CPU
		{729407BF-1968-4057-A4A2-1CD73A23B78D}.Release|Any CPU.ActiveCfg = Release|Any CPU
		{729407BF-1968-4057-A4A2-1CD73A23B78D}.Release|Any CPU.Build.0 = Release|Any CPU
		{729407BF-1968-4057-A4A2-1CD73A23B78D}.Release|ARM.ActiveCfg = Release|Any CPU
		{729407BF-1968-4057-A4A2-1CD73A23B78D}.Release|ARM.Build.0 = Release|Any CPU
		{729407BF-1968-4057-A4A2-1CD73A23B78D}.Release|iPhone.ActiveCfg = Release|Any CPU
		{729407BF-1968-4057-A4A2-1CD73A23B78D}.Release|iPhone.Build.0 = Release|Any CPU
		{729407BF-1968-4057-A4A2-1CD73A23B78D}.Release|iPhoneSimulator.ActiveCfg = Release|Any CPU
		{729407BF-1968-4057-A4A2-1CD73A23B78D}.Release|iPhoneSimulator.Build.0 = Release|Any CPU
		{729407BF-1968-4057-A4A2-1CD73A23B78D}.Release|x64.ActiveCfg = Release|Any CPU
		{729407BF-1968-4057-A4A2-1CD73A23B78D}.Release|x64.Build.0 = Release|Any CPU
		{729407BF-1968-4057-A4A2-1CD73A23B78D}.Release|x86.ActiveCfg = Release|Any CPU
		{729407BF-1968-4057-A4A2-1CD73A23B78D}.Release|x86.Build.0 = Release|Any CPU
	EndGlobalSection
	GlobalSection(SolutionProperties) = preSolution
		HideSolutionNode = FALSE
	EndGlobalSection
EndGlobal
